<?xml version="1.0" encoding="UTF-8" standalone="yes" ?>
<CodeBlocks_project_file>
	<FileVersion major="1" minor="6" />
	<Project>
		<Option title="phantom" />
		<Option pch_mode="2" />
		<Option compiler="gcc" />
		<Build>
			<Target title="Debug">
				<Option output="..\..\..\bin\codeblocks\phantom" prefix_auto="1" extension_auto="1" />
				<Option object_output="cb\obj\Debug\" />
				<Option type="3" />
				<Option compiler="gcc" />
				<Option createDefFile="1" />
				<Option createStaticLib="1" />
				<Compiler>
					<Add option="-std=c++0x" />
					<Add option="-g" />
					<Add option="-Wparentheses" />
					<Add option="-Wreorder" />
					<Add option="-Wunused-value" />
					<Add option="-Winvalid-pch" />
					<Add option="-D_PHANTOM_KERNEL" />
					<Add directory=".\pch\" />
					<Add directory="..\..\.." />
					<Add directory="$(BOOST_ROOT)" />
				</Compiler>
			</Target>
			<Target title="Release">
				<Option output="cb\bin\Release\phantom" prefix_auto="1" extension_auto="1" />
				<Option object_output="cb\obj\Release\" />
				<Option type="1" />
				<Option compiler="gcc" />
				<Compiler>
					<Add option="-O2" />
					<Add option="-std=c++0x" />
				</Compiler>
				<Linker>
					<Add option="-s" />
				</Linker>
			</Target>
		</Build>
		<Compiler>
			<Add option="-Wall" />
		</Compiler>
		<Unit filename="..\..\..\phantom\Object.classdef.h" />
		<Unit filename="..\..\..\phantom\Object.cpp" />
		<Unit filename="..\..\..\phantom\Object.h" />
		<Unit filename="..\..\..\phantom\_begin.classdef.h" />
		<Unit filename="..\..\..\phantom\_end.classdef.h" />
		<Unit filename="..\..\..\phantom\_global.classdef.h" />
		<Unit filename="..\..\..\phantom\_kernel.noclassdef.h" />
		<Unit filename="..\..\..\phantom\_user_begin.classdef.h" />
		<Unit filename="..\..\..\phantom\_user_end.classdef.h" />
		<Unit filename="..\..\..\phantom\alias.h" />
		<Unit filename="..\..\..\phantom\cfunctions.h" />
		<Unit filename="..\..\..\phantom\config.h" />
		<Unit filename="..\..\..\phantom\connection.h" />
		<Unit filename="..\..\..\phantom\console.cpp" />
		<Unit filename="..\..\..\phantom\console.h" />
		<Unit filename="..\..\..\phantom\container.h" />
		<Unit filename="..\..\..\phantom\custom.h" />
		<Unit filename="..\..\..\phantom\exceptions.h" />
		<Unit filename="..\..\..\phantom\export.h" />
		<Unit filename="..\..\..\phantom\extension.h" />
		<Unit filename="..\..\..\phantom\externals\Ogre\OgreNode.classdef.h" />
		<Unit filename="..\..\..\phantom\externals\Ogre\OgreNode.h" />
		<Unit filename="..\..\..\phantom\externals\boost\default_mutex.classdef.h" />
		<Unit filename="..\..\..\phantom\externals\boost\default_mutex.cpp" />
		<Unit filename="..\..\..\phantom\externals\boost\default_mutex.h" />
		<Unit filename="..\..\..\phantom\externals\boost\malloc_free_allocator.classdef.h" />
		<Unit filename="..\..\..\phantom\externals\boost\malloc_free_allocator.cpp" />
		<Unit filename="..\..\..\phantom\externals\boost\malloc_free_allocator.h" />
		<Unit filename="..\..\..\phantom\externals\boost\pool_allocator.classdef.h" />
		<Unit filename="..\..\..\phantom\externals\boost\pool_allocator.cpp" />
		<Unit filename="..\..\..\phantom\externals\boost\pool_allocator.h" />
		<Unit filename="..\..\..\phantom\fwd.h" />
		<Unit filename="..\..\..\phantom\information\Message.classdef.h" />
		<Unit filename="..\..\..\phantom\information\Message.cpp" />
		<Unit filename="..\..\..\phantom\information\Message.h" />
		<Unit filename="..\..\..\phantom\information\MessageStream.classdef.h" />
		<Unit filename="..\..\..\phantom\information\MessageStream.cpp" />
		<Unit filename="..\..\..\phantom\information\MessageStream.h" />
		<Unit filename="..\..\..\phantom\information\MessageStreamNode.classdef.h" />
		<Unit filename="..\..\..\phantom\information\MessageStreamNode.cpp" />
		<Unit filename="..\..\..\phantom\information\MessageStreamNode.h" />
		<Unit filename="..\..\..\phantom\macros.h" />
		<Unit filename="..\..\..\phantom\math.h" />
		<Unit filename="..\..\..\phantom\memory.cpp" />
		<Unit filename="..\..\..\phantom\memory.h" />
		<Unit filename="..\..\..\phantom\memory\Allocator.h" />
		<Unit filename="..\..\..\phantom\memory\malloc.c.h" />
		<Unit filename="..\..\..\phantom\memory\nedmalloc.cpp" />
		<Unit filename="..\..\..\phantom\memory\nedmalloc.h" />
		<Unit filename="..\..\..\phantom\modules.h" />
		<Unit filename="..\..\..\phantom\phantom.cpp" />
		<Unit filename="..\..\..\phantom\phantom.h">
			<Option compile="1" />
			<Option weight="0" />
		</Unit>
		<Unit filename="..\..\..\phantom\reflection.cpp" />
		<Unit filename="..\..\..\phantom\reflection.h" />
		<Unit filename="..\..\..\phantom\reflection\AbstractMethod.classdef.h" />
		<Unit filename="..\..\..\phantom\reflection\AbstractMethod.cpp" />
		<Unit filename="..\..\..\phantom\reflection\AbstractMethod.h" />
		<Unit filename="..\..\..\phantom\reflection\Accessor.classdef.h" />
		<Unit filename="..\..\..\phantom\reflection\Accessor.cpp" />
		<Unit filename="..\..\..\phantom\reflection\Accessor.h" />
		<Unit filename="..\..\..\phantom\reflection\ArgumentList.classdef.h" />
		<Unit filename="..\..\..\phantom\reflection\ArgumentList.cpp" />
		<Unit filename="..\..\..\phantom\reflection\ArgumentList.h" />
		<Unit filename="..\..\..\phantom\reflection\ArithmeticType.classdef.h" />
		<Unit filename="..\..\..\phantom\reflection\ArithmeticType.h" />
		<Unit filename="..\..\..\phantom\reflection\ArraySlotAccess.classdef.h" />
		<Unit filename="..\..\..\phantom\reflection\ArraySlotAccess.cpp" />
		<Unit filename="..\..\..\phantom\reflection\ArraySlotAccess.h" />
		<Unit filename="..\..\..\phantom\reflection\ArrayType.classdef.h" />
		<Unit filename="..\..\..\phantom\reflection\ArrayType.cpp" />
		<Unit filename="..\..\..\phantom\reflection\ArrayType.h" />
		<Unit filename="..\..\..\phantom\reflection\Attribute.classdef.h" />
		<Unit filename="..\..\..\phantom\reflection\Attribute.cpp" />
		<Unit filename="..\..\..\phantom\reflection\Attribute.h" />
		<Unit filename="..\..\..\phantom\reflection\Class.classdef.h" />
		<Unit filename="..\..\..\phantom\reflection\Class.cpp" />
		<Unit filename="..\..\..\phantom\reflection\Class.h" />
		<Unit filename="..\..\..\phantom\reflection\ClassExtension.classdef.h" />
		<Unit filename="..\..\..\phantom\reflection\ClassExtension.cpp" />
		<Unit filename="..\..\..\phantom\reflection\ClassExtension.h" />
		<Unit filename="..\..\..\phantom\reflection\ClassType.classdef.h" />
		<Unit filename="..\..\..\phantom\reflection\ClassType.cpp" />
		<Unit filename="..\..\..\phantom\reflection\ClassType.h" />
		<Unit filename="..\..\..\phantom\reflection\ConstArrayType.classdef.h" />
		<Unit filename="..\..\..\phantom\reflection\ConstArrayType.cpp" />
		<Unit filename="..\..\..\phantom\reflection\ConstArrayType.h" />
		<Unit filename="..\..\..\phantom\reflection\ConstDataPointerType.classdef.h" />
		<Unit filename="..\..\..\phantom\reflection\ConstDataPointerType.cpp" />
		<Unit filename="..\..\..\phantom\reflection\ConstDataPointerType.h" />
		<Unit filename="..\..\..\phantom\reflection\ConstReferenceType.classdef.h" />
		<Unit filename="..\..\..\phantom\reflection\ConstReferenceType.cpp" />
		<Unit filename="..\..\..\phantom\reflection\ConstReferenceType.h" />
		<Unit filename="..\..\..\phantom\reflection\Constant.classdef.h" />
		<Unit filename="..\..\..\phantom\reflection\Constant.cpp" />
		<Unit filename="..\..\..\phantom\reflection\Constant.h" />
		<Unit filename="..\..\..\phantom\reflection\Constructor.classdef.h" />
		<Unit filename="..\..\..\phantom\reflection\Constructor.cpp" />
		<Unit filename="..\..\..\phantom\reflection\Constructor.h" />
		<Unit filename="..\..\..\phantom\reflection\DataPointerType.classdef.h" />
		<Unit filename="..\..\..\phantom\reflection\DataPointerType.cpp" />
		<Unit filename="..\..\..\phantom\reflection\DataPointerType.h" />
		<Unit filename="..\..\..\phantom\reflection\Enum.classdef.h" />
		<Unit filename="..\..\..\phantom\reflection\Enum.cpp" />
		<Unit filename="..\..\..\phantom\reflection\Enum.h" />
		<Unit filename="..\..\..\phantom\reflection\FedMethod.classdef.h" />
		<Unit filename="..\..\..\phantom\reflection\FedMethod.cpp" />
		<Unit filename="..\..\..\phantom\reflection\FedMethod.h" />
		<Unit filename="..\..\..\phantom\reflection\ForwardedProperty.classdef.h" />
		<Unit filename="..\..\..\phantom\reflection\ForwardedProperty.cpp" />
		<Unit filename="..\..\..\phantom\reflection\ForwardedProperty.h" />
		<Unit filename="..\..\..\phantom\reflection\Function.classdef.h" />
		<Unit filename="..\..\..\phantom\reflection\Function.cpp" />
		<Unit filename="..\..\..\phantom\reflection\Function.h" />
		<Unit filename="..\..\..\phantom\reflection\InstanceAttribute.classdef.h" />
		<Unit filename="..\..\..\phantom\reflection\InstanceAttribute.cpp" />
		<Unit filename="..\..\..\phantom\reflection\InstanceAttribute.h" />
		<Unit filename="..\..\..\phantom\reflection\InstanceMethod.classdef.h" />
		<Unit filename="..\..\..\phantom\reflection\InstanceMethod.cpp" />
		<Unit filename="..\..\..\phantom\reflection\InstanceMethod.h" />
		<Unit filename="..\..\..\phantom\reflection\LanguageElement.classdef.h" />
		<Unit filename="..\..\..\phantom\reflection\LanguageElement.cpp" />
		<Unit filename="..\..\..\phantom\reflection\LanguageElement.h" />
		<Unit filename="..\..\..\phantom\reflection\Member.classdef.h" />
		<Unit filename="..\..\..\phantom\reflection\Member.cpp" />
		<Unit filename="..\..\..\phantom\reflection\Member.h" />
		<Unit filename="..\..\..\phantom\reflection\Method.classdef.h" />
		<Unit filename="..\..\..\phantom\reflection\Method.cpp" />
		<Unit filename="..\..\..\phantom\reflection\Method.h" />
		<Unit filename="..\..\..\phantom\reflection\Namespace.classdef.h" />
		<Unit filename="..\..\..\phantom\reflection\Namespace.cpp" />
		<Unit filename="..\..\..\phantom\reflection\Namespace.h" />
		<Unit filename="..\..\..\phantom\reflection\PODStruct.classdef.h" />
		<Unit filename="..\..\..\phantom\reflection\PODStruct.cpp" />
		<Unit filename="..\..\..\phantom\reflection\PODStruct.h" />
		<Unit filename="..\..\..\phantom\reflection\PODUnion.classdef.h" />
		<Unit filename="..\..\..\phantom\reflection\PODUnion.cpp" />
		<Unit filename="..\..\..\phantom\reflection\PODUnion.h" />
		<Unit filename="..\..\..\phantom\reflection\PointerType.classdef.h" />
		<Unit filename="..\..\..\phantom\reflection\PointerType.cpp" />
		<Unit filename="..\..\..\phantom\reflection\PointerType.h" />
		<Unit filename="..\..\..\phantom\reflection\PolymorphicArrayClass.classdef.h" />
		<Unit filename="..\..\..\phantom\reflection\PolymorphicArrayClass.cpp" />
		<Unit filename="..\..\..\phantom\reflection\PolymorphicArrayClass.h" />
		<Unit filename="..\..\..\phantom\reflection\PolymorphicType.classdef.h" />
		<Unit filename="..\..\..\phantom\reflection\PolymorphicType.h" />
		<Unit filename="..\..\..\phantom\reflection\PrimitiveType.classdef.h" />
		<Unit filename="..\..\..\phantom\reflection\PrimitiveType.cpp" />
		<Unit filename="..\..\..\phantom\reflection\PrimitiveType.h" />
		<Unit filename="..\..\..\phantom\reflection\Property.classdef.h" />
		<Unit filename="..\..\..\phantom\reflection\Property.cpp" />
		<Unit filename="..\..\..\phantom\reflection\Property.h" />
		<Unit filename="..\..\..\phantom\reflection\ReferenceType.classdef.h" />
		<Unit filename="..\..\..\phantom\reflection\ReferenceType.cpp" />
		<Unit filename="..\..\..\phantom\reflection\ReferenceType.h" />
		<Unit filename="..\..\..\phantom\reflection\ReflectionRegistrationHelper.h" />
		<Unit filename="..\..\..\phantom\reflection\Signal.classdef.h" />
		<Unit filename="..\..\..\phantom\reflection\Signal.cpp" />
		<Unit filename="..\..\..\phantom\reflection\Signal.h" />
		<Unit filename="..\..\..\phantom\reflection\Signature.classdef.h" />
		<Unit filename="..\..\..\phantom\reflection\Signature.cpp" />
		<Unit filename="..\..\..\phantom\reflection\Signature.h" />
		<Unit filename="..\..\..\phantom\reflection\StaticAttribute.classdef.h" />
		<Unit filename="..\..\..\phantom\reflection\StaticAttribute.cpp" />
		<Unit filename="..\..\..\phantom\reflection\StaticAttribute.h" />
		<Unit filename="..\..\..\phantom\reflection\StaticMethod.classdef.h" />
		<Unit filename="..\..\..\phantom\reflection\StaticMethod.cpp" />
		<Unit filename="..\..\..\phantom\reflection\StaticMethod.h" />
		<Unit filename="..\..\..\phantom\reflection\StaticVariable.classdef.h" />
		<Unit filename="..\..\..\phantom\reflection\StaticVariable.cpp" />
		<Unit filename="..\..\..\phantom\reflection\StaticVariable.h" />
		<Unit filename="..\..\..\phantom\reflection\SubProperty.classdef.h" />
		<Unit filename="..\..\..\phantom\reflection\SubProperty.cpp" />
		<Unit filename="..\..\..\phantom\reflection\SubProperty.h" />
		<Unit filename="..\..\..\phantom\reflection\Subroutine.classdef.h" />
		<Unit filename="..\..\..\phantom\reflection\Subroutine.cpp" />
		<Unit filename="..\..\..\phantom\reflection\Subroutine.h" />
		<Unit filename="..\..\..\phantom\reflection\TemplateElement.classdef.h" />
		<Unit filename="..\..\..\phantom\reflection\TemplateElement.cpp" />
		<Unit filename="..\..\..\phantom\reflection\TemplateElement.h" />
		<Unit filename="..\..\..\phantom\reflection\TemplateSpecialization.classdef.h" />
		<Unit filename="..\..\..\phantom\reflection\TemplateSpecialization.cpp" />
		<Unit filename="..\..\..\phantom\reflection\TemplateSpecialization.h" />
		<Unit filename="..\..\..\phantom\reflection\Type.classdef.h" />
		<Unit filename="..\..\..\phantom\reflection\Type.cpp" />
		<Unit filename="..\..\..\phantom\reflection\Type.h" />
		<Unit filename="..\..\..\phantom\reflection\Union.classdef.h" />
		<Unit filename="..\..\..\phantom\reflection\Union.cpp" />
		<Unit filename="..\..\..\phantom\reflection\Union.h" />
		<Unit filename="..\..\..\phantom\reflection\VirtualMethodTable.classdef.h" />
		<Unit filename="..\..\..\phantom\reflection\VirtualMethodTable.cpp" />
		<Unit filename="..\..\..\phantom\reflection\VirtualMethodTable.h" />
		<Unit filename="..\..\..\phantom\reflection\detail\FlexLexer.h" />
		<Unit filename="..\..\..\phantom\reflection\detail\element_finder.h" />
		<Unit filename="..\..\..\phantom\reflection\detail\element_finder_spirit.cpp" />
		<Unit filename="..\..\..\phantom\reflection\detail\element_finder_spirit.h" />
		<Unit filename="..\..\..\phantom\reflection\detail\element_parser.h" />
		<Unit filename="..\..\..\phantom\reflection\detail\element_scanner.h" />
		<Unit filename="..\..\..\phantom\reflection\detail\location.hh" />
		<Unit filename="..\..\..\phantom\reflection\detail\position.hh" />
		<Unit filename="..\..\..\phantom\reflection\detail\stable_bison_files\location.hh" />
		<Unit filename="..\..\..\phantom\reflection\detail\stable_bison_files\position.hh" />
		<Unit filename="..\..\..\phantom\reflection\detail\stable_bison_files\stack.hh" />
		<Unit filename="..\..\..\phantom\reflection\detail\stack.hh" />
		<Unit filename="..\..\..\phantom\reflection\native\NativeVTableIndexInspector.cpp" />
		<Unit filename="..\..\..\phantom\reflection\native\NativeVTableIndexInspector.h" />
		<Unit filename="..\..\..\phantom\reflection\native\TConstant.h" />
		<Unit filename="..\..\..\phantom\reflection\native\TNativeAttributeProvider.h" />
		<Unit filename="..\..\..\phantom\reflection\native\TNativeClassBase.h" />
		<Unit filename="..\..\..\phantom\reflection\native\TNativeConstructor.h" />
		<Unit filename="..\..\..\phantom\reflection\native\TNativeInstanceAttribute.h" />
		<Unit filename="..\..\..\phantom\reflection\native\TNativeInstanceMethod.h" />
		<Unit filename="..\..\..\phantom\reflection\native\TNativeInstanceMethodBase.h" />
		<Unit filename="..\..\..\phantom\reflection\native\TNativeInstanceMethodConst.h" />
		<Unit filename="..\..\..\phantom\reflection\native\TNativeInterfaceMethod.h" />
		<Unit filename="..\..\..\phantom\reflection\native\TNativeInterfaceMethodConst.h" />
		<Unit filename="..\..\..\phantom\reflection\native\TNativeMethodProvider.h" />
		<Unit filename="..\..\..\phantom\reflection\native\TNativeSignal.h" />
		<Unit filename="..\..\..\phantom\reflection\native\TNativeSignalBase.h" />
		<Unit filename="..\..\..\phantom\reflection\native\TNativeStaticAttribute.h" />
		<Unit filename="..\..\..\phantom\reflection\native\TNativeStaticMemberFunction.h" />
		<Unit filename="..\..\..\phantom\reflection\native\TNativeStaticMethod.h" />
		<Unit filename="..\..\..\phantom\reflection\native\TNativeStaticMethodBase.h" />
		<Unit filename="..\..\..\phantom\reflection\native\TNativeVirtualMethodCounter.h" />
		<Unit filename="..\..\..\phantom\reflection\native\TType.h" />
		<Unit filename="..\..\..\phantom\reflection\runtime\RuntimeClass.classdef.h" />
		<Unit filename="..\..\..\phantom\reflection\runtime\RuntimeClass.cpp" />
		<Unit filename="..\..\..\phantom\reflection\runtime\RuntimeClass.h" />
		<Unit filename="..\..\..\phantom\reflection\runtime\RuntimeInstanceAttribute.classdef.h" />
		<Unit filename="..\..\..\phantom\reflection\runtime\RuntimeInstanceAttribute.cpp" />
		<Unit filename="..\..\..\phantom\reflection\runtime\RuntimeInstanceAttribute.h" />
		<Unit filename="..\..\..\phantom\reflection\runtime\RuntimeStaticAttribute.classdef.h" />
		<Unit filename="..\..\..\phantom\reflection\runtime\RuntimeStaticAttribute.cpp" />
		<Unit filename="..\..\..\phantom\reflection\runtime\RuntimeStaticAttribute.h" />
		<Unit filename="..\..\..\phantom\reflection\runtime\ScriptClass.classdef.h" />
		<Unit filename="..\..\..\phantom\reflection\runtime\ScriptClass.cpp" />
		<Unit filename="..\..\..\phantom\reflection\runtime\ScriptClass.h" />
		<Unit filename="..\..\..\phantom\runtime.h" />
		<Unit filename="..\..\..\phantom\serialization.h" />
		<Unit filename="..\..\..\phantom\serialization\Bundle.classdef.h" />
		<Unit filename="..\..\..\phantom\serialization\Bundle.cpp" />
		<Unit filename="..\..\..\phantom\serialization\Bundle.h" />
		<Unit filename="..\..\..\phantom\serialization\BundleDataBase.classdef.h" />
		<Unit filename="..\..\..\phantom\serialization\BundleDataBase.cpp" />
		<Unit filename="..\..\..\phantom\serialization\BundleDataBase.h" />
		<Unit filename="..\..\..\phantom\serialization\BundleNode.classdef.h" />
		<Unit filename="..\..\..\phantom\serialization\BundleNode.cpp" />
		<Unit filename="..\..\..\phantom\serialization\BundleNode.h" />
		<Unit filename="..\..\..\phantom\serialization\DataBase.classdef.h" />
		<Unit filename="..\..\..\phantom\serialization\DataBase.cpp" />
		<Unit filename="..\..\..\phantom\serialization\DataBase.h" />
		<Unit filename="..\..\..\phantom\serialization\DefaultNode.classdef.h" />
		<Unit filename="..\..\..\phantom\serialization\DefaultNode.cpp" />
		<Unit filename="..\..\..\phantom\serialization\DefaultNode.h" />
		<Unit filename="..\..\..\phantom\serialization\FileTreeDataBase.classdef.h" />
		<Unit filename="..\..\..\phantom\serialization\FileTreeDataBase.cpp" />
		<Unit filename="..\..\..\phantom\serialization\FileTreeDataBase.h" />
		<Unit filename="..\..\..\phantom\serialization\FileTreeNode.classdef.h" />
		<Unit filename="..\..\..\phantom\serialization\FileTreeNode.cpp" />
		<Unit filename="..\..\..\phantom\serialization\FileTreeNode.h" />
		<Unit filename="..\..\..\phantom\serialization\Node.classdef.h" />
		<Unit filename="..\..\..\phantom\serialization\Node.cpp" />
		<Unit filename="..\..\..\phantom\serialization\Node.h" />
		<Unit filename="..\..\..\phantom\serialization\XmlFileTreeDataBase.classdef.h" />
		<Unit filename="..\..\..\phantom\serialization\XmlFileTreeDataBase.cpp" />
		<Unit filename="..\..\..\phantom\serialization\XmlFileTreeDataBase.h" />
		<Unit filename="..\..\..\phantom\serialization\XmlFileTreeNode.classdef.h" />
		<Unit filename="..\..\..\phantom\serialization\XmlFileTreeNode.cpp" />
		<Unit filename="..\..\..\phantom\serialization\XmlFileTreeNode.h" />
		<Unit filename="..\..\..\phantom\serialization\native\TBundle.h" />
		<Unit filename="..\..\..\phantom\state\Event.classdef.h" />
		<Unit filename="..\..\..\phantom\state\Event.cpp" />
		<Unit filename="..\..\..\phantom\state\Event.h" />
		<Unit filename="..\..\..\phantom\state\Reaction.classdef.h" />
		<Unit filename="..\..\..\phantom\state\Reaction.cpp" />
		<Unit filename="..\..\..\phantom\state\Reaction.h" />
		<Unit filename="..\..\..\phantom\state\State.classdef.h" />
		<Unit filename="..\..\..\phantom\state\State.cpp" />
		<Unit filename="..\..\..\phantom\state\State.h" />
		<Unit filename="..\..\..\phantom\state\StateMachine.classdef.h" />
		<Unit filename="..\..\..\phantom\state\StateMachine.cpp" />
		<Unit filename="..\..\..\phantom\state\StateMachine.h" />
		<Unit filename="..\..\..\phantom\state\StateMachineElement.classdef.h" />
		<Unit filename="..\..\..\phantom\state\StateMachineElement.cpp" />
		<Unit filename="..\..\..\phantom\state\StateMachineElement.h" />
		<Unit filename="..\..\..\phantom\state\StateOrderingComparator.classdef.h" />
		<Unit filename="..\..\..\phantom\state\StateOrderingComparator.cpp" />
		<Unit filename="..\..\..\phantom\state\StateOrderingComparator.h" />
		<Unit filename="..\..\..\phantom\state\Track.classdef.h" />
		<Unit filename="..\..\..\phantom\state\Track.cpp" />
		<Unit filename="..\..\..\phantom\state\Track.h" />
		<Unit filename="..\..\..\phantom\state\native\TNativeDerivedEvent.h" />
		<Unit filename="..\..\..\phantom\state\native\TNativeDerivedState.h" />
		<Unit filename="..\..\..\phantom\state\native\TNativeDerivedTrack.h" />
		<Unit filename="..\..\..\phantom\state\native\TNativeEvent.classdef.h" />
		<Unit filename="..\..\..\phantom\state\native\TNativeEvent.h" />
		<Unit filename="..\..\..\phantom\state\native\TNativeReaction.classdef.h" />
		<Unit filename="..\..\..\phantom\state\native\TNativeReaction.h" />
		<Unit filename="..\..\..\phantom\state\native\TNativeState.classdef.h" />
		<Unit filename="..\..\..\phantom\state\native\TNativeState.h" />
		<Unit filename="..\..\..\phantom\state\native\TNativeStateMachine.classdef.h" />
		<Unit filename="..\..\..\phantom\state\native\TNativeStateMachine.h" />
		<Unit filename="..\..\..\phantom\state\native\TNativeTrack.classdef.h" />
		<Unit filename="..\..\..\phantom\state\native\TNativeTrack.h" />
		<Unit filename="..\..\..\phantom\state\native\TNativeTransition.classdef.h" />
		<Unit filename="..\..\..\phantom\state\native\TNativeTransition.h" />
		<Unit filename="..\..\..\phantom\state\runtime\RuntimeState.classdef.h" />
		<Unit filename="..\..\..\phantom\state\runtime\RuntimeState.cpp" />
		<Unit filename="..\..\..\phantom\state\runtime\RuntimeState.h" />
		<Unit filename="..\..\..\phantom\state\runtime\RuntimeStateMachine.classdef.h" />
		<Unit filename="..\..\..\phantom\state\runtime\RuntimeStateMachine.cpp" />
		<Unit filename="..\..\..\phantom\state\runtime\RuntimeStateMachine.h" />
		<Unit filename="..\..\..\phantom\state\runtime\RuntimeTrack.classdef.h" />
		<Unit filename="..\..\..\phantom\state\runtime\RuntimeTrack.cpp" />
		<Unit filename="..\..\..\phantom\state\runtime\RuntimeTrack.h" />
		<Unit filename="..\..\..\phantom\state\runtime\RuntimeTransition.classdef.h" />
		<Unit filename="..\..\..\phantom\state\runtime\RuntimeTransition.cpp" />
		<Unit filename="..\..\..\phantom\state\runtime\RuntimeTransition.h" />
		<Unit filename="..\..\..\phantom\statechart.h" />
		<Unit filename="..\..\..\phantom\t_content_type_of.h" />
		<Unit filename="..\..\..\phantom\traits.h" />
		<Unit filename="..\..\..\phantom\typedefs.h" />
		<Unit filename="..\..\..\phantom\util.h" />
		<Unit filename="..\..\..\phantom\util\AbstractInterpolator.classdef.h" />
		<Unit filename="..\..\..\phantom\util\AbstractInterpolator.cpp" />
		<Unit filename="..\..\..\phantom\util\AbstractInterpolator.h" />
		<Unit filename="..\..\..\phantom\util\Array.classdef.h" />
		<Unit filename="..\..\..\phantom\util\Array.cpp" />
		<Unit filename="..\..\..\phantom\util\Array.h" />
		<Unit filename="..\..\..\phantom\util\AutoSingleton.h" />
		<Unit filename="..\..\..\phantom\util\Comparator.classdef.h" />
		<Unit filename="..\..\..\phantom\util\Comparator.cpp" />
		<Unit filename="..\..\..\phantom\util\Comparator.h" />
		<Unit filename="..\..\..\phantom\util\Interpolator.classdef.h" />
		<Unit filename="..\..\..\phantom\util\Interpolator.cpp" />
		<Unit filename="..\..\..\phantom\util\Interpolator.h" />
		<Unit filename="..\..\..\phantom\util\Iterator.classdef.h" />
		<Unit filename="..\..\..\phantom\util\Iterator.cpp" />
		<Unit filename="..\..\..\phantom\util\Iterator.h" />
		<Unit filename="..\..\..\phantom\util\PolymorphicArray.classdef.h" />
		<Unit filename="..\..\..\phantom\util\PolymorphicArray.cpp" />
		<Unit filename="..\..\..\phantom\util\PolymorphicArray.h" />
		<Unit filename="..\..\..\phantom\util\Removable.classdef.h" />
		<Unit filename="..\..\..\phantom\util\Removable.cpp" />
		<Unit filename="..\..\..\phantom\util\Removable.h" />
		<Unit filename="..\..\..\phantom\util\Selection.classdef.h" />
		<Unit filename="..\..\..\phantom\util\Selection.h" />
		<Unit filename="..\..\..\phantom\util\SelectionHandler.classdef.h" />
		<Unit filename="..\..\..\phantom\util\SelectionHandler.h" />
		<Unit filename="..\..\..\phantom\util\TArray.classdef.h" />
		<Unit filename="..\..\..\phantom\util\TArray.h" />
		<Unit filename="..\..\..\phantom\util\TExtendableParameterizedStateMachine.h" />
		<Unit filename="..\..\..\phantom\util\TInterpolator.h" />
		<Unit filename="..\..\..\phantom\util\TParameterizedStateMachine.h" />
		<Unit filename="..\..\..\phantom\util\TStateMachine.h" />
		<Unit filename="..\..\..\phantom\util\Text.classdef.h" />
		<Unit filename="..\..\..\phantom\util\Text.cpp" />
		<Unit filename="..\..\..\phantom\util\Text.h" />
		<Unit filename="..\..\..\phantom\util\ToolBox.cpp" />
		<Unit filename="..\..\..\phantom\util\ToolBox.h" />
		<Unit filename="..\..\..\phantom\util\bitfield.h" />
		<Unit filename="..\..\..\phantom\util\flags.h" />
		<Extensions>
			<code_completion />
			<debugger />
		</Extensions>
	</Project>
</CodeBlocks_project_file>
