<?xml version="1.0" encoding="UTF-8" standalone="yes" ?>
<CodeBlocks_project_file>
	<FileVersion major="1" minor="6" />
	<Project>
		<Option title="phantom" />
		<Option pch_mode="2" />
		<Option compiler="gcc" />
		<Build>
			<Target title="Debug">
				<Option output="../../../bin/codeblocks/phantom" prefix_auto="1" extension_auto="1" />
				<Option object_output="cb/obj/Debug/" />
				<Option type="3" />
				<Option compiler="gcc" />
				<Option createDefFile="1" />
				<Option createStaticLib="1" />
				<Compiler>
					<Add option="-std=c++11" />
					<Add option="-w" />
					<Add option="-g" />
					<Add option="-Wparentheses" />
					<Add option="-Wreorder" />
					<Add option="-Wunused-value" />
					<Add option="-Winvalid-pch" />
					<Add option="-ftemplate-backtrace-limit=0" />
					<Add option="-D_DEBUG" />
					<Add option="-DDEBUG" />
					<Add option="-DPHANTOM_DLL" />
					<Add directory="./pch/" />
					<Add directory="../../.." />
					<Add directory="$(BOOST_ROOT)" />
				</Compiler>
			</Target>
			<Target title="Release">
				<Option output="cb/bin/Release/phantom" prefix_auto="1" extension_auto="1" />
				<Option object_output="cb/obj/Release/" />
				<Option type="1" />
				<Option compiler="gcc" />
				<Compiler>
					<Add option="-O2" />
					<Add option="-std=c++0x" />
					<Add option="-DPHANTOM_DLL" />
					<Add option="-DNDEBUG" />
					<Add option="-D_NDEBUG" />
				</Compiler>
				<Linker>
					<Add option="-s" />
				</Linker>
			</Target>
		</Build>
		<Compiler>
			<Add option="-std=c++11" />
			<Add option="-Wall" />
			<Add option="-Wunknown-pragmas" />
			<Add option="-fpermissive" />
		</Compiler>
		<Unit filename="../../../phantom/Message.cpp" />
		<Unit filename="../../../phantom/Message.h" />
		<Unit filename="../../../phantom/Message.hxx" />
		<Unit filename="../../../phantom/Module.cpp" />
		<Unit filename="../../../phantom/Module.h" />
		<Unit filename="../../../phantom/Module.hxx" />
		<Unit filename="../../../phantom/ModuleLoader.cpp" />
		<Unit filename="../../../phantom/ModuleLoader.h" />
		<Unit filename="../../../phantom/ModuleLoader.hxx" />
		<Unit filename="../../../phantom/Object.cpp" />
		<Unit filename="../../../phantom/Object.h" />
		<Unit filename="../../../phantom/Object.hxx" />
		<Unit filename="../../../phantom/_global.hxx" />
		<Unit filename="../../../phantom/aggregation.cpp" />
		<Unit filename="../../../phantom/aggregation.h" />
		<Unit filename="../../../phantom/aggregation.hxx" />
		<Unit filename="../../../phantom/boost/boost.cpp" />
		<Unit filename="../../../phantom/boost/boost.h" />
		<Unit filename="../../../phantom/boost/boost.hxx" />
		<Unit filename="../../../phantom/boost/boost_pool.h" />
		<Unit filename="../../../phantom/boost/boost_thread.h" />
		<Unit filename="../../../phantom/component.cpp" />
		<Unit filename="../../../phantom/component.h" />
		<Unit filename="../../../phantom/component.hxx" />
		<Unit filename="../../../phantom/composition.cpp" />
		<Unit filename="../../../phantom/composition.h" />
		<Unit filename="../../../phantom/composition.hxx" />
		<Unit filename="../../../phantom/data.cpp" />
		<Unit filename="../../../phantom/data.h" />
		<Unit filename="../../../phantom/data.hxx" />
		<Unit filename="../../../phantom/def_alias.h" />
		<Unit filename="../../../phantom/def_allocate.h" />
		<Unit filename="../../../phantom/def_cfunctions.h" />
		<Unit filename="../../../phantom/def_config.h" />
		<Unit filename="../../../phantom/def_connection.cpp" />
		<Unit filename="../../../phantom/def_connection.h" />
		<Unit filename="../../../phantom/def_console.cpp" />
		<Unit filename="../../../phantom/def_console.h" />
		<Unit filename="../../../phantom/def_container.h" />
		<Unit filename="../../../phantom/def_counter.h" />
		<Unit filename="../../../phantom/def_custom.h" />
		<Unit filename="../../../phantom/def_declare.h" />
		<Unit filename="../../../phantom/def_exceptions.h" />
		<Unit filename="../../../phantom/def_export.h" />
		<Unit filename="../../../phantom/def_extension.h" />
		<Unit filename="../../../phantom/def_fwd.h" />
		<Unit filename="../../../phantom/def_macros.h" />
		<Unit filename="../../../phantom/def_math.h" />
		<Unit filename="../../../phantom/def_memory.cpp" />
		<Unit filename="../../../phantom/def_memory.h" />
		<Unit filename="../../../phantom/def_modules.h" />
		<Unit filename="../../../phantom/def_reflection.cpp" />
		<Unit filename="../../../phantom/def_reflection.h" />
		<Unit filename="../../../phantom/def_reflection_1.h" />
		<Unit filename="../../../phantom/def_reflection_2.h" />
		<Unit filename="../../../phantom/def_reflection_3.h" />
		<Unit filename="../../../phantom/def_reflection_dynamic.h" />
		<Unit filename="../../../phantom/def_serialization.cpp" />
		<Unit filename="../../../phantom/def_serialization.h" />
		<Unit filename="../../../phantom/def_statechart.h" />
		<Unit filename="../../../phantom/def_t_content_type_of.h" />
		<Unit filename="../../../phantom/def_traits.h" />
		<Unit filename="../../../phantom/def_types.h" />
		<Unit filename="../../../phantom/def_util.h" />
		<Unit filename="../../../phantom/flags.cpp" />
		<Unit filename="../../../phantom/flags.h" />
		<Unit filename="../../../phantom/flags.hxx" />
		<Unit filename="../../../phantom/jit.h" />
		<Unit filename="../../../phantom/macros/PP_ADD_PREFIX_EACH.h" />
		<Unit filename="../../../phantom/math/aabb2.cpp" />
		<Unit filename="../../../phantom/math/aabb2.h" />
		<Unit filename="../../../phantom/math/aabb2.hxx" />
		<Unit filename="../../../phantom/math/aabb3.cpp" />
		<Unit filename="../../../phantom/math/aabb3.h" />
		<Unit filename="../../../phantom/math/aabb3.hxx" />
		<Unit filename="../../../phantom/math/angle.cpp" />
		<Unit filename="../../../phantom/math/angle.h" />
		<Unit filename="../../../phantom/math/angle.hxx" />
		<Unit filename="../../../phantom/math/avector3.h" />
		<Unit filename="../../../phantom/math/line2.cpp" />
		<Unit filename="../../../phantom/math/line2.h" />
		<Unit filename="../../../phantom/math/line2.hxx" />
		<Unit filename="../../../phantom/math/line3.cpp" />
		<Unit filename="../../../phantom/math/line3.h" />
		<Unit filename="../../../phantom/math/line3.hxx" />
		<Unit filename="../../../phantom/math/math.h" />
		<Unit filename="../../../phantom/math/matrix2x2.cpp" />
		<Unit filename="../../../phantom/math/matrix2x2.h" />
		<Unit filename="../../../phantom/math/matrix2x2.hxx" />
		<Unit filename="../../../phantom/math/matrix2x3.cpp" />
		<Unit filename="../../../phantom/math/matrix2x3.h" />
		<Unit filename="../../../phantom/math/matrix2x3.hxx" />
		<Unit filename="../../../phantom/math/matrix2x4.cpp" />
		<Unit filename="../../../phantom/math/matrix2x4.h" />
		<Unit filename="../../../phantom/math/matrix2x4.hxx" />
		<Unit filename="../../../phantom/math/matrix3x2.cpp" />
		<Unit filename="../../../phantom/math/matrix3x2.h" />
		<Unit filename="../../../phantom/math/matrix3x2.hxx" />
		<Unit filename="../../../phantom/math/matrix3x3.cpp" />
		<Unit filename="../../../phantom/math/matrix3x3.h" />
		<Unit filename="../../../phantom/math/matrix3x3.hxx" />
		<Unit filename="../../../phantom/math/matrix3x4.cpp" />
		<Unit filename="../../../phantom/math/matrix3x4.h" />
		<Unit filename="../../../phantom/math/matrix3x4.hxx" />
		<Unit filename="../../../phantom/math/matrix4x2.cpp" />
		<Unit filename="../../../phantom/math/matrix4x2.h" />
		<Unit filename="../../../phantom/math/matrix4x2.hxx" />
		<Unit filename="../../../phantom/math/matrix4x3.cpp" />
		<Unit filename="../../../phantom/math/matrix4x3.h" />
		<Unit filename="../../../phantom/math/matrix4x3.hxx" />
		<Unit filename="../../../phantom/math/matrix4x4.cpp" />
		<Unit filename="../../../phantom/math/matrix4x4.h" />
		<Unit filename="../../../phantom/math/matrix4x4.hxx" />
		<Unit filename="../../../phantom/math/multipolygon.h" />
		<Unit filename="../../../phantom/math/plane3.cpp" />
		<Unit filename="../../../phantom/math/plane3.h" />
		<Unit filename="../../../phantom/math/plane3.hxx" />
		<Unit filename="../../../phantom/math/polygon2.h" />
		<Unit filename="../../../phantom/math/polygon3.h" />
		<Unit filename="../../../phantom/math/quaternion.cpp" />
		<Unit filename="../../../phantom/math/quaternion.h" />
		<Unit filename="../../../phantom/math/quaternion.hxx" />
		<Unit filename="../../../phantom/math/rect.cpp" />
		<Unit filename="../../../phantom/math/rect.h" />
		<Unit filename="../../../phantom/math/rect.hxx" />
		<Unit filename="../../../phantom/math/scalar_funcs.h" />
		<Unit filename="../../../phantom/math/segment2.cpp" />
		<Unit filename="../../../phantom/math/segment2.h" />
		<Unit filename="../../../phantom/math/segment2.hxx" />
		<Unit filename="../../../phantom/math/sse2.h" />
		<Unit filename="../../../phantom/math/transform2.cpp" />
		<Unit filename="../../../phantom/math/transform2.h" />
		<Unit filename="../../../phantom/math/transform2.hxx" />
		<Unit filename="../../../phantom/math/transform3.cpp" />
		<Unit filename="../../../phantom/math/transform3.h" />
		<Unit filename="../../../phantom/math/transform3.hxx" />
		<Unit filename="../../../phantom/math/utils.h" />
		<Unit filename="../../../phantom/math/vector2.cpp" />
		<Unit filename="../../../phantom/math/vector2.h" />
		<Unit filename="../../../phantom/math/vector2.hxx" />
		<Unit filename="../../../phantom/math/vector2b.h" />
		<Unit filename="../../../phantom/math/vector2i.h" />
		<Unit filename="../../../phantom/math/vector2ui.h" />
		<Unit filename="../../../phantom/math/vector3.cpp" />
		<Unit filename="../../../phantom/math/vector3.h" />
		<Unit filename="../../../phantom/math/vector3.hxx" />
		<Unit filename="../../../phantom/math/vector3b.h" />
		<Unit filename="../../../phantom/math/vector3i.h" />
		<Unit filename="../../../phantom/math/vector3ui.h" />
		<Unit filename="../../../phantom/math/vector4.cpp" />
		<Unit filename="../../../phantom/math/vector4.h" />
		<Unit filename="../../../phantom/math/vector4.hxx" />
		<Unit filename="../../../phantom/math/vector4b.h" />
		<Unit filename="../../../phantom/math/vector4i.h" />
		<Unit filename="../../../phantom/math/vector4ui.h" />
		<Unit filename="../../../phantom/math/vectorX_base.h" />
		<Unit filename="../../../phantom/math/vector_funcs.h" />
		<Unit filename="../../../phantom/math/vector_types.h" />
		<Unit filename="../../../phantom/memory/Allocator.h" />
		<Unit filename="../../../phantom/memory/malloc.c.h" />
		<Unit filename="../../../phantom/memory/nedmalloc.cpp" />
		<Unit filename="../../../phantom/memory/nedmalloc.h" />
		<Unit filename="../../../phantom/pch.h">
			<Option compile="1" />
			<Option weight="0" />
		</Unit>
		<Unit filename="../../../phantom/phantom.cpp" />
		<Unit filename="../../../phantom/phantom.h" />
		<Unit filename="../../../phantom/phantom.hxx" />
		<Unit filename="../../../phantom/qt/Action.h" />
		<Unit filename="../../../phantom/qt/Action.hxx" />
		<Unit filename="../../../phantom/qt/AddComponentDataCommand.h" />
		<Unit filename="../../../phantom/qt/AddComponentDataCommand.hxx" />
		<Unit filename="../../../phantom/qt/AddDataCommand.h" />
		<Unit filename="../../../phantom/qt/AddDataCommand.hxx" />
		<Unit filename="../../../phantom/qt/AddNodeCommand.h" />
		<Unit filename="../../../phantom/qt/AddNodeCommand.hxx" />
		<Unit filename="../../../phantom/qt/AggregationAddAggregateDataCommand.h" />
		<Unit filename="../../../phantom/qt/AggregationAddAggregateDataCommand.hxx" />
		<Unit filename="../../../phantom/qt/AggregationAggregateVariableNodeDelegate.h" />
		<Unit filename="../../../phantom/qt/AggregationAggregateVariableNodeDelegate.hxx" />
		<Unit filename="../../../phantom/qt/AggregationMoveAggregateDataCommand.h" />
		<Unit filename="../../../phantom/qt/AggregationMoveAggregateDataCommand.hxx" />
		<Unit filename="../../../phantom/qt/AggregationRemoveAggregateDataCommand.h" />
		<Unit filename="../../../phantom/qt/AggregationRemoveAggregateDataCommand.hxx" />
		<Unit filename="../../../phantom/qt/AggregationVariableNodeDelegate.h" />
		<Unit filename="../../../phantom/qt/AggregationVariableNodeDelegate.hxx" />
		<Unit filename="../../../phantom/qt/AggregationVisualizerNode.h" />
		<Unit filename="../../../phantom/qt/AggregationVisualizerNode.hxx" />
		<Unit filename="../../../phantom/qt/ArrayTypeVisualizerNode.h" />
		<Unit filename="../../../phantom/qt/ArrayTypeVisualizerNode.hxx" />
		<Unit filename="../../../phantom/qt/BitFieldEditor.h" />
		<Unit filename="../../../phantom/qt/BitFieldEditor.hxx" />
		<Unit filename="../../../phantom/qt/BoolCheckBoxEditor.h" />
		<Unit filename="../../../phantom/qt/BoolCheckBoxEditor.hxx" />
		<Unit filename="../../../phantom/qt/CharLineEditor.h" />
		<Unit filename="../../../phantom/qt/CharLineEditor.hxx" />
		<Unit filename="../../../phantom/qt/ClassComboBox.h" />
		<Unit filename="../../../phantom/qt/ClassComboBoxEditor.h" />
		<Unit filename="../../../phantom/qt/ClassComboBoxEditor.hxx" />
		<Unit filename="../../../phantom/qt/ClassTypeVisualizerNode.h" />
		<Unit filename="../../../phantom/qt/ClassTypeVisualizerNode.hxx" />
		<Unit filename="../../../phantom/qt/ClassVisualizerNode.h" />
		<Unit filename="../../../phantom/qt/ClassVisualizerNode.hxx" />
		<Unit filename="../../../phantom/qt/ComponentDataComboBox.h" />
		<Unit filename="../../../phantom/qt/ComponentDataComboBoxEditor.h" />
		<Unit filename="../../../phantom/qt/ComponentDataComboBoxEditor.hxx" />
		<Unit filename="../../../phantom/qt/ComponentReferenceExpressionChangeCommand.h" />
		<Unit filename="../../../phantom/qt/ComponentReferenceExpressionChangeCommand.hxx" />
		<Unit filename="../../../phantom/qt/ComponentVariableNodeDelegate.h" />
		<Unit filename="../../../phantom/qt/ComponentVariableNodeDelegate.hxx" />
		<Unit filename="../../../phantom/qt/ComponentVisualizerNode.h" />
		<Unit filename="../../../phantom/qt/ComponentVisualizerNode.hxx" />
		<Unit filename="../../../phantom/qt/CompositionAddComponentDataCommand.h" />
		<Unit filename="../../../phantom/qt/CompositionAddComponentDataCommand.hxx" />
		<Unit filename="../../../phantom/qt/CompositionComponentVariableNodeDelegate.h" />
		<Unit filename="../../../phantom/qt/CompositionComponentVariableNodeDelegate.hxx" />
		<Unit filename="../../../phantom/qt/CompositionMoveComponentDataCommand.h" />
		<Unit filename="../../../phantom/qt/CompositionMoveComponentDataCommand.hxx" />
		<Unit filename="../../../phantom/qt/CompositionRemoveComponentDataCommand.h" />
		<Unit filename="../../../phantom/qt/CompositionRemoveComponentDataCommand.hxx" />
		<Unit filename="../../../phantom/qt/CompositionVariableNodeDelegate.h" />
		<Unit filename="../../../phantom/qt/CompositionVariableNodeDelegate.hxx" />
		<Unit filename="../../../phantom/qt/CompositionVisualizerNode.h" />
		<Unit filename="../../../phantom/qt/CompositionVisualizerNode.hxx" />
		<Unit filename="../../../phantom/qt/DataAttributeChangeCommand.h" />
		<Unit filename="../../../phantom/qt/DataAttributeChangeCommand.hxx" />
		<Unit filename="../../../phantom/qt/DataBaseCommand.h" />
		<Unit filename="../../../phantom/qt/DataBaseCommand.hxx" />
		<Unit filename="../../../phantom/qt/DataComboBox.h" />
		<Unit filename="../../../phantom/qt/DataComboBoxEditor.h" />
		<Unit filename="../../../phantom/qt/DataComboBoxEditor.hxx" />
		<Unit filename="../../../phantom/qt/DataTreeView.h" />
		<Unit filename="../../../phantom/qt/DataTreeView.hxx" />
		<Unit filename="../../../phantom/qt/EnumComboBoxEditor.h" />
		<Unit filename="../../../phantom/qt/EnumComboBoxEditor.hxx" />
		<Unit filename="../../../phantom/qt/EraseContainerIteratorAction.h" />
		<Unit filename="../../../phantom/qt/ExpressionCommand.h" />
		<Unit filename="../../../phantom/qt/ExpressionCommand.hxx" />
		<Unit filename="../../../phantom/qt/ExpressionCommandAction.h" />
		<Unit filename="../../../phantom/qt/ExpressionCommandAction.hxx" />
		<Unit filename="../../../phantom/qt/FlagsVisualizerNode.h" />
		<Unit filename="../../../phantom/qt/FlagsVisualizerNode.hxx" />
		<Unit filename="../../../phantom/qt/LoadLibraryCommand.h" />
		<Unit filename="../../../phantom/qt/LoadLibraryCommand.hxx" />
		<Unit filename="../../../phantom/qt/LoadNodeCommand.h" />
		<Unit filename="../../../phantom/qt/LoadNodeCommand.hxx" />
		<Unit filename="../../../phantom/qt/MapVisualizerNode.h" />
		<Unit filename="../../../phantom/qt/MapVisualizerNode.hxx" />
		<Unit filename="../../../phantom/qt/Menu.h" />
		<Unit filename="../../../phantom/qt/Menu.hxx" />
		<Unit filename="../../../phantom/qt/MessageDisplay.h" />
		<Unit filename="../../../phantom/qt/MessageDisplay.hxx" />
		<Unit filename="../../../phantom/qt/ModuleExplorer.h" />
		<Unit filename="../../../phantom/qt/ModuleExplorer.hxx" />
		<Unit filename="../../../phantom/qt/ModuleLoader.h" />
		<Unit filename="../../../phantom/qt/NodeAttributeChangeCommand.h" />
		<Unit filename="../../../phantom/qt/NodeAttributeChangeCommand.hxx" />
		<Unit filename="../../../phantom/qt/NumberLineEditor.h" />
		<Unit filename="../../../phantom/qt/NumberLineEditor.hxx" />
		<Unit filename="../../../phantom/qt/RemoveDataCommand.h" />
		<Unit filename="../../../phantom/qt/RemoveDataCommand.hxx" />
		<Unit filename="../../../phantom/qt/SaveDataAttributeCommand.h" />
		<Unit filename="../../../phantom/qt/SaveDataAttributeCommand.hxx" />
		<Unit filename="../../../phantom/qt/SaveDataCommand.h" />
		<Unit filename="../../../phantom/qt/SaveDataCommand.hxx" />
		<Unit filename="../../../phantom/qt/SaveNodeAttributeCommand.h" />
		<Unit filename="../../../phantom/qt/SaveNodeAttributeCommand.hxx" />
		<Unit filename="../../../phantom/qt/SequentialContainerVisualizerNode.h" />
		<Unit filename="../../../phantom/qt/SequentialContainerVisualizerNode.hxx" />
		<Unit filename="../../../phantom/qt/SetContainerVisualizerNode.h" />
		<Unit filename="../../../phantom/qt/SetContainerVisualizerNode.hxx" />
		<Unit filename="../../../phantom/qt/StateMachineInspector.h" />
		<Unit filename="../../../phantom/qt/StateMachineInspector.hxx" />
		<Unit filename="../../../phantom/qt/StringLineEditor.h" />
		<Unit filename="../../../phantom/qt/StringLineEditor.hxx" />
		<Unit filename="../../../phantom/qt/TypeVisualizer.h" />
		<Unit filename="../../../phantom/qt/TypeVisualizer.hxx" />
		<Unit filename="../../../phantom/qt/TypeVisualizerNode.h" />
		<Unit filename="../../../phantom/qt/TypeVisualizerNode.hxx" />
		<Unit filename="../../../phantom/qt/UndoCommand.h" />
		<Unit filename="../../../phantom/qt/UndoCommand.hxx" />
		<Unit filename="../../../phantom/qt/UndoCommandAction.h" />
		<Unit filename="../../../phantom/qt/UndoCommandAction.hxx" />
		<Unit filename="../../../phantom/qt/UndoCommandContainer.h" />
		<Unit filename="../../../phantom/qt/UndoCommandContainer.hxx" />
		<Unit filename="../../../phantom/qt/UndoGroup.h" />
		<Unit filename="../../../phantom/qt/UndoGroup.hxx" />
		<Unit filename="../../../phantom/qt/UndoStack.h" />
		<Unit filename="../../../phantom/qt/UndoStack.hxx" />
		<Unit filename="../../../phantom/qt/UndoStackDelegate.h" />
		<Unit filename="../../../phantom/qt/UndoStackView.h" />
		<Unit filename="../../../phantom/qt/UndoStackView.hxx" />
		<Unit filename="../../../phantom/qt/UnloadLibraryCommand.h" />
		<Unit filename="../../../phantom/qt/UnloadLibraryCommand.hxx" />
		<Unit filename="../../../phantom/qt/UnloadNodeCommand.h" />
		<Unit filename="../../../phantom/qt/UnloadNodeCommand.hxx" />
		<Unit filename="../../../phantom/qt/UpdateComponentDataCommand.h" />
		<Unit filename="../../../phantom/qt/UpdateComponentDataCommand.hxx" />
		<Unit filename="../../../phantom/qt/VariableActionWidget.h" />
		<Unit filename="../../../phantom/qt/VariableActionWidget.hxx" />
		<Unit filename="../../../phantom/qt/VariableEditor.h" />
		<Unit filename="../../../phantom/qt/VariableEditor.hxx" />
		<Unit filename="../../../phantom/qt/VariableModel.h" />
		<Unit filename="../../../phantom/qt/VariableModel.hxx" />
		<Unit filename="../../../phantom/qt/VariableNode.h" />
		<Unit filename="../../../phantom/qt/VariableNode.hxx" />
		<Unit filename="../../../phantom/qt/VariableNodeDelegate.h" />
		<Unit filename="../../../phantom/qt/VariableNodeDelegate.hxx" />
		<Unit filename="../../../phantom/qt/VariableNodeFactory.h" />
		<Unit filename="../../../phantom/qt/VariableNodeFactory.hxx" />
		<Unit filename="../../../phantom/qt/VariableWidget.h" />
		<Unit filename="../../../phantom/qt/VariableWidget.hxx" />
		<Unit filename="../../../phantom/qt/VariableWidgetEditor.h" />
		<Unit filename="../../../phantom/qt/VariableWidgetEditor.hxx" />
		<Unit filename="../../../phantom/qt/jit/CallStackView.h" />
		<Unit filename="../../../phantom/qt/jit/CallStackView.hxx" />
		<Unit filename="../../../phantom/qt/jit/LocalVariableEditor.h" />
		<Unit filename="../../../phantom/qt/jit/LocalVariableEditor.hxx" />
		<Unit filename="../../../phantom/qt/jit/LocalVariableModel.h" />
		<Unit filename="../../../phantom/qt/jit/LocalVariableModel.hxx" />
		<Unit filename="../../../phantom/qt/jit/qt_jit.h" />
		<Unit filename="../../../phantom/qt/qt.h" />
		<Unit filename="../../../phantom/reflection.hxx" />
		<Unit filename="../../../phantom/reflection/AddressExpression.cpp" />
		<Unit filename="../../../phantom/reflection/AddressExpression.h" />
		<Unit filename="../../../phantom/reflection/AddressExpression.hxx" />
		<Unit filename="../../../phantom/reflection/Addressable.cpp" />
		<Unit filename="../../../phantom/reflection/Addressable.h" />
		<Unit filename="../../../phantom/reflection/Addressable.hxx" />
		<Unit filename="../../../phantom/reflection/AggregationClass.cpp" />
		<Unit filename="../../../phantom/reflection/AggregationClass.h" />
		<Unit filename="../../../phantom/reflection/AggregationClass.hxx" />
		<Unit filename="../../../phantom/reflection/AnonymousSection.cpp" />
		<Unit filename="../../../phantom/reflection/AnonymousSection.h" />
		<Unit filename="../../../phantom/reflection/AnonymousSection.hxx" />
		<Unit filename="../../../phantom/reflection/AnonymousStruct.cpp" />
		<Unit filename="../../../phantom/reflection/AnonymousStruct.h" />
		<Unit filename="../../../phantom/reflection/AnonymousStruct.hxx" />
		<Unit filename="../../../phantom/reflection/AnonymousUnion.cpp" />
		<Unit filename="../../../phantom/reflection/AnonymousUnion.h" />
		<Unit filename="../../../phantom/reflection/AnonymousUnion.hxx" />
		<Unit filename="../../../phantom/reflection/ArrayElementAccess.cpp" />
		<Unit filename="../../../phantom/reflection/ArrayElementAccess.h" />
		<Unit filename="../../../phantom/reflection/ArrayElementAccess.hxx" />
		<Unit filename="../../../phantom/reflection/ArrayType.cpp" />
		<Unit filename="../../../phantom/reflection/ArrayType.h" />
		<Unit filename="../../../phantom/reflection/ArrayType.hxx" />
		<Unit filename="../../../phantom/reflection/AssignmentExpression.cpp" />
		<Unit filename="../../../phantom/reflection/AssignmentExpression.h" />
		<Unit filename="../../../phantom/reflection/AssignmentExpression.hxx" />
		<Unit filename="../../../phantom/reflection/BinaryLogicalExpression.cpp" />
		<Unit filename="../../../phantom/reflection/BinaryLogicalExpression.h" />
		<Unit filename="../../../phantom/reflection/BinaryLogicalExpression.hxx" />
		<Unit filename="../../../phantom/reflection/BinaryOperationExpression.cpp" />
		<Unit filename="../../../phantom/reflection/BinaryOperationExpression.h" />
		<Unit filename="../../../phantom/reflection/BinaryOperationExpression.hxx" />
		<Unit filename="../../../phantom/reflection/Block.cpp" />
		<Unit filename="../../../phantom/reflection/Block.h" />
		<Unit filename="../../../phantom/reflection/Block.hxx" />
		<Unit filename="../../../phantom/reflection/BranchIfNotStatement.cpp" />
		<Unit filename="../../../phantom/reflection/BranchIfNotStatement.h" />
		<Unit filename="../../../phantom/reflection/BranchIfNotStatement.hxx" />
		<Unit filename="../../../phantom/reflection/BranchIfStatement.cpp" />
		<Unit filename="../../../phantom/reflection/BranchIfStatement.h" />
		<Unit filename="../../../phantom/reflection/BranchIfStatement.hxx" />
		<Unit filename="../../../phantom/reflection/BranchStatement.cpp" />
		<Unit filename="../../../phantom/reflection/BranchStatement.h" />
		<Unit filename="../../../phantom/reflection/BranchStatement.hxx" />
		<Unit filename="../../../phantom/reflection/BreakStatement.cpp" />
		<Unit filename="../../../phantom/reflection/BreakStatement.h" />
		<Unit filename="../../../phantom/reflection/BreakStatement.hxx" />
		<Unit filename="../../../phantom/reflection/CPlusPlus.cpp" />
		<Unit filename="../../../phantom/reflection/CPlusPlus.h" />
		<Unit filename="../../../phantom/reflection/CPlusPlus.hxx" />
		<Unit filename="../../../phantom/reflection/CallExpression.cpp" />
		<Unit filename="../../../phantom/reflection/CallExpression.h" />
		<Unit filename="../../../phantom/reflection/CallExpression.hxx" />
		<Unit filename="../../../phantom/reflection/CastExpression.cpp" />
		<Unit filename="../../../phantom/reflection/CastExpression.h" />
		<Unit filename="../../../phantom/reflection/CastExpression.hxx" />
		<Unit filename="../../../phantom/reflection/Class.cpp" />
		<Unit filename="../../../phantom/reflection/Class.h" />
		<Unit filename="../../../phantom/reflection/Class.hxx" />
		<Unit filename="../../../phantom/reflection/ClassExtension.cpp" />
		<Unit filename="../../../phantom/reflection/ClassExtension.h" />
		<Unit filename="../../../phantom/reflection/ClassExtension.hxx" />
		<Unit filename="../../../phantom/reflection/ClassType.cpp" />
		<Unit filename="../../../phantom/reflection/ClassType.h" />
		<Unit filename="../../../phantom/reflection/ClassType.hxx" />
		<Unit filename="../../../phantom/reflection/Compiler.cpp" />
		<Unit filename="../../../phantom/reflection/Compiler.h" />
		<Unit filename="../../../phantom/reflection/Compiler.hxx" />
		<Unit filename="../../../phantom/reflection/ComponentClass.cpp" />
		<Unit filename="../../../phantom/reflection/ComponentClass.h" />
		<Unit filename="../../../phantom/reflection/ComponentClass.hxx" />
		<Unit filename="../../../phantom/reflection/CompositionClass.cpp" />
		<Unit filename="../../../phantom/reflection/CompositionClass.h" />
		<Unit filename="../../../phantom/reflection/CompositionClass.hxx" />
		<Unit filename="../../../phantom/reflection/ConstIterator.cpp" />
		<Unit filename="../../../phantom/reflection/ConstIterator.h" />
		<Unit filename="../../../phantom/reflection/ConstIterator.hxx" />
		<Unit filename="../../../phantom/reflection/ConstType.cpp" />
		<Unit filename="../../../phantom/reflection/ConstType.h" />
		<Unit filename="../../../phantom/reflection/ConstType.hxx" />
		<Unit filename="../../../phantom/reflection/Constant.cpp" />
		<Unit filename="../../../phantom/reflection/Constant.h" />
		<Unit filename="../../../phantom/reflection/Constant.hxx" />
		<Unit filename="../../../phantom/reflection/ConstantExpression.cpp" />
		<Unit filename="../../../phantom/reflection/ConstantExpression.h" />
		<Unit filename="../../../phantom/reflection/ConstantExpression.hxx" />
		<Unit filename="../../../phantom/reflection/Constructor.cpp" />
		<Unit filename="../../../phantom/reflection/Constructor.h" />
		<Unit filename="../../../phantom/reflection/Constructor.hxx" />
		<Unit filename="../../../phantom/reflection/ConstructorCallExpression.cpp" />
		<Unit filename="../../../phantom/reflection/ConstructorCallExpression.h" />
		<Unit filename="../../../phantom/reflection/ConstructorCallExpression.hxx" />
		<Unit filename="../../../phantom/reflection/ContainerClass.cpp" />
		<Unit filename="../../../phantom/reflection/ContainerClass.h" />
		<Unit filename="../../../phantom/reflection/ContainerClass.hxx" />
		<Unit filename="../../../phantom/reflection/ContinueStatement.cpp" />
		<Unit filename="../../../phantom/reflection/ContinueStatement.h" />
		<Unit filename="../../../phantom/reflection/ContinueStatement.hxx" />
		<Unit filename="../../../phantom/reflection/DataExpression.cpp" />
		<Unit filename="../../../phantom/reflection/DataExpression.h" />
		<Unit filename="../../../phantom/reflection/DataExpression.hxx" />
		<Unit filename="../../../phantom/reflection/DataMember.cpp" />
		<Unit filename="../../../phantom/reflection/DataMember.h" />
		<Unit filename="../../../phantom/reflection/DataMember.hxx" />
		<Unit filename="../../../phantom/reflection/DataPointerType.cpp" />
		<Unit filename="../../../phantom/reflection/DataPointerType.h" />
		<Unit filename="../../../phantom/reflection/DataPointerType.hxx" />
		<Unit filename="../../../phantom/reflection/DereferenceExpression.cpp" />
		<Unit filename="../../../phantom/reflection/DereferenceExpression.h" />
		<Unit filename="../../../phantom/reflection/DereferenceExpression.hxx" />
		<Unit filename="../../../phantom/reflection/Enum.cpp" />
		<Unit filename="../../../phantom/reflection/Enum.h" />
		<Unit filename="../../../phantom/reflection/Enum.hxx" />
		<Unit filename="../../../phantom/reflection/Evaluable.cpp" />
		<Unit filename="../../../phantom/reflection/Evaluable.h" />
		<Unit filename="../../../phantom/reflection/Evaluable.hxx" />
		<Unit filename="../../../phantom/reflection/Expression.cpp" />
		<Unit filename="../../../phantom/reflection/Expression.h" />
		<Unit filename="../../../phantom/reflection/Expression.hxx" />
		<Unit filename="../../../phantom/reflection/ExpressionStatement.cpp" />
		<Unit filename="../../../phantom/reflection/ExpressionStatement.h" />
		<Unit filename="../../../phantom/reflection/ExpressionStatement.hxx" />
		<Unit filename="../../../phantom/reflection/Function.cpp" />
		<Unit filename="../../../phantom/reflection/Function.h" />
		<Unit filename="../../../phantom/reflection/Function.hxx" />
		<Unit filename="../../../phantom/reflection/InstanceDataMember.cpp" />
		<Unit filename="../../../phantom/reflection/InstanceDataMember.h" />
		<Unit filename="../../../phantom/reflection/InstanceDataMember.hxx" />
		<Unit filename="../../../phantom/reflection/InstanceDataMemberAccess.cpp" />
		<Unit filename="../../../phantom/reflection/InstanceDataMemberAccess.h" />
		<Unit filename="../../../phantom/reflection/InstanceDataMemberAccess.hxx" />
		<Unit filename="../../../phantom/reflection/InstanceDataMemberBinding.cpp" />
		<Unit filename="../../../phantom/reflection/InstanceDataMemberBinding.h" />
		<Unit filename="../../../phantom/reflection/InstanceDataMemberBinding.hxx" />
		<Unit filename="../../../phantom/reflection/InstanceMemberFunction.cpp" />
		<Unit filename="../../../phantom/reflection/InstanceMemberFunction.h" />
		<Unit filename="../../../phantom/reflection/InstanceMemberFunction.hxx" />
		<Unit filename="../../../phantom/reflection/Interpreter.cpp" />
		<Unit filename="../../../phantom/reflection/Interpreter.h" />
		<Unit filename="../../../phantom/reflection/Interpreter.hxx" />
		<Unit filename="../../../phantom/reflection/Iterator.cpp" />
		<Unit filename="../../../phantom/reflection/Iterator.h" />
		<Unit filename="../../../phantom/reflection/Iterator.hxx" />
		<Unit filename="../../../phantom/reflection/LabelStatement.cpp" />
		<Unit filename="../../../phantom/reflection/LabelStatement.h" />
		<Unit filename="../../../phantom/reflection/LabelStatement.hxx" />
		<Unit filename="../../../phantom/reflection/Language.cpp" />
		<Unit filename="../../../phantom/reflection/Language.h" />
		<Unit filename="../../../phantom/reflection/Language.hxx" />
		<Unit filename="../../../phantom/reflection/LanguageElement.cpp" />
		<Unit filename="../../../phantom/reflection/LanguageElement.h" />
		<Unit filename="../../../phantom/reflection/LanguageElement.hxx" />
		<Unit filename="../../../phantom/reflection/LocalVariable.cpp" />
		<Unit filename="../../../phantom/reflection/LocalVariable.h" />
		<Unit filename="../../../phantom/reflection/LocalVariable.hxx" />
		<Unit filename="../../../phantom/reflection/LocalVariableAccess.cpp" />
		<Unit filename="../../../phantom/reflection/LocalVariableAccess.h" />
		<Unit filename="../../../phantom/reflection/LocalVariableAccess.hxx" />
		<Unit filename="../../../phantom/reflection/Location.cpp" />
		<Unit filename="../../../phantom/reflection/Location.h" />
		<Unit filename="../../../phantom/reflection/Location.hxx" />
		<Unit filename="../../../phantom/reflection/MapCollection.h" />
		<Unit filename="../../../phantom/reflection/MapContainerClass.cpp" />
		<Unit filename="../../../phantom/reflection/MapContainerClass.h" />
		<Unit filename="../../../phantom/reflection/MapContainerClass.hxx" />
		<Unit filename="../../../phantom/reflection/Member.cpp" />
		<Unit filename="../../../phantom/reflection/Member.h" />
		<Unit filename="../../../phantom/reflection/Member.hxx" />
		<Unit filename="../../../phantom/reflection/MemberFunction.cpp" />
		<Unit filename="../../../phantom/reflection/MemberFunction.h" />
		<Unit filename="../../../phantom/reflection/MemberFunction.hxx" />
		<Unit filename="../../../phantom/reflection/Namespace.cpp" />
		<Unit filename="../../../phantom/reflection/Namespace.h" />
		<Unit filename="../../../phantom/reflection/Namespace.hxx" />
		<Unit filename="../../../phantom/reflection/NumericConstant.cpp" />
		<Unit filename="../../../phantom/reflection/NumericConstant.h" />
		<Unit filename="../../../phantom/reflection/NumericConstant.hxx" />
		<Unit filename="../../../phantom/reflection/PODUnion.cpp" />
		<Unit filename="../../../phantom/reflection/PODUnion.h" />
		<Unit filename="../../../phantom/reflection/PODUnion.hxx" />
		<Unit filename="../../../phantom/reflection/PointerArithmeticExpression.cpp" />
		<Unit filename="../../../phantom/reflection/PointerArithmeticExpression.h" />
		<Unit filename="../../../phantom/reflection/PointerArithmeticExpression.hxx" />
		<Unit filename="../../../phantom/reflection/PointerType.cpp" />
		<Unit filename="../../../phantom/reflection/PointerType.h" />
		<Unit filename="../../../phantom/reflection/PointerType.hxx" />
		<Unit filename="../../../phantom/reflection/PostUnaryOperationExpression.cpp" />
		<Unit filename="../../../phantom/reflection/PostUnaryOperationExpression.h" />
		<Unit filename="../../../phantom/reflection/PostUnaryOperationExpression.hxx" />
		<Unit filename="../../../phantom/reflection/PreUnaryOperationExpression.cpp" />
		<Unit filename="../../../phantom/reflection/PreUnaryOperationExpression.h" />
		<Unit filename="../../../phantom/reflection/PreUnaryOperationExpression.hxx" />
		<Unit filename="../../../phantom/reflection/PrimitiveType.cpp" />
		<Unit filename="../../../phantom/reflection/PrimitiveType.h" />
		<Unit filename="../../../phantom/reflection/PrimitiveType.hxx" />
		<Unit filename="../../../phantom/reflection/Property.cpp" />
		<Unit filename="../../../phantom/reflection/Property.h" />
		<Unit filename="../../../phantom/reflection/Property.hxx" />
		<Unit filename="../../../phantom/reflection/PropertyAccess.cpp" />
		<Unit filename="../../../phantom/reflection/PropertyAccess.h" />
		<Unit filename="../../../phantom/reflection/PropertyAccess.hxx" />
		<Unit filename="../../../phantom/reflection/PropertyBinding.cpp" />
		<Unit filename="../../../phantom/reflection/PropertyBinding.h" />
		<Unit filename="../../../phantom/reflection/PropertyBinding.hxx" />
		<Unit filename="../../../phantom/reflection/PureVirtualMemberFunction.cpp" />
		<Unit filename="../../../phantom/reflection/PureVirtualMemberFunction.h" />
		<Unit filename="../../../phantom/reflection/PureVirtualMemberFunction.hxx" />
		<Unit filename="../../../phantom/reflection/Range.cpp" />
		<Unit filename="../../../phantom/reflection/Range.h" />
		<Unit filename="../../../phantom/reflection/Range.hxx" />
		<Unit filename="../../../phantom/reflection/ReferenceExpression.cpp" />
		<Unit filename="../../../phantom/reflection/ReferenceExpression.h" />
		<Unit filename="../../../phantom/reflection/ReferenceExpression.hxx" />
		<Unit filename="../../../phantom/reflection/ReferenceType.cpp" />
		<Unit filename="../../../phantom/reflection/ReferenceType.h" />
		<Unit filename="../../../phantom/reflection/ReferenceType.hxx" />
		<Unit filename="../../../phantom/reflection/ReturnStatement.cpp" />
		<Unit filename="../../../phantom/reflection/ReturnStatement.h" />
		<Unit filename="../../../phantom/reflection/ReturnStatement.hxx" />
		<Unit filename="../../../phantom/reflection/SequencialCollection.h" />
		<Unit filename="../../../phantom/reflection/SequentialContainerClass.cpp" />
		<Unit filename="../../../phantom/reflection/SequentialContainerClass.h" />
		<Unit filename="../../../phantom/reflection/SequentialContainerClass.hxx" />
		<Unit filename="../../../phantom/reflection/SetContainerClass.cpp" />
		<Unit filename="../../../phantom/reflection/SetContainerClass.h" />
		<Unit filename="../../../phantom/reflection/SetContainerClass.hxx" />
		<Unit filename="../../../phantom/reflection/Signal.cpp" />
		<Unit filename="../../../phantom/reflection/Signal.h" />
		<Unit filename="../../../phantom/reflection/Signal.hxx" />
		<Unit filename="../../../phantom/reflection/Signature.cpp" />
		<Unit filename="../../../phantom/reflection/Signature.h" />
		<Unit filename="../../../phantom/reflection/Signature.hxx" />
		<Unit filename="../../../phantom/reflection/SingleParameterFunctionExpression.cpp" />
		<Unit filename="../../../phantom/reflection/SingleParameterFunctionExpression.h" />
		<Unit filename="../../../phantom/reflection/SingleParameterFunctionExpression.hxx" />
		<Unit filename="../../../phantom/reflection/SourceFile.cpp" />
		<Unit filename="../../../phantom/reflection/SourceFile.h" />
		<Unit filename="../../../phantom/reflection/SourceFile.hxx" />
		<Unit filename="../../../phantom/reflection/Statement.cpp" />
		<Unit filename="../../../phantom/reflection/Statement.h" />
		<Unit filename="../../../phantom/reflection/Statement.hxx" />
		<Unit filename="../../../phantom/reflection/StaticDataMember.cpp" />
		<Unit filename="../../../phantom/reflection/StaticDataMember.h" />
		<Unit filename="../../../phantom/reflection/StaticDataMember.hxx" />
		<Unit filename="../../../phantom/reflection/StaticMemberFunction.cpp" />
		<Unit filename="../../../phantom/reflection/StaticMemberFunction.h" />
		<Unit filename="../../../phantom/reflection/StaticMemberFunction.hxx" />
		<Unit filename="../../../phantom/reflection/StaticVariable.cpp" />
		<Unit filename="../../../phantom/reflection/StaticVariable.h" />
		<Unit filename="../../../phantom/reflection/StaticVariable.hxx" />
		<Unit filename="../../../phantom/reflection/StaticVariableAccess.cpp" />
		<Unit filename="../../../phantom/reflection/StaticVariableAccess.h" />
		<Unit filename="../../../phantom/reflection/StaticVariableAccess.hxx" />
		<Unit filename="../../../phantom/reflection/StringLiteralExpression.cpp" />
		<Unit filename="../../../phantom/reflection/StringLiteralExpression.h" />
		<Unit filename="../../../phantom/reflection/StringLiteralExpression.hxx" />
		<Unit filename="../../../phantom/reflection/Structure.cpp" />
		<Unit filename="../../../phantom/reflection/Structure.h" />
		<Unit filename="../../../phantom/reflection/Structure.hxx" />
		<Unit filename="../../../phantom/reflection/Subroutine.cpp" />
		<Unit filename="../../../phantom/reflection/Subroutine.h" />
		<Unit filename="../../../phantom/reflection/Subroutine.hxx" />
		<Unit filename="../../../phantom/reflection/TAssignmentExpression.cpp" />
		<Unit filename="../../../phantom/reflection/TAssignmentExpression.h" />
		<Unit filename="../../../phantom/reflection/TAssignmentExpression.hxx" />
		<Unit filename="../../../phantom/reflection/TBinaryArithmeticExpression.cpp" />
		<Unit filename="../../../phantom/reflection/TBinaryArithmeticExpression.h" />
		<Unit filename="../../../phantom/reflection/TBinaryArithmeticExpression.hxx" />
		<Unit filename="../../../phantom/reflection/TBinaryBitExpression.cpp" />
		<Unit filename="../../../phantom/reflection/TBinaryBitExpression.h" />
		<Unit filename="../../../phantom/reflection/TBinaryBitExpression.hxx" />
		<Unit filename="../../../phantom/reflection/TBinaryBooleanExpression.cpp" />
		<Unit filename="../../../phantom/reflection/TBinaryBooleanExpression.h" />
		<Unit filename="../../../phantom/reflection/TBinaryBooleanExpression.hxx" />
		<Unit filename="../../../phantom/reflection/TBinaryIntegralExpression.cpp" />
		<Unit filename="../../../phantom/reflection/TBinaryIntegralExpression.h" />
		<Unit filename="../../../phantom/reflection/TBinaryIntegralExpression.hxx" />
		<Unit filename="../../../phantom/reflection/TEqualityExpression.cpp" />
		<Unit filename="../../../phantom/reflection/TEqualityExpression.h" />
		<Unit filename="../../../phantom/reflection/TEqualityExpression.hxx" />
		<Unit filename="../../../phantom/reflection/TPostIncrementExpression.cpp" />
		<Unit filename="../../../phantom/reflection/TPostIncrementExpression.h" />
		<Unit filename="../../../phantom/reflection/TPostIncrementExpression.hxx" />
		<Unit filename="../../../phantom/reflection/TPreIncrementExpression.cpp" />
		<Unit filename="../../../phantom/reflection/TPreIncrementExpression.h" />
		<Unit filename="../../../phantom/reflection/TPreIncrementExpression.hxx" />
		<Unit filename="../../../phantom/reflection/TShiftExpression.cpp" />
		<Unit filename="../../../phantom/reflection/TShiftExpression.h" />
		<Unit filename="../../../phantom/reflection/TShiftExpression.hxx" />
		<Unit filename="../../../phantom/reflection/TUnaryArithmeticExpression.cpp" />
		<Unit filename="../../../phantom/reflection/TUnaryArithmeticExpression.h" />
		<Unit filename="../../../phantom/reflection/TUnaryArithmeticExpression.hxx" />
		<Unit filename="../../../phantom/reflection/TUnaryBitExpression.cpp" />
		<Unit filename="../../../phantom/reflection/TUnaryBitExpression.h" />
		<Unit filename="../../../phantom/reflection/TUnaryBitExpression.hxx" />
		<Unit filename="../../../phantom/reflection/Template.cpp" />
		<Unit filename="../../../phantom/reflection/Template.h" />
		<Unit filename="../../../phantom/reflection/Template.hxx" />
		<Unit filename="../../../phantom/reflection/TemplateElement.cpp" />
		<Unit filename="../../../phantom/reflection/TemplateElement.h" />
		<Unit filename="../../../phantom/reflection/TemplateElement.hxx" />
		<Unit filename="../../../phantom/reflection/TemplateSpecialization.cpp" />
		<Unit filename="../../../phantom/reflection/TemplateSpecialization.h" />
		<Unit filename="../../../phantom/reflection/TemplateSpecialization.hxx" />
		<Unit filename="../../../phantom/reflection/Type.cpp" />
		<Unit filename="../../../phantom/reflection/Type.h" />
		<Unit filename="../../../phantom/reflection/Type.hxx" />
		<Unit filename="../../../phantom/reflection/UnaryLogicalExpression.cpp" />
		<Unit filename="../../../phantom/reflection/UnaryLogicalExpression.h" />
		<Unit filename="../../../phantom/reflection/UnaryLogicalExpression.hxx" />
		<Unit filename="../../../phantom/reflection/Union.cpp" />
		<Unit filename="../../../phantom/reflection/Union.h" />
		<Unit filename="../../../phantom/reflection/Union.hxx" />
		<Unit filename="../../../phantom/reflection/ValueMember.cpp" />
		<Unit filename="../../../phantom/reflection/ValueMember.h" />
		<Unit filename="../../../phantom/reflection/ValueMember.hxx" />
		<Unit filename="../../../phantom/reflection/Variable.cpp" />
		<Unit filename="../../../phantom/reflection/Variable.h" />
		<Unit filename="../../../phantom/reflection/Variable.hxx" />
		<Unit filename="../../../phantom/reflection/VirtualMemberFunctionTable.cpp" />
		<Unit filename="../../../phantom/reflection/VirtualMemberFunctionTable.h" />
		<Unit filename="../../../phantom/reflection/VirtualMemberFunctionTable.hxx" />
		<Unit filename="../../../phantom/reflection/detail/ast.h" />
		<Unit filename="../../../phantom/reflection/detail/ast_adapted_structs.h" />
		<Unit filename="../../../phantom/reflection/detail/cpp.h" />
		<Unit filename="../../../phantom/reflection/detail/error_handler.h" />
		<Unit filename="../../../phantom/reflection/detail/grammar.h" />
		<Unit filename="../../../phantom/reflection/detail/lexer.cpp" />
		<Unit filename="../../../phantom/reflection/detail/lexer.h" />
		<Unit filename="../../../phantom/reflection/detail/precompiler.cpp" />
		<Unit filename="../../../phantom/reflection/detail/precompiler.h" />
		<Unit filename="../../../phantom/reflection/detail/tokens.cpp" />
		<Unit filename="../../../phantom/reflection/detail/tokens.h" />
		<Unit filename="../../../phantom/reflection/native/DynamicNativeSignalProvider.h" />
		<Unit filename="../../../phantom/reflection/native/NativeVTableInspector.cpp" />
		<Unit filename="../../../phantom/reflection/native/NativeVTableInspector.h" />
		<Unit filename="../../../phantom/reflection/native/TAggregationClass.h" />
		<Unit filename="../../../phantom/reflection/native/TAggregationClass.hxx" />
		<Unit filename="../../../phantom/reflection/native/TComponentClass.h" />
		<Unit filename="../../../phantom/reflection/native/TComponentClass.hxx" />
		<Unit filename="../../../phantom/reflection/native/TCompositionClass.h" />
		<Unit filename="../../../phantom/reflection/native/TCompositionClass.hxx" />
		<Unit filename="../../../phantom/reflection/native/TNativeConstructor.h" />
		<Unit filename="../../../phantom/reflection/native/TNativeConstructorBase.h" />
		<Unit filename="../../../phantom/reflection/native/TNativeDataMemberProvider.h" />
		<Unit filename="../../../phantom/reflection/native/TNativeDestructor.h" />
		<Unit filename="../../../phantom/reflection/native/TNativeFunction.h" />
		<Unit filename="../../../phantom/reflection/native/TNativeFunctionProvider.h" />
		<Unit filename="../../../phantom/reflection/native/TNativeInstanceDataMember.h" />
		<Unit filename="../../../phantom/reflection/native/TNativeInstanceMemberFunction.h" />
		<Unit filename="../../../phantom/reflection/native/TNativeInstanceMemberFunctionBase.h" />
		<Unit filename="../../../phantom/reflection/native/TNativeInstanceMemberFunctionConst.h" />
		<Unit filename="../../../phantom/reflection/native/TNativeInterfaceMethod.h" />
		<Unit filename="../../../phantom/reflection/native/TNativeInterfaceMethodConst.h" />
		<Unit filename="../../../phantom/reflection/native/TNativeMemberFunctionProvider.h" />
		<Unit filename="../../../phantom/reflection/native/TNativeProperty.h" />
		<Unit filename="../../../phantom/reflection/native/TNativePropertySignalProvider.h" />
		<Unit filename="../../../phantom/reflection/native/TNativeSignal.h" />
		<Unit filename="../../../phantom/reflection/native/TNativeSignalBase.h" />
		<Unit filename="../../../phantom/reflection/native/TNativeSignatureProvider.h" />
		<Unit filename="../../../phantom/reflection/native/TNativeStaticDataMember.h" />
		<Unit filename="../../../phantom/reflection/native/TNativeStaticMemberFunction.h" />
		<Unit filename="../../../phantom/reflection/native/TNativeStaticMemberFunctionBase.h" />
		<Unit filename="../../../phantom/reflection/native/TNativeVariable.h" />
		<Unit filename="../../../phantom/reflection/native/TNativeVirtualMemberFunctionTable.h" />
		<Unit filename="../../../phantom/reflection/native/TNumericConstant.h" />
		<Unit filename="../../../phantom/reflection/native/TRange.h" />
		<Unit filename="../../../phantom/reflection/native/TType.cpp" />
		<Unit filename="../../../phantom/reflection/native/TType.h" />
		<Unit filename="../../../phantom/serialization/BinaryFileTreeDataBase.cpp" />
		<Unit filename="../../../phantom/serialization/BinaryFileTreeDataBase.h" />
		<Unit filename="../../../phantom/serialization/BinaryFileTreeDataBase.hxx" />
		<Unit filename="../../../phantom/serialization/BinaryFileTreeDataStateBase.cpp" />
		<Unit filename="../../../phantom/serialization/BinaryFileTreeDataStateBase.h" />
		<Unit filename="../../../phantom/serialization/BinaryFileTreeDataStateBase.hxx" />
		<Unit filename="../../../phantom/serialization/BinaryFileTreeNode.cpp" />
		<Unit filename="../../../phantom/serialization/BinaryFileTreeNode.h" />
		<Unit filename="../../../phantom/serialization/BinaryFileTreeNode.hxx" />
		<Unit filename="../../../phantom/serialization/BinaryPackageDataBase.cpp" />
		<Unit filename="../../../phantom/serialization/BinaryPackageDataBase.h" />
		<Unit filename="../../../phantom/serialization/BinaryPackageDataBase.hxx" />
		<Unit filename="../../../phantom/serialization/BinaryPackageDataStateBase.cpp" />
		<Unit filename="../../../phantom/serialization/BinaryPackageDataStateBase.h" />
		<Unit filename="../../../phantom/serialization/BinaryPackageDataStateBase.hxx" />
		<Unit filename="../../../phantom/serialization/BinaryPackageNode.cpp" />
		<Unit filename="../../../phantom/serialization/BinaryPackageNode.h" />
		<Unit filename="../../../phantom/serialization/BinaryPackageNode.hxx" />
		<Unit filename="../../../phantom/serialization/DataBase.cpp" />
		<Unit filename="../../../phantom/serialization/DataBase.h" />
		<Unit filename="../../../phantom/serialization/DataBase.hxx" />
		<Unit filename="../../../phantom/serialization/DataStateBase.cpp" />
		<Unit filename="../../../phantom/serialization/DataStateBase.h" />
		<Unit filename="../../../phantom/serialization/DataStateBase.hxx" />
		<Unit filename="../../../phantom/serialization/DataTypeManager.cpp" />
		<Unit filename="../../../phantom/serialization/DataTypeManager.h" />
		<Unit filename="../../../phantom/serialization/DataTypeManager.hxx" />
		<Unit filename="../../../phantom/serialization/FileTreeDataBase.cpp" />
		<Unit filename="../../../phantom/serialization/FileTreeDataBase.h" />
		<Unit filename="../../../phantom/serialization/FileTreeDataBase.hxx" />
		<Unit filename="../../../phantom/serialization/FileTreeDataStateBase.cpp" />
		<Unit filename="../../../phantom/serialization/FileTreeDataStateBase.h" />
		<Unit filename="../../../phantom/serialization/FileTreeDataStateBase.hxx" />
		<Unit filename="../../../phantom/serialization/FileTreeNode.cpp" />
		<Unit filename="../../../phantom/serialization/FileTreeNode.h" />
		<Unit filename="../../../phantom/serialization/FileTreeNode.hxx" />
		<Unit filename="../../../phantom/serialization/FileTreeTrashBin.cpp" />
		<Unit filename="../../../phantom/serialization/FileTreeTrashBin.h" />
		<Unit filename="../../../phantom/serialization/FileTreeTrashBin.hxx" />
		<Unit filename="../../../phantom/serialization/InfoFileTreeDataBase.cpp" />
		<Unit filename="../../../phantom/serialization/InfoFileTreeDataBase.h" />
		<Unit filename="../../../phantom/serialization/InfoFileTreeDataBase.hxx" />
		<Unit filename="../../../phantom/serialization/InfoFileTreeNode.cpp" />
		<Unit filename="../../../phantom/serialization/InfoFileTreeNode.h" />
		<Unit filename="../../../phantom/serialization/InfoFileTreeNode.hxx" />
		<Unit filename="../../../phantom/serialization/JsonFileTreeDataBase.cpp" />
		<Unit filename="../../../phantom/serialization/JsonFileTreeDataBase.h" />
		<Unit filename="../../../phantom/serialization/JsonFileTreeDataBase.hxx" />
		<Unit filename="../../../phantom/serialization/JsonFileTreeNode.cpp" />
		<Unit filename="../../../phantom/serialization/JsonFileTreeNode.h" />
		<Unit filename="../../../phantom/serialization/JsonFileTreeNode.hxx" />
		<Unit filename="../../../phantom/serialization/Node.cpp" />
		<Unit filename="../../../phantom/serialization/Node.h" />
		<Unit filename="../../../phantom/serialization/Node.hxx" />
		<Unit filename="../../../phantom/serialization/PackageDataBase.cpp" />
		<Unit filename="../../../phantom/serialization/PackageDataBase.h" />
		<Unit filename="../../../phantom/serialization/PackageDataBase.hxx" />
		<Unit filename="../../../phantom/serialization/PackageDataStateBase.cpp" />
		<Unit filename="../../../phantom/serialization/PackageDataStateBase.h" />
		<Unit filename="../../../phantom/serialization/PackageDataStateBase.hxx" />
		<Unit filename="../../../phantom/serialization/PackageNode.cpp" />
		<Unit filename="../../../phantom/serialization/PackageNode.h" />
		<Unit filename="../../../phantom/serialization/PackageNode.hxx" />
		<Unit filename="../../../phantom/serialization/Record.cpp" />
		<Unit filename="../../../phantom/serialization/Record.h" />
		<Unit filename="../../../phantom/serialization/Record.hxx" />
		<Unit filename="../../../phantom/serialization/XmlFileTreeDataBase.cpp" />
		<Unit filename="../../../phantom/serialization/XmlFileTreeDataBase.h" />
		<Unit filename="../../../phantom/serialization/XmlFileTreeDataBase.hxx" />
		<Unit filename="../../../phantom/serialization/XmlFileTreeNode.cpp" />
		<Unit filename="../../../phantom/serialization/XmlFileTreeNode.h" />
		<Unit filename="../../../phantom/serialization/XmlFileTreeNode.hxx" />
		<Unit filename="../../../phantom/state.hxx" />
		<Unit filename="../../../phantom/state/Event.cpp" />
		<Unit filename="../../../phantom/state/Event.h" />
		<Unit filename="../../../phantom/state/Event.hxx" />
		<Unit filename="../../../phantom/state/Reaction.cpp" />
		<Unit filename="../../../phantom/state/Reaction.h" />
		<Unit filename="../../../phantom/state/Reaction.hxx" />
		<Unit filename="../../../phantom/state/State.cpp" />
		<Unit filename="../../../phantom/state/State.h" />
		<Unit filename="../../../phantom/state/State.hxx" />
		<Unit filename="../../../phantom/state/StateMachine.cpp" />
		<Unit filename="../../../phantom/state/StateMachine.h" />
		<Unit filename="../../../phantom/state/StateMachine.hxx" />
		<Unit filename="../../../phantom/state/StateMachineElement.cpp" />
		<Unit filename="../../../phantom/state/StateMachineElement.h" />
		<Unit filename="../../../phantom/state/StateMachineElement.hxx" />
		<Unit filename="../../../phantom/state/StateOrderingComparator.cpp" />
		<Unit filename="../../../phantom/state/StateOrderingComparator.h" />
		<Unit filename="../../../phantom/state/StateOrderingComparator.hxx" />
		<Unit filename="../../../phantom/state/Track.cpp" />
		<Unit filename="../../../phantom/state/Track.h" />
		<Unit filename="../../../phantom/state/Track.hxx" />
		<Unit filename="../../../phantom/state/native/TNativeState.h" />
		<Unit filename="../../../phantom/state/native/TNativeState.hxx" />
		<Unit filename="../../../phantom/state/native/TNativeStateMachine.h" />
		<Unit filename="../../../phantom/state/native/TNativeStateMachine.hxx" />
		<Unit filename="../../../phantom/state/native/TNativeTrack.h" />
		<Unit filename="../../../phantom/state/native/TNativeTrack.hxx" />
		<Unit filename="../../../phantom/std/allocator.h" />
		<Unit filename="../../../phantom/std/deque.cpp" />
		<Unit filename="../../../phantom/std/deque.h" />
		<Unit filename="../../../phantom/std/deque.hxx" />
		<Unit filename="../../../phantom/std/iosfwd.cpp" />
		<Unit filename="../../../phantom/std/iosfwd.h" />
		<Unit filename="../../../phantom/std/iosfwd.hxx" />
		<Unit filename="../../../phantom/std/list.cpp" />
		<Unit filename="../../../phantom/std/list.h" />
		<Unit filename="../../../phantom/std/list.hxx" />
		<Unit filename="../../../phantom/std/map.cpp" />
		<Unit filename="../../../phantom/std/map.h" />
		<Unit filename="../../../phantom/std/map.hxx" />
		<Unit filename="../../../phantom/std/platform.cpp" />
		<Unit filename="../../../phantom/std/platform.h" />
		<Unit filename="../../../phantom/std/platform.hxx" />
		<Unit filename="../../../phantom/std/set.cpp" />
		<Unit filename="../../../phantom/std/set.h" />
		<Unit filename="../../../phantom/std/set.hxx" />
		<Unit filename="../../../phantom/std/string.cpp" />
		<Unit filename="../../../phantom/std/string.h" />
		<Unit filename="../../../phantom/std/string.hxx" />
		<Unit filename="../../../phantom/std/unordered_map.cpp" />
		<Unit filename="../../../phantom/std/unordered_map.h" />
		<Unit filename="../../../phantom/std/unordered_map.hxx" />
		<Unit filename="../../../phantom/std/unordered_set.cpp" />
		<Unit filename="../../../phantom/std/unordered_set.h" />
		<Unit filename="../../../phantom/std/unordered_set.hxx" />
		<Unit filename="../../../phantom/std/utility.cpp" />
		<Unit filename="../../../phantom/std/utility.h" />
		<Unit filename="../../../phantom/std/utility.hxx" />
		<Unit filename="../../../phantom/std/vector.cpp" />
		<Unit filename="../../../phantom/std/vector.h" />
		<Unit filename="../../../phantom/std/vector.hxx" />
		<Unit filename="../../../phantom/std/xstddef.h" />
		<Unit filename="../../../phantom/util/Comparator.cpp" />
		<Unit filename="../../../phantom/util/Comparator.h" />
		<Unit filename="../../../phantom/util/Comparator.hxx" />
		<Unit filename="../../../phantom/util/Selection.cpp" />
		<Unit filename="../../../phantom/util/Selection.h" />
		<Unit filename="../../../phantom/util/Selection.hxx" />
		<Unit filename="../../../phantom/util/TComposition.h" />
		<Unit filename="../../../phantom/util/TMap.h" />
		<Unit filename="../../../phantom/util/TVisitor.h" />
		<Unit filename="../../../phantom/util/TVisitor.hxx" />
		<Unit filename="../../../phantom/variant.cpp" />
		<Unit filename="../../../phantom/variant.h" />
		<Extensions>
			<code_completion />
			<debugger />
			<envvars />
		</Extensions>
	</Project>
</CodeBlocks_project_file>
