<?xml version="1.0" encoding="utf-8"?>
<Project ToolsVersion="4.0" xmlns="http://schemas.microsoft.com/developer/msbuild/2003">
  <ItemGroup>
    <Filter Include="reflection">
      <UniqueIdentifier>{e5844e13-0fab-4ead-ade2-5d2e227763b1}</UniqueIdentifier>
    </Filter>
    <Filter Include="state">
      <UniqueIdentifier>{c755763f-ce76-4f45-8e02-caea2316d2cc}</UniqueIdentifier>
    </Filter>
    <Filter Include="util">
      <UniqueIdentifier>{913f21fc-aa5b-4d4f-9205-54b0560aafda}</UniqueIdentifier>
    </Filter>
    <Filter Include="reflection\native">
      <UniqueIdentifier>{f013c053-4e7b-47ae-99f0-1d1cae6f1df8}</UniqueIdentifier>
    </Filter>
    <Filter Include="memory">
      <UniqueIdentifier>{9a004592-029f-44bc-a2dd-5a3a53fb939a}</UniqueIdentifier>
    </Filter>
    <Filter Include="state\native">
      <UniqueIdentifier>{dad11a5b-acba-4c4b-8fe5-d3a50ff80c20}</UniqueIdentifier>
    </Filter>
    <Filter Include="serialization">
      <UniqueIdentifier>{6d618eb6-7386-4360-a3c0-4cc932ef8875}</UniqueIdentifier>
    </Filter>
    <Filter Include="externals">
      <UniqueIdentifier>{ced113e6-9bf6-4844-986d-f4f0c4585cde}</UniqueIdentifier>
    </Filter>
    <Filter Include="externals\boost">
      <UniqueIdentifier>{75dc2da2-ed74-440b-be8d-69fd9511f1e3}</UniqueIdentifier>
    </Filter>
    <Filter Include="externals\std">
      <UniqueIdentifier>{e4680e21-543f-44f2-a811-92ae2cc616d1}</UniqueIdentifier>
    </Filter>
    <Filter Include="reflection\detail">
      <UniqueIdentifier>{35ca8b63-443d-45ce-9244-de9e61ae6021}</UniqueIdentifier>
    </Filter>
    <Filter Include="serialization\native">
      <UniqueIdentifier>{27bc61e0-649a-4511-9214-af50df8f5d30}</UniqueIdentifier>
    </Filter>
    <Filter Include="defs">
      <UniqueIdentifier>{6cb54f3a-8cc0-4fd2-8fe2-eaaf30cfd5ca}</UniqueIdentifier>
    </Filter>
    <Filter Include="math">
      <UniqueIdentifier>{ce06cafd-e991-47ee-a904-73db5d3ae4ec}</UniqueIdentifier>
    </Filter>
  </ItemGroup>
  <ItemGroup>
    <ClInclude Include="..\..\..\phantom\reflection\native\TNativeInstanceMethod.h">
      <Filter>reflection\native</Filter>
    </ClInclude>
    <ClInclude Include="..\..\..\phantom\reflection\native\TNativeInstanceMethodConst.h">
      <Filter>reflection\native</Filter>
    </ClInclude>
    <ClInclude Include="..\..\..\phantom\reflection\native\TNativeMethodProvider.h">
      <Filter>reflection\native</Filter>
    </ClInclude>
    <ClInclude Include="..\..\..\phantom\reflection\native\TNativeStaticMethod.h">
      <Filter>reflection\native</Filter>
    </ClInclude>
    <ClInclude Include="..\..\..\phantom\reflection\TemplateSpecialization.h">
      <Filter>reflection</Filter>
    </ClInclude>
    <ClInclude Include="..\..\..\phantom\reflection\Type.classdef.h">
      <Filter>reflection</Filter>
    </ClInclude>
    <ClInclude Include="..\..\..\phantom\reflection\Type.h">
      <Filter>reflection</Filter>
    </ClInclude>
    <ClInclude Include="..\..\..\phantom\reflection\VirtualMethodTable.classdef.h">
      <Filter>reflection</Filter>
    </ClInclude>
    <ClInclude Include="..\..\..\phantom\reflection\VirtualMethodTable.h">
      <Filter>reflection</Filter>
    </ClInclude>
    <ClInclude Include="..\..\..\phantom\reflection\AbstractMethod.classdef.h">
      <Filter>reflection</Filter>
    </ClInclude>
    <ClInclude Include="..\..\..\phantom\reflection\AbstractMethod.h">
      <Filter>reflection</Filter>
    </ClInclude>
    <ClInclude Include="..\..\..\phantom\reflection\Accessor.classdef.h">
      <Filter>reflection</Filter>
    </ClInclude>
    <ClInclude Include="..\..\..\phantom\reflection\Accessor.h">
      <Filter>reflection</Filter>
    </ClInclude>
    <ClInclude Include="..\..\..\phantom\reflection\Class.h">
      <Filter>reflection</Filter>
    </ClInclude>
    <ClInclude Include="..\..\..\phantom\reflection\ClassExtension.classdef.h">
      <Filter>reflection</Filter>
    </ClInclude>
    <ClInclude Include="..\..\..\phantom\reflection\ClassExtension.h">
      <Filter>reflection</Filter>
    </ClInclude>
    <ClInclude Include="..\..\..\phantom\reflection\Constructor.classdef.h">
      <Filter>reflection</Filter>
    </ClInclude>
    <ClInclude Include="..\..\..\phantom\reflection\Constructor.h">
      <Filter>reflection</Filter>
    </ClInclude>
    <ClInclude Include="..\..\..\phantom\reflection\InstanceAttribute.classdef.h">
      <Filter>reflection</Filter>
    </ClInclude>
    <ClInclude Include="..\..\..\phantom\reflection\InstanceAttribute.h">
      <Filter>reflection</Filter>
    </ClInclude>
    <ClInclude Include="..\..\..\phantom\reflection\InstanceMethod.classdef.h">
      <Filter>reflection</Filter>
    </ClInclude>
    <ClInclude Include="..\..\..\phantom\reflection\InstanceMethod.h">
      <Filter>reflection</Filter>
    </ClInclude>
    <ClInclude Include="..\..\..\phantom\reflection\Method.classdef.h">
      <Filter>reflection</Filter>
    </ClInclude>
    <ClInclude Include="..\..\..\phantom\reflection\Method.h">
      <Filter>reflection</Filter>
    </ClInclude>
    <ClInclude Include="..\..\..\phantom\reflection\Property.classdef.h">
      <Filter>reflection</Filter>
    </ClInclude>
    <ClInclude Include="..\..\..\phantom\reflection\Property.h">
      <Filter>reflection</Filter>
    </ClInclude>
    <ClInclude Include="..\..\..\phantom\reflection\Signal.classdef.h">
      <Filter>reflection</Filter>
    </ClInclude>
    <ClInclude Include="..\..\..\phantom\reflection\Signal.h">
      <Filter>reflection</Filter>
    </ClInclude>
    <ClInclude Include="..\..\..\phantom\reflection\Signature.classdef.h">
      <Filter>reflection</Filter>
    </ClInclude>
    <ClInclude Include="..\..\..\phantom\reflection\Signature.h">
      <Filter>reflection</Filter>
    </ClInclude>
    <ClInclude Include="..\..\..\phantom\reflection\StaticAttribute.classdef.h">
      <Filter>reflection</Filter>
    </ClInclude>
    <ClInclude Include="..\..\..\phantom\reflection\StaticAttribute.h">
      <Filter>reflection</Filter>
    </ClInclude>
    <ClInclude Include="..\..\..\phantom\reflection\StaticMethod.classdef.h">
      <Filter>reflection</Filter>
    </ClInclude>
    <ClInclude Include="..\..\..\phantom\reflection\StaticMethod.h">
      <Filter>reflection</Filter>
    </ClInclude>
    <ClInclude Include="..\..\..\phantom\reflection\SubProperty.classdef.h">
      <Filter>reflection</Filter>
    </ClInclude>
    <ClInclude Include="..\..\..\phantom\reflection\SubProperty.h">
      <Filter>reflection</Filter>
    </ClInclude>
    <ClInclude Include="..\..\..\phantom\reflection\Subroutine.classdef.h">
      <Filter>reflection</Filter>
    </ClInclude>
    <ClInclude Include="..\..\..\phantom\reflection\Subroutine.h">
      <Filter>reflection</Filter>
    </ClInclude>
    <ClInclude Include="..\..\..\phantom\reflection\TemplateSpecialization.classdef.h">
      <Filter>reflection</Filter>
    </ClInclude>
    <ClInclude Include="..\..\..\phantom\state\Event.classdef.h">
      <Filter>state</Filter>
    </ClInclude>
    <ClInclude Include="..\..\..\phantom\state\Event.h">
      <Filter>state</Filter>
    </ClInclude>
    <ClInclude Include="..\..\..\phantom\state\Reaction.classdef.h">
      <Filter>state</Filter>
    </ClInclude>
    <ClInclude Include="..\..\..\phantom\state\Reaction.h">
      <Filter>state</Filter>
    </ClInclude>
    <ClInclude Include="..\..\..\phantom\state\State.classdef.h">
      <Filter>state</Filter>
    </ClInclude>
    <ClInclude Include="..\..\..\phantom\state\State.h">
      <Filter>state</Filter>
    </ClInclude>
    <ClInclude Include="..\..\..\phantom\state\StateMachine.classdef.h">
      <Filter>state</Filter>
    </ClInclude>
    <ClInclude Include="..\..\..\phantom\state\StateMachine.h">
      <Filter>state</Filter>
    </ClInclude>
    <ClInclude Include="..\..\..\phantom\state\Track.classdef.h">
      <Filter>state</Filter>
    </ClInclude>
    <ClInclude Include="..\..\..\phantom\state\Track.h">
      <Filter>state</Filter>
    </ClInclude>
    <ClInclude Include="..\..\..\phantom\util\BitField.h">
      <Filter>util</Filter>
    </ClInclude>
    <ClInclude Include="..\..\..\phantom\util\Comparator.classdef.h">
      <Filter>util</Filter>
    </ClInclude>
    <ClInclude Include="..\..\..\phantom\util\Comparator.h">
      <Filter>util</Filter>
    </ClInclude>
    <ClInclude Include="..\..\..\phantom\util\Iterator.classdef.h">
      <Filter>util</Filter>
    </ClInclude>
    <ClInclude Include="..\..\..\phantom\util\Iterator.h">
      <Filter>util</Filter>
    </ClInclude>
    <ClInclude Include="..\..\..\phantom\Object.classdef.h" />
    <ClInclude Include="..\..\..\phantom\Object.h" />
    <ClInclude Include="..\..\..\phantom\_begin.classdef.h" />
    <ClInclude Include="..\..\..\phantom\_end.classdef.h" />
    <ClInclude Include="..\..\..\phantom\_kernel.noclassdef.h" />
    <ClInclude Include="..\..\..\phantom\reflection\native\TNativeInterfaceMethod.h">
      <Filter>reflection\native</Filter>
    </ClInclude>
    <ClInclude Include="..\..\..\phantom\reflection\PointerType.h">
      <Filter>reflection</Filter>
    </ClInclude>
    <ClInclude Include="..\..\..\phantom\reflection\PointerType.classdef.h">
      <Filter>reflection</Filter>
    </ClInclude>
    <ClInclude Include="..\..\..\phantom\reflection\native\TNativeInterfaceMethodConst.h">
      <Filter>reflection\native</Filter>
    </ClInclude>
    <ClInclude Include="..\..\..\phantom\memory\nedmalloc.h">
      <Filter>memory</Filter>
    </ClInclude>
    <ClInclude Include="..\..\..\phantom\memory\malloc.c.h">
      <Filter>memory</Filter>
    </ClInclude>
    <ClInclude Include="..\..\..\phantom\reflection\PrimitiveType.h">
      <Filter>reflection</Filter>
    </ClInclude>
    <ClInclude Include="..\..\..\phantom\reflection\PrimitiveType.classdef.h">
      <Filter>reflection</Filter>
    </ClInclude>
    <ClInclude Include="..\..\..\phantom\reflection\native\TNativeInstanceAttribute.h">
      <Filter>reflection\native</Filter>
    </ClInclude>
    <ClInclude Include="..\..\..\phantom\reflection\native\TNativeStaticAttribute.h">
      <Filter>reflection\native</Filter>
    </ClInclude>
    <ClInclude Include="..\..\..\phantom\reflection\native\TNativeAttributeProvider.h">
      <Filter>reflection\native</Filter>
    </ClInclude>
    <ClInclude Include="..\..\..\phantom\state\native\TNativeState.classdef.h">
      <Filter>state\native</Filter>
    </ClInclude>
    <ClInclude Include="..\..\..\phantom\state\native\TNativeState.h">
      <Filter>state\native</Filter>
    </ClInclude>
    <ClInclude Include="..\..\..\phantom\state\native\TNativeStateMachine.classdef.h">
      <Filter>state\native</Filter>
    </ClInclude>
    <ClInclude Include="..\..\..\phantom\state\native\TNativeStateMachine.h">
      <Filter>state\native</Filter>
    </ClInclude>
    <ClInclude Include="..\..\..\phantom\state\native\TNativeTrack.classdef.h">
      <Filter>state\native</Filter>
    </ClInclude>
    <ClInclude Include="..\..\..\phantom\state\native\TNativeTrack.h">
      <Filter>state\native</Filter>
    </ClInclude>
    <ClInclude Include="..\..\..\phantom\reflection\LanguageElement.h">
      <Filter>reflection</Filter>
    </ClInclude>
    <ClInclude Include="..\..\..\phantom\reflection\LanguageElement.classdef.h">
      <Filter>reflection</Filter>
    </ClInclude>
    <ClInclude Include="..\..\..\phantom\state\StateOrderingComparator.classdef.h">
      <Filter>state</Filter>
    </ClInclude>
    <ClInclude Include="..\..\..\phantom\state\StateOrderingComparator.h">
      <Filter>state</Filter>
    </ClInclude>
    <ClInclude Include="..\..\..\phantom\state\StateMachineElement.h">
      <Filter>state</Filter>
    </ClInclude>
    <ClInclude Include="..\..\..\phantom\state\StateMachineElement.classdef.h">
      <Filter>state</Filter>
    </ClInclude>
    <ClInclude Include="..\..\..\phantom\reflection\native\TNativeConstructor.h">
      <Filter>reflection\native</Filter>
    </ClInclude>
    <ClInclude Include="..\..\..\phantom\phantom.h" />
    <ClInclude Include="..\..\..\phantom\reflection\native\TNativeSignal.h">
      <Filter>reflection\native</Filter>
    </ClInclude>
    <ClInclude Include="..\..\..\phantom\reflection\native\TNativeInstanceMethodBase.h">
      <Filter>reflection\native</Filter>
    </ClInclude>
    <ClInclude Include="..\..\..\phantom\reflection\native\TNativeStaticMethodBase.h">
      <Filter>reflection\native</Filter>
    </ClInclude>
    <ClInclude Include="..\..\..\phantom\reflection\native\TNativeSignalBase.h">
      <Filter>reflection\native</Filter>
    </ClInclude>
    <ClInclude Include="..\..\..\phantom\reflection\native\TNativeClassBase.h">
      <Filter>reflection\native</Filter>
    </ClInclude>
    <ClInclude Include="..\..\..\phantom\serialization\Node.h">
      <Filter>serialization</Filter>
    </ClInclude>
    <ClInclude Include="..\..\..\phantom\serialization\DataBase.h">
      <Filter>serialization</Filter>
    </ClInclude>
    <ClInclude Include="..\..\..\phantom\reflection\Namespace.h">
      <Filter>reflection</Filter>
    </ClInclude>
    <ClInclude Include="..\..\..\phantom\reflection\Namespace.classdef.h">
      <Filter>reflection</Filter>
    </ClInclude>
    <ClInclude Include="..\..\..\phantom\reflection\Scope.h">
      <Filter>reflection</Filter>
    </ClInclude>
    <ClInclude Include="..\..\..\phantom\reflection\Function.h">
      <Filter>reflection</Filter>
    </ClInclude>
    <ClInclude Include="..\..\..\phantom\reflection\Function.classdef.h">
      <Filter>reflection</Filter>
    </ClInclude>
    <ClInclude Include="..\..\..\phantom\reflection\PODStruct.h">
      <Filter>reflection</Filter>
    </ClInclude>
    <ClInclude Include="..\..\..\phantom\reflection\PODStruct.classdef.h">
      <Filter>reflection</Filter>
    </ClInclude>
    <ClInclude Include="..\..\..\phantom\reflection\DataPointerType.h">
      <Filter>reflection</Filter>
    </ClInclude>
    <ClInclude Include="..\..\..\phantom\reflection\DataPointerType.classdef.h">
      <Filter>reflection</Filter>
    </ClInclude>
    <ClInclude Include="..\..\..\phantom\reflection\native\TType.h">
      <Filter>reflection\native</Filter>
    </ClInclude>
    <ClInclude Include="..\..\..\phantom\reflection\PODUnion.h">
      <Filter>reflection</Filter>
    </ClInclude>
    <ClInclude Include="..\..\..\phantom\reflection\PODUnion.classdef.h">
      <Filter>reflection</Filter>
    </ClInclude>
    <ClInclude Include="..\..\..\phantom\reflection\ClassType.h">
      <Filter>reflection</Filter>
    </ClInclude>
    <ClInclude Include="..\..\..\phantom\reflection\ClassType.classdef.h">
      <Filter>reflection</Filter>
    </ClInclude>
    <ClInclude Include="..\..\..\phantom\reflection\Union.classdef.h">
      <Filter>reflection</Filter>
    </ClInclude>
    <ClInclude Include="..\..\..\phantom\reflection\Union.h">
      <Filter>reflection</Filter>
    </ClInclude>
    <ClInclude Include="..\..\..\phantom\reflection\Constant.h">
      <Filter>reflection</Filter>
    </ClInclude>
    <ClInclude Include="..\..\..\phantom\reflection\Constant.classdef.h">
      <Filter>reflection</Filter>
    </ClInclude>
    <ClInclude Include="..\..\..\phantom\reflection\native\TConstant.h">
      <Filter>reflection\native</Filter>
    </ClInclude>
    <ClInclude Include="..\..\..\phantom\_global.classdef.h" />
    <ClInclude Include="..\..\..\phantom\reflection\Attribute.classdef.h">
      <Filter>reflection</Filter>
    </ClInclude>
    <ClInclude Include="..\..\..\phantom\reflection\Attribute.h">
      <Filter>reflection</Filter>
    </ClInclude>
    <ClInclude Include="..\..\..\phantom\reflection\Member.classdef.h">
      <Filter>reflection</Filter>
    </ClInclude>
    <ClInclude Include="..\..\..\phantom\reflection\Member.h">
      <Filter>reflection</Filter>
    </ClInclude>
    <ClInclude Include="..\..\..\phantom\reflection\StaticVariable.h">
      <Filter>reflection</Filter>
    </ClInclude>
    <ClInclude Include="..\..\..\phantom\reflection\StaticVariable.classdef.h">
      <Filter>reflection</Filter>
    </ClInclude>
    <ClInclude Include="..\..\..\phantom\serialization\Bundle.h">
      <Filter>serialization</Filter>
    </ClInclude>
    <ClInclude Include="..\..\..\phantom\serialization\DataBase.classdef.h">
      <Filter>serialization</Filter>
    </ClInclude>
    <ClInclude Include="..\..\..\phantom\serialization\native\TBundle.h">
      <Filter>serialization\native</Filter>
    </ClInclude>
    <ClInclude Include="..\..\..\phantom\serialization\Bundle.classdef.h">
      <Filter>serialization</Filter>
    </ClInclude>
    <ClInclude Include="..\..\..\phantom\serialization\Node.classdef.h">
      <Filter>serialization</Filter>
    </ClInclude>
    <ClInclude Include="..\..\..\phantom\serialization\BundleNode.h">
      <Filter>serialization</Filter>
    </ClInclude>
    <ClInclude Include="..\..\..\phantom\serialization\BundleNode.classdef.h">
      <Filter>serialization</Filter>
    </ClInclude>
    <ClInclude Include="..\..\..\phantom\serialization\BundleDataBase.h">
      <Filter>serialization</Filter>
    </ClInclude>
    <ClInclude Include="..\..\..\phantom\serialization\BundleDataBase.classdef.h">
      <Filter>serialization</Filter>
    </ClInclude>
    <ClInclude Include="..\..\..\phantom\serialization\DefaultNode.h">
      <Filter>serialization</Filter>
    </ClInclude>
    <ClInclude Include="..\..\..\phantom\serialization\DefaultNode.classdef.h">
      <Filter>serialization</Filter>
    </ClInclude>
    <ClInclude Include="..\..\..\phantom\serialization\FileTreeDataBase.h">
      <Filter>serialization</Filter>
    </ClInclude>
    <ClInclude Include="..\..\..\phantom\serialization\FileTreeDataBase.classdef.h">
      <Filter>serialization</Filter>
    </ClInclude>
    <ClInclude Include="..\..\..\phantom\serialization\FileTreeNode.h">
      <Filter>serialization</Filter>
    </ClInclude>
    <ClInclude Include="..\..\..\phantom\serialization\FileTreeNode.classdef.h">
      <Filter>serialization</Filter>
    </ClInclude>
    <ClInclude Include="..\..\..\phantom\serialization\XmlFileTreeNode.h">
      <Filter>serialization</Filter>
    </ClInclude>
    <ClInclude Include="..\..\..\phantom\serialization\XmlFileTreeNode.classdef.h">
      <Filter>serialization</Filter>
    </ClInclude>
    <ClInclude Include="..\..\..\phantom\serialization\XmlFileTreeDataBase.h">
      <Filter>serialization</Filter>
    </ClInclude>
    <ClInclude Include="..\..\..\phantom\serialization\XmlFileTreeDataBase.classdef.h">
      <Filter>serialization</Filter>
    </ClInclude>
    <ClInclude Include="..\..\..\phantom\reflection\detail\element_finder_spirit.h">
      <Filter>reflection\detail</Filter>
    </ClInclude>
    <ClInclude Include="..\..\..\phantom\reflection\Class.classdef.h">
      <Filter>reflection</Filter>
    </ClInclude>
    <ClInclude Include="..\..\..\phantom\reflection\ReferenceType.h">
      <Filter>reflection</Filter>
    </ClInclude>
    <ClInclude Include="..\..\..\phantom\reflection\ReferenceType.classdef.h">
      <Filter>reflection</Filter>
    </ClInclude>
    <ClInclude Include="..\..\..\phantom\reflection\ConstDataPointerType.h">
      <Filter>reflection</Filter>
    </ClInclude>
    <ClInclude Include="..\..\..\phantom\reflection\ConstDataPointerType.classdef.h">
      <Filter>reflection</Filter>
    </ClInclude>
    <ClInclude Include="..\..\..\phantom\reflection\ConstReferenceType.h">
      <Filter>reflection</Filter>
    </ClInclude>
    <ClInclude Include="..\..\..\phantom\reflection\ConstReferenceType.classdef.h">
      <Filter>reflection</Filter>
    </ClInclude>
    <ClInclude Include="..\..\..\phantom\reflection\Enum.h">
      <Filter>reflection</Filter>
    </ClInclude>
    <ClInclude Include="..\..\..\phantom\reflection\Enum.classdef.h">
      <Filter>reflection</Filter>
    </ClInclude>
    <ClInclude Include="..\..\..\phantom\reflection\TemplateElement.h">
      <Filter>reflection</Filter>
    </ClInclude>
    <ClInclude Include="..\..\..\phantom\reflection\TemplateElement.classdef.h">
      <Filter>reflection</Filter>
    </ClInclude>
    <ClInclude Include="..\..\..\phantom\reflection\ArrayType.h">
      <Filter>reflection</Filter>
    </ClInclude>
    <ClInclude Include="..\..\..\phantom\reflection\ArrayType.classdef.h">
      <Filter>reflection</Filter>
    </ClInclude>
    <ClInclude Include="..\..\..\phantom\reflection\ConstArrayType.h">
      <Filter>reflection</Filter>
    </ClInclude>
    <ClInclude Include="..\..\..\phantom\reflection\ConstArrayType.classdef.h">
      <Filter>reflection</Filter>
    </ClInclude>
    <ClInclude Include="..\..\..\phantom\def_alias.h">
      <Filter>defs</Filter>
    </ClInclude>
    <ClInclude Include="..\..\..\phantom\def_util.h">
      <Filter>defs</Filter>
    </ClInclude>
    <ClInclude Include="..\..\..\phantom\def_cfunctions.h">
      <Filter>defs</Filter>
    </ClInclude>
    <ClInclude Include="..\..\..\phantom\def_config.h">
      <Filter>defs</Filter>
    </ClInclude>
    <ClInclude Include="..\..\..\phantom\def_connection.h">
      <Filter>defs</Filter>
    </ClInclude>
    <ClInclude Include="..\..\..\phantom\def_console.h">
      <Filter>defs</Filter>
    </ClInclude>
    <ClInclude Include="..\..\..\phantom\def_container.h">
      <Filter>defs</Filter>
    </ClInclude>
    <ClInclude Include="..\..\..\phantom\def_custom.h">
      <Filter>defs</Filter>
    </ClInclude>
    <ClInclude Include="..\..\..\phantom\def_exceptions.h">
      <Filter>defs</Filter>
    </ClInclude>
    <ClInclude Include="..\..\..\phantom\def_export.h">
      <Filter>defs</Filter>
    </ClInclude>
    <ClInclude Include="..\..\..\phantom\def_extension.h">
      <Filter>defs</Filter>
    </ClInclude>
    <ClInclude Include="..\..\..\phantom\def_fwd.h">
      <Filter>defs</Filter>
    </ClInclude>
    <ClInclude Include="..\..\..\phantom\def_macros.h">
      <Filter>defs</Filter>
    </ClInclude>
    <ClInclude Include="..\..\..\phantom\def_math.h">
      <Filter>defs</Filter>
    </ClInclude>
    <ClInclude Include="..\..\..\phantom\def_memory.h">
      <Filter>defs</Filter>
    </ClInclude>
    <ClInclude Include="..\..\..\phantom\def_modules.h">
      <Filter>defs</Filter>
    </ClInclude>
    <ClInclude Include="..\..\..\phantom\def_reflection.h">
      <Filter>defs</Filter>
    </ClInclude>
    <ClInclude Include="..\..\..\phantom\def_serialization.h">
      <Filter>defs</Filter>
    </ClInclude>
    <ClInclude Include="..\..\..\phantom\def_statechart.h">
      <Filter>defs</Filter>
    </ClInclude>
    <ClInclude Include="..\..\..\phantom\def_t_content_type_of.h">
      <Filter>defs</Filter>
    </ClInclude>
    <ClInclude Include="..\..\..\phantom\def_traits.h">
      <Filter>defs</Filter>
    </ClInclude>
    <ClInclude Include="..\..\..\phantom\def_types.h">
      <Filter>defs</Filter>
    </ClInclude>
    <ClInclude Include="..\..\..\phantom\reflection\Variable.h">
      <Filter>reflection</Filter>
    </ClInclude>
    <ClInclude Include="..\..\..\phantom\reflection\Variable.classdef.h">
      <Filter>reflection</Filter>
    </ClInclude>
    <ClInclude Include="..\..\..\phantom\reflection\PropertyBinding.h">
      <Filter>reflection</Filter>
    </ClInclude>
    <ClInclude Include="..\..\..\phantom\reflection\PropertyBinding.classdef.h">
      <Filter>reflection</Filter>
    </ClInclude>
    <ClInclude Include="..\..\..\phantom\math\scalar_funcs.h">
      <Filter>math</Filter>
    </ClInclude>
    <ClInclude Include="..\..\..\phantom\math\vector_funcs.h">
      <Filter>math</Filter>
    </ClInclude>
    <ClInclude Include="..\..\..\phantom\math\vector_types.h">
      <Filter>math</Filter>
    </ClInclude>
    <ClInclude Include="..\..\..\phantom\math\vector_reflection.h">
      <Filter>math</Filter>
    </ClInclude>
    <ClInclude Include="..\..\..\phantom\math\vector3.h">
      <Filter>math</Filter>
    </ClInclude>
    <ClInclude Include="..\..\..\phantom\math\matrix3x3.h">
      <Filter>math</Filter>
    </ClInclude>
    <ClInclude Include="..\..\..\phantom\math\matrix2x2.h">
      <Filter>math</Filter>
    </ClInclude>
    <ClInclude Include="..\..\..\phantom\math\matrix4x4.h">
      <Filter>math</Filter>
    </ClInclude>
    <ClInclude Include="..\..\..\phantom\math\vector2.h">
      <Filter>math</Filter>
    </ClInclude>
    <ClInclude Include="..\..\..\phantom\math\quaternion.h">
      <Filter>math</Filter>
    </ClInclude>
    <ClInclude Include="..\..\..\phantom\math\vectorX_base.h">
      <Filter>math</Filter>
    </ClInclude>
    <ClInclude Include="..\..\..\phantom\math\utils.h">
      <Filter>math</Filter>
    </ClInclude>
    <ClInclude Include="..\..\..\phantom\math\rotation2D.h">
      <Filter>math</Filter>
    </ClInclude>
    <ClInclude Include="..\..\..\phantom\math\transform2.h">
      <Filter>math</Filter>
    </ClInclude>
    <ClInclude Include="..\..\..\phantom\math\aabb2.h">
      <Filter>math</Filter>
    </ClInclude>
    <ClInclude Include="..\..\..\phantom\util\TVisitor.h">
      <Filter>util</Filter>
    </ClInclude>
    <ClInclude Include="..\..\..\phantom\util\TVisitor.classdef.h">
      <Filter>util</Filter>
    </ClInclude>
    <ClInclude Include="..\..\..\phantom\reflection\native\TNativeAccessor.h">
      <Filter>reflection\native</Filter>
    </ClInclude>
    <ClInclude Include="..\..\..\phantom\externals\std\std.h">
      <Filter>externals\std</Filter>
    </ClInclude>
    <ClInclude Include="..\..\..\phantom\reflection\ContainerClass.h">
      <Filter>reflection</Filter>
    </ClInclude>
    <ClInclude Include="..\..\..\phantom\reflection\ContainerClass.classdef.h">
      <Filter>reflection</Filter>
    </ClInclude>
    <ClInclude Include="..\..\..\phantom\reflection\MapContainerClass.h">
      <Filter>reflection</Filter>
    </ClInclude>
    <ClInclude Include="..\..\..\phantom\reflection\MapContainerClass.classdef.h">
      <Filter>reflection</Filter>
    </ClInclude>
    <ClInclude Include="..\..\..\phantom\externals\boost\boost_pool.h">
      <Filter>externals\boost</Filter>
    </ClInclude>
    <ClInclude Include="..\..\..\phantom\externals\boost\boost_thread.h">
      <Filter>externals\boost</Filter>
    </ClInclude>
    <ClInclude Include="..\..\..\phantom\reflection\IteratorVariable.h">
      <Filter>reflection</Filter>
    </ClInclude>
    <ClInclude Include="..\..\..\phantom\reflection\IteratorVariable.classdef.h">
      <Filter>reflection</Filter>
    </ClInclude>
    <ClInclude Include="..\..\..\phantom\reflection\SequentialContainerClass.h">
      <Filter>reflection</Filter>
    </ClInclude>
    <ClInclude Include="..\..\..\phantom\reflection\SequentialContainerClass.classdef.h">
      <Filter>reflection</Filter>
    </ClInclude>
    <ClInclude Include="..\..\..\phantom\reflection\SetContainerClass.classdef.h">
      <Filter>reflection</Filter>
    </ClInclude>
    <ClInclude Include="..\..\..\phantom\reflection\SetContainerClass.h">
      <Filter>reflection</Filter>
    </ClInclude>
    <ClInclude Include="..\..\..\phantom\reflection\IteratorConstant.h">
      <Filter>reflection</Filter>
    </ClInclude>
    <ClInclude Include="..\..\..\phantom\reflection\IteratorConstant.classdef.h">
      <Filter>reflection</Filter>
    </ClInclude>
    <ClInclude Include="..\..\..\phantom\serialization\DataStateBase.classdef.h">
      <Filter>serialization</Filter>
    </ClInclude>
    <ClInclude Include="..\..\..\phantom\serialization\DataStateBase.h">
      <Filter>serialization</Filter>
    </ClInclude>
    <ClInclude Include="..\..\..\phantom\serialization\XmlFileTreeDataStateBase.h">
      <Filter>serialization</Filter>
    </ClInclude>
    <ClInclude Include="..\..\..\phantom\serialization\FileTreeDataStateBase.h">
      <Filter>serialization</Filter>
    </ClInclude>
    <ClInclude Include="..\..\..\phantom\serialization\PackageDataBase.h">
      <Filter>serialization</Filter>
    </ClInclude>
    <ClInclude Include="..\..\..\phantom\serialization\PackageDataStateBase.h">
      <Filter>serialization</Filter>
    </ClInclude>
    <ClInclude Include="..\..\..\phantom\serialization\PackageNode.h">
      <Filter>serialization</Filter>
    </ClInclude>
    <ClInclude Include="..\..\..\phantom\serialization\BinaryPackageDataBase.h">
      <Filter>serialization</Filter>
    </ClInclude>
    <ClInclude Include="..\..\..\phantom\serialization\BinaryPackageDataStateBase.h">
      <Filter>serialization</Filter>
    </ClInclude>
    <ClInclude Include="..\..\..\phantom\serialization\BinaryPackageNode.h">
      <Filter>serialization</Filter>
    </ClInclude>
    <ClInclude Include="..\..\..\phantom\serialization\BinaryPackageDataBase.classdef.h">
      <Filter>serialization</Filter>
    </ClInclude>
    <ClInclude Include="..\..\..\phantom\serialization\BinaryPackageNode.classdef.h">
      <Filter>serialization</Filter>
    </ClInclude>
    <ClInclude Include="..\..\..\phantom\serialization\PackageDataBase.classdef.h">
      <Filter>serialization</Filter>
    </ClInclude>
    <ClInclude Include="..\..\..\phantom\serialization\PackageNode.classdef.h">
      <Filter>serialization</Filter>
    </ClInclude>
    <ClInclude Include="..\..\..\phantom\serialization\BinaryFileTreeDataBase.classdef.h">
      <Filter>serialization</Filter>
    </ClInclude>
    <ClInclude Include="..\..\..\phantom\serialization\BinaryFileTreeDataBase.h">
      <Filter>serialization</Filter>
    </ClInclude>
    <ClInclude Include="..\..\..\phantom\serialization\BinaryFileTreeDataStateBase.h">
      <Filter>serialization</Filter>
    </ClInclude>
    <ClInclude Include="..\..\..\phantom\serialization\BinaryFileTreeNode.classdef.h">
      <Filter>serialization</Filter>
    </ClInclude>
    <ClInclude Include="..\..\..\phantom\serialization\BinaryFileTreeNode.h">
      <Filter>serialization</Filter>
    </ClInclude>
    <ClInclude Include="..\..\..\phantom\math\math.h">
      <Filter>math</Filter>
    </ClInclude>
    <ClInclude Include="..\..\..\phantom\math\triangle2.h">
      <Filter>math</Filter>
    </ClInclude>
    <ClInclude Include="..\..\..\phantom\math\polygon2.h">
      <Filter>math</Filter>
    </ClInclude>
    <ClInclude Include="..\..\..\phantom\reflection\native\NativeVTableInspector.h">
      <Filter>reflection\native</Filter>
    </ClInclude>
    <ClInclude Include="..\..\..\phantom\serialization\DataTypeManager.h">
      <Filter>serialization</Filter>
    </ClInclude>
    <ClInclude Include="..\..\..\phantom\math\vector4.h">
      <Filter>math</Filter>
    </ClInclude>
    <ClInclude Include="..\..\..\phantom\reflection\Collection.h">
      <Filter>reflection</Filter>
    </ClInclude>
    <ClInclude Include="..\..\..\phantom\reflection\Collection.classdef.h">
      <Filter>reflection</Filter>
    </ClInclude>
    <ClInclude Include="..\..\..\phantom\reflection\native\TNativeCollection.h">
      <Filter>reflection\native</Filter>
    </ClInclude>
    <ClInclude Include="..\..\..\phantom\util\TComposition.h">
      <Filter>util</Filter>
    </ClInclude>
    <ClInclude Include="..\..\..\phantom\reflection\SourceFile.h">
      <Filter>reflection</Filter>
    </ClInclude>
    <ClInclude Include="..\..\..\phantom\reflection\SourceFile.classdef.h">
      <Filter>reflection</Filter>
    </ClInclude>
    <ClInclude Include="..\..\..\phantom\reflection\Location.h">
      <Filter>reflection</Filter>
    </ClInclude>
    <ClInclude Include="..\..\..\phantom\reflection\Block.h">
      <Filter>reflection</Filter>
    </ClInclude>
    <ClInclude Include="..\..\..\phantom\reflection\LocalVariable.h">
      <Filter>reflection</Filter>
    </ClInclude>
    <ClInclude Include="..\..\..\phantom\variant.h" />
    <ClInclude Include="..\..\..\phantom\util\flags.h">
      <Filter>util</Filter>
    </ClInclude>
  </ItemGroup>
  <ItemGroup>
    <ClCompile Include="..\..\..\phantom\reflection\TemplateSpecialization.cpp">
      <Filter>reflection</Filter>
    </ClCompile>
    <ClCompile Include="..\..\..\phantom\reflection\Type.cpp">
      <Filter>reflection</Filter>
    </ClCompile>
    <ClCompile Include="..\..\..\phantom\reflection\VirtualMethodTable.cpp">
      <Filter>reflection</Filter>
    </ClCompile>
    <ClCompile Include="..\..\..\phantom\reflection\AbstractMethod.cpp">
      <Filter>reflection</Filter>
    </ClCompile>
    <ClCompile Include="..\..\..\phantom\reflection\Accessor.cpp">
      <Filter>reflection</Filter>
    </ClCompile>
    <ClCompile Include="..\..\..\phantom\reflection\Class.cpp">
      <Filter>reflection</Filter>
    </ClCompile>
    <ClCompile Include="..\..\..\phantom\reflection\ClassExtension.cpp">
      <Filter>reflection</Filter>
    </ClCompile>
    <ClCompile Include="..\..\..\phantom\reflection\Constructor.cpp">
      <Filter>reflection</Filter>
    </ClCompile>
    <ClCompile Include="..\..\..\phantom\reflection\InstanceAttribute.cpp">
      <Filter>reflection</Filter>
    </ClCompile>
    <ClCompile Include="..\..\..\phantom\reflection\InstanceMethod.cpp">
      <Filter>reflection</Filter>
    </ClCompile>
    <ClCompile Include="..\..\..\phantom\reflection\Method.cpp">
      <Filter>reflection</Filter>
    </ClCompile>
    <ClCompile Include="..\..\..\phantom\reflection\Property.cpp">
      <Filter>reflection</Filter>
    </ClCompile>
    <ClCompile Include="..\..\..\phantom\reflection\Signal.cpp">
      <Filter>reflection</Filter>
    </ClCompile>
    <ClCompile Include="..\..\..\phantom\reflection\Signature.cpp">
      <Filter>reflection</Filter>
    </ClCompile>
    <ClCompile Include="..\..\..\phantom\reflection\StaticAttribute.cpp">
      <Filter>reflection</Filter>
    </ClCompile>
    <ClCompile Include="..\..\..\phantom\reflection\StaticMethod.cpp">
      <Filter>reflection</Filter>
    </ClCompile>
    <ClCompile Include="..\..\..\phantom\reflection\SubProperty.cpp">
      <Filter>reflection</Filter>
    </ClCompile>
    <ClCompile Include="..\..\..\phantom\reflection\Subroutine.cpp">
      <Filter>reflection</Filter>
    </ClCompile>
    <ClCompile Include="..\..\..\phantom\state\Event.cpp">
      <Filter>state</Filter>
    </ClCompile>
    <ClCompile Include="..\..\..\phantom\state\Reaction.cpp">
      <Filter>state</Filter>
    </ClCompile>
    <ClCompile Include="..\..\..\phantom\state\State.cpp">
      <Filter>state</Filter>
    </ClCompile>
    <ClCompile Include="..\..\..\phantom\state\StateMachine.cpp">
      <Filter>state</Filter>
    </ClCompile>
    <ClCompile Include="..\..\..\phantom\state\Track.cpp">
      <Filter>state</Filter>
    </ClCompile>
    <ClCompile Include="..\..\..\phantom\util\Comparator.cpp">
      <Filter>util</Filter>
    </ClCompile>
    <ClCompile Include="..\..\..\phantom\util\Iterator.cpp">
      <Filter>util</Filter>
    </ClCompile>
    <ClCompile Include="..\..\..\phantom\Object.cpp" />
    <ClCompile Include="..\..\..\phantom\reflection\PointerType.cpp">
      <Filter>reflection</Filter>
    </ClCompile>
    <ClCompile Include="..\..\..\phantom\memory\nedmalloc.cpp">
      <Filter>memory</Filter>
    </ClCompile>
    <ClCompile Include="..\..\..\phantom\reflection\PrimitiveType.cpp">
      <Filter>reflection</Filter>
    </ClCompile>
    <ClCompile Include="..\..\..\phantom\reflection\LanguageElement.cpp">
      <Filter>reflection</Filter>
    </ClCompile>
    <ClCompile Include="..\..\..\phantom\state\StateOrderingComparator.cpp">
      <Filter>state</Filter>
    </ClCompile>
    <ClCompile Include="..\..\..\phantom\state\StateMachineElement.cpp">
      <Filter>state</Filter>
    </ClCompile>
    <ClCompile Include="..\..\..\phantom\phantom.cpp" />
    <ClCompile Include="..\..\..\phantom\reflection\Namespace.cpp">
      <Filter>reflection</Filter>
    </ClCompile>
    <ClCompile Include="..\..\..\phantom\reflection\Function.cpp">
      <Filter>reflection</Filter>
    </ClCompile>
    <ClCompile Include="..\..\..\phantom\reflection\PODStruct.cpp">
      <Filter>reflection</Filter>
    </ClCompile>
    <ClCompile Include="..\..\..\phantom\reflection\DataPointerType.cpp">
      <Filter>reflection</Filter>
    </ClCompile>
    <ClCompile Include="..\..\..\phantom\reflection\PODUnion.cpp">
      <Filter>reflection</Filter>
    </ClCompile>
    <ClCompile Include="..\..\..\phantom\reflection\ClassType.cpp">
      <Filter>reflection</Filter>
    </ClCompile>
    <ClCompile Include="..\..\..\phantom\reflection\Union.cpp">
      <Filter>reflection</Filter>
    </ClCompile>
    <ClCompile Include="..\..\..\phantom\reflection\Constant.cpp">
      <Filter>reflection</Filter>
    </ClCompile>
    <ClCompile Include="..\..\..\phantom\reflection\Attribute.cpp">
      <Filter>reflection</Filter>
    </ClCompile>
    <ClCompile Include="..\..\..\phantom\reflection\Member.cpp">
      <Filter>reflection</Filter>
    </ClCompile>
    <ClCompile Include="..\..\..\phantom\reflection\StaticVariable.cpp">
      <Filter>reflection</Filter>
    </ClCompile>
    <ClCompile Include="..\..\..\phantom\serialization\Bundle.cpp">
      <Filter>serialization</Filter>
    </ClCompile>
    <ClCompile Include="..\..\..\phantom\serialization\Node.cpp">
      <Filter>serialization</Filter>
    </ClCompile>
    <ClCompile Include="..\..\..\phantom\serialization\DataBase.cpp">
      <Filter>serialization</Filter>
    </ClCompile>
    <ClCompile Include="..\..\..\phantom\serialization\BundleNode.cpp">
      <Filter>serialization</Filter>
    </ClCompile>
    <ClCompile Include="..\..\..\phantom\serialization\BundleDataBase.cpp">
      <Filter>serialization</Filter>
    </ClCompile>
    <ClCompile Include="..\..\..\phantom\serialization\DefaultNode.cpp">
      <Filter>serialization</Filter>
    </ClCompile>
    <ClCompile Include="..\..\..\phantom\serialization\FileTreeDataBase.cpp">
      <Filter>serialization</Filter>
    </ClCompile>
    <ClCompile Include="..\..\..\phantom\serialization\FileTreeNode.cpp">
      <Filter>serialization</Filter>
    </ClCompile>
    <ClCompile Include="..\..\..\phantom\serialization\XmlFileTreeNode.cpp">
      <Filter>serialization</Filter>
    </ClCompile>
    <ClCompile Include="..\..\..\phantom\serialization\XmlFileTreeDataBase.cpp">
      <Filter>serialization</Filter>
    </ClCompile>
    <ClCompile Include="..\..\..\phantom\serialization\PackageDataBase.cpp">
      <Filter>serialization</Filter>
    </ClCompile>
    <ClCompile Include="..\..\..\phantom\serialization\PackageDataStateBase.cpp">
      <Filter>serialization</Filter>
    </ClCompile>
    <ClCompile Include="..\..\..\phantom\serialization\PackageNode.cpp">
      <Filter>serialization</Filter>
    </ClCompile>
    <ClCompile Include="..\..\..\phantom\serialization\BinaryPackageDataBase.cpp">
      <Filter>serialization</Filter>
    </ClCompile>
    <ClCompile Include="..\..\..\phantom\serialization\BinaryPackageDataStateBase.cpp">
      <Filter>serialization</Filter>
    </ClCompile>
    <ClCompile Include="..\..\..\phantom\serialization\BinaryPackageNode.cpp">
      <Filter>serialization</Filter>
    </ClCompile>
    <ClCompile Include="..\..\..\phantom\serialization\BinaryFileTreeDataBase.cpp">
      <Filter>serialization</Filter>
    </ClCompile>
    <ClCompile Include="..\..\..\phantom\serialization\BinaryFileTreeDataStateBase.cpp">
      <Filter>serialization</Filter>
    </ClCompile>
    <ClCompile Include="..\..\..\phantom\serialization\BinaryFileTreeNode.cpp">
      <Filter>serialization</Filter>
    </ClCompile>
    <ClCompile Include="..\..\..\phantom\reflection\detail\element_finder_spirit.cpp">
      <Filter>reflection\detail</Filter>
    </ClCompile>
    <ClCompile Include="..\..\..\phantom\reflection\ReferenceType.cpp">
      <Filter>reflection</Filter>
    </ClCompile>
    <ClCompile Include="..\..\..\phantom\reflection\ConstDataPointerType.cpp">
      <Filter>reflection</Filter>
    </ClCompile>
    <ClCompile Include="..\..\..\phantom\reflection\ConstReferenceType.cpp">
      <Filter>reflection</Filter>
    </ClCompile>
    <ClCompile Include="..\..\..\phantom\reflection\Enum.cpp">
      <Filter>reflection</Filter>
    </ClCompile>
    <ClCompile Include="..\..\..\phantom\_pch.cpp" />
    <ClCompile Include="..\..\..\phantom\reflection\TemplateElement.cpp">
      <Filter>reflection</Filter>
    </ClCompile>
    <ClCompile Include="..\..\..\phantom\reflection\ArrayType.cpp">
      <Filter>reflection</Filter>
    </ClCompile>
    <ClCompile Include="..\..\..\phantom\reflection\ConstArrayType.cpp">
      <Filter>reflection</Filter>
    </ClCompile>
    <ClCompile Include="..\..\..\phantom\def_console.cpp">
      <Filter>defs</Filter>
    </ClCompile>
    <ClCompile Include="..\..\..\phantom\def_memory.cpp">
      <Filter>defs</Filter>
    </ClCompile>
    <ClCompile Include="..\..\..\phantom\def_reflection.cpp">
      <Filter>defs</Filter>
    </ClCompile>
    <ClCompile Include="..\..\..\phantom\reflection\Variable.cpp">
      <Filter>reflection</Filter>
    </ClCompile>
    <ClCompile Include="..\..\..\phantom\reflection\PropertyBinding.cpp">
      <Filter>reflection</Filter>
    </ClCompile>
    <ClCompile Include="..\..\..\phantom\math\vector_reflection.cpp">
      <Filter>math</Filter>
    </ClCompile>
    <ClCompile Include="..\..\..\phantom\math\math.cpp">
      <Filter>math</Filter>
    </ClCompile>
    <ClCompile Include="..\..\..\phantom\reflection\ContainerClass.cpp">
      <Filter>reflection</Filter>
    </ClCompile>
    <ClCompile Include="..\..\..\phantom\reflection\MapContainerClass.cpp">
      <Filter>reflection</Filter>
    </ClCompile>
    <ClCompile Include="..\..\..\phantom\externals\boost\boost.cpp">
      <Filter>externals\boost</Filter>
    </ClCompile>
    <ClCompile Include="..\..\..\phantom\externals\std\std.cpp">
      <Filter>externals\std</Filter>
    </ClCompile>
    <ClCompile Include="..\..\..\phantom\reflection\IteratorVariable.cpp">
      <Filter>reflection</Filter>
    </ClCompile>
    <ClCompile Include="..\..\..\phantom\reflection\SequentialContainerClass.cpp">
      <Filter>reflection</Filter>
    </ClCompile>
    <ClCompile Include="..\..\..\phantom\reflection\SetContainerClass.cpp">
      <Filter>reflection</Filter>
    </ClCompile>
    <ClCompile Include="..\..\..\phantom\reflection\IteratorConstant.cpp">
      <Filter>reflection</Filter>
    </ClCompile>
    <ClCompile Include="..\..\..\phantom\serialization\DataStateBase.cpp">
      <Filter>serialization</Filter>
    </ClCompile>
    <ClCompile Include="..\..\..\phantom\serialization\XmlFileTreeDataStateBase.cpp">
      <Filter>serialization</Filter>
    </ClCompile>
    <ClCompile Include="..\..\..\phantom\serialization\FileTreeDataStateBase.cpp">
      <Filter>serialization</Filter>
    </ClCompile>
    <ClCompile Include="..\..\..\phantom\reflection\native\NativeVTableInspector.cpp">
      <Filter>reflection\native</Filter>
    </ClCompile>
    <ClCompile Include="..\..\..\phantom\serialization\DataTypeManager.cpp">
      <Filter>serialization</Filter>
    </ClCompile>
    <ClCompile Include="..\..\..\phantom\reflection\Collection.cpp">
      <Filter>reflection</Filter>
    </ClCompile>
    <ClCompile Include="..\..\..\phantom\reflection\SourceFile.cpp">
      <Filter>reflection</Filter>
    </ClCompile>
    <ClCompile Include="..\..\..\phantom\reflection\Block.cpp">
      <Filter>reflection</Filter>
    </ClCompile>
    <ClCompile Include="..\..\..\phantom\reflection\LocalVariable.cpp">
      <Filter>reflection</Filter>
    </ClCompile>
    <ClCompile Include="..\..\..\phantom\variant.cpp" />
    <ClCompile Include="..\..\..\phantom\reflection\Location.cpp">
      <Filter>reflection</Filter>
    </ClCompile>
  </ItemGroup>
  <ItemGroup>
    <None Include="..\..\..\phantom\def_memory.inl">
      <Filter>defs</Filter>
    </None>
    <None Include="..\..\..\phantom\def_modules_phantom_reflection_Class_dependency.inl">
      <Filter>defs</Filter>
    </None>
    <None Include="..\..\..\phantom\def_modules_phantom_state_StateMachine_dependency.inl">
      <Filter>defs</Filter>
    </None>
    <None Include="..\..\..\phantom\math\matrix3x3.inl">
      <Filter>math</Filter>
    </None>
  </ItemGroup>
</Project>