<?xml version="1.0" encoding="utf-8"?>
<Project ToolsVersion="4.0" xmlns="http://schemas.microsoft.com/developer/msbuild/2003">
  <ItemGroup>
    <Filter Include="Generated Files">
      <UniqueIdentifier>{71ED8ED8-ACB9-4CE9-BBE1-E00B30144E11}</UniqueIdentifier>
      <Extensions>moc;h;cpp</Extensions>
      <ParseFiles>true</ParseFiles>
    </Filter>
    <Filter Include="Generated Files\Debug">
      <UniqueIdentifier>{f7ba9103-8d5a-44cc-88fd-1ce737555dbb}</UniqueIdentifier>
      <Extensions>cpp;moc</Extensions>
      <SourceControlFiles>False</SourceControlFiles>
    </Filter>
    <Filter Include="Generated Files\Release">
      <UniqueIdentifier>{d91ff0a0-b10f-4c35-93e2-b3012c04c027}</UniqueIdentifier>
      <Extensions>cpp;moc</Extensions>
      <SourceControlFiles>False</SourceControlFiles>
    </Filter>
    <Filter Include="src">
      <UniqueIdentifier>{fa33a7d3-a0b9-4bf1-9623-cc993096aa81}</UniqueIdentifier>
    </Filter>
  </ItemGroup>
  <ItemGroup>
    <CustomBuild Include="..\..\..\phantom\qt\VariableEditor.h">
      <Filter>src</Filter>
    </CustomBuild>
    <CustomBuild Include="..\..\..\phantom\qt\BitFieldEditor.h">
      <Filter>src</Filter>
    </CustomBuild>
    <CustomBuild Include="..\..\..\phantom\qt\StringLineEditor.h">
      <Filter>src</Filter>
    </CustomBuild>
    <CustomBuild Include="..\..\..\phantom\qt\NumberLineEditor.h">
      <Filter>src</Filter>
    </CustomBuild>
    <CustomBuild Include="..\..\..\phantom\qt\EnumComboBoxEditor.h">
      <Filter>src</Filter>
    </CustomBuild>
    <CustomBuild Include="..\..\..\phantom\qt\BoolCheckBoxEditor.h">
      <Filter>src</Filter>
    </CustomBuild>
    <CustomBuild Include="..\..\..\phantom\qt\qt.qrc">
      <Filter>src</Filter>
    </CustomBuild>
    <CustomBuild Include="..\..\..\phantom\qt\VariableAction.h">
      <Filter>src</Filter>
    </CustomBuild>
    <CustomBuild Include="..\..\..\phantom\qt\VariableWidget.h">
      <Filter>src</Filter>
    </CustomBuild>
    <CustomBuild Include="..\..\..\phantom\qt\VariableWidgetEditor.h">
      <Filter>src</Filter>
    </CustomBuild>
    <CustomBuild Include="..\..\..\phantom\qt\MessageDisplay.h">
      <Filter>src</Filter>
    </CustomBuild>
    <CustomBuild Include="..\..\..\phantom\qt\StateMachineInspector.h">
      <Filter>src</Filter>
    </CustomBuild>
    <CustomBuild Include="..\..\..\phantom\qt\DataTreeView.h">
      <Filter>src</Filter>
    </CustomBuild>
    <CustomBuild Include="..\..\..\phantom\qt\Action.h">
      <Filter>src</Filter>
    </CustomBuild>
    <CustomBuild Include="..\..\..\phantom\qt\ModuleExplorer.h">
      <Filter>src</Filter>
    </CustomBuild>
    <CustomBuild Include="..\..\..\phantom\qt\DataComboBox.h">
      <Filter>src</Filter>
    </CustomBuild>
    <CustomBuild Include="..\..\..\phantom\qt\DataComboBoxEditor.h">
      <Filter>src</Filter>
    </CustomBuild>
    <CustomBuild Include="..\..\..\phantom\qt\ClassComboBox.h">
      <Filter>src</Filter>
    </CustomBuild>
    <CustomBuild Include="..\..\..\phantom\qt\ComponentDataComboBox.h">
      <Filter>src</Filter>
    </CustomBuild>
    <CustomBuild Include="..\..\..\phantom\qt\VariableModel.h">
      <Filter>src</Filter>
    </CustomBuild>
    <CustomBuild Include="..\..\..\phantom\qt\VariableNode.h">
      <Filter>src</Filter>
    </CustomBuild>
  </ItemGroup>
  <ItemGroup>
    <ClCompile Include="GeneratedFiles\Debug\moc_VariableEditor.cpp">
      <Filter>Generated Files\Debug</Filter>
    </ClCompile>
    <ClCompile Include="GeneratedFiles\Release\moc_VariableEditor.cpp">
      <Filter>Generated Files\Release</Filter>
    </ClCompile>
    <ClCompile Include="..\..\..\phantom\qt\VariableEditor.cpp">
      <Filter>src</Filter>
    </ClCompile>
    <ClCompile Include="GeneratedFiles\Debug\moc_BitFieldEditor.cpp">
      <Filter>Generated Files\Debug</Filter>
    </ClCompile>
    <ClCompile Include="GeneratedFiles\Release\moc_BitFieldEditor.cpp">
      <Filter>Generated Files\Release</Filter>
    </ClCompile>
    <ClCompile Include="..\..\..\phantom\qt\BitFieldEditor.cpp">
      <Filter>src</Filter>
    </ClCompile>
    <ClCompile Include="..\..\..\phantom\qt\StringLineEditor.cpp">
      <Filter>src</Filter>
    </ClCompile>
    <ClCompile Include="..\..\..\phantom\qt\NumberLineEditor.cpp">
      <Filter>src</Filter>
    </ClCompile>
    <ClCompile Include="GeneratedFiles\Debug\moc_EnumComboBoxEditor.cpp">
      <Filter>Generated Files\Debug</Filter>
    </ClCompile>
    <ClCompile Include="GeneratedFiles\Release\moc_EnumComboBoxEditor.cpp">
      <Filter>Generated Files\Release</Filter>
    </ClCompile>
    <ClCompile Include="..\..\..\phantom\qt\qt.cpp">
      <Filter>src</Filter>
    </ClCompile>
    <ClCompile Include="..\..\..\phantom\qt\EnumComboBoxEditor.cpp">
      <Filter>src</Filter>
    </ClCompile>
    <ClCompile Include="..\..\..\phantom\qt\pch.cpp">
      <Filter>src</Filter>
    </ClCompile>
    <ClCompile Include="..\..\..\phantom\qt\BoolCheckBoxEditor.cpp">
      <Filter>src</Filter>
    </ClCompile>
    <ClCompile Include="..\..\..\phantom\qt\CharLineEditor.cpp">
      <Filter>src</Filter>
    </ClCompile>
    <ClCompile Include="GeneratedFiles\qrc_qt.cpp">
      <Filter>Generated Files</Filter>
    </ClCompile>
    <ClCompile Include="GeneratedFiles\Debug\moc_VariableAction.cpp">
      <Filter>Generated Files\Debug</Filter>
    </ClCompile>
    <ClCompile Include="GeneratedFiles\Release\moc_VariableAction.cpp">
      <Filter>Generated Files\Release</Filter>
    </ClCompile>
    <ClCompile Include="..\..\..\phantom\qt\VariableAction.cpp">
      <Filter>src</Filter>
    </ClCompile>
    <ClCompile Include="..\..\..\phantom\qt\VariableWidget.cpp">
      <Filter>src</Filter>
    </ClCompile>
    <ClCompile Include="GeneratedFiles\Debug\moc_VariableWidgetEditor.cpp">
      <Filter>Generated Files\Debug</Filter>
    </ClCompile>
    <ClCompile Include="GeneratedFiles\Release\moc_VariableWidgetEditor.cpp">
      <Filter>Generated Files\Release</Filter>
    </ClCompile>
    <ClCompile Include="..\..\..\phantom\qt\VariableWidgetEditor.cpp">
      <Filter>src</Filter>
    </ClCompile>
    <ClCompile Include="GeneratedFiles\Debug\moc_BoolCheckBoxEditor.cpp">
      <Filter>Generated Files\Debug</Filter>
    </ClCompile>
    <ClCompile Include="GeneratedFiles\Release\moc_BoolCheckBoxEditor.cpp">
      <Filter>Generated Files\Release</Filter>
    </ClCompile>
    <ClCompile Include="..\..\..\phantom\qt\MessageDisplay.cpp">
      <Filter>src</Filter>
    </ClCompile>
    <ClCompile Include="GeneratedFiles\Debug\moc_MessageDisplay.cpp">
      <Filter>Generated Files\Debug</Filter>
    </ClCompile>
    <ClCompile Include="GeneratedFiles\Release\moc_MessageDisplay.cpp">
      <Filter>Generated Files\Release</Filter>
    </ClCompile>
    <ClCompile Include="..\..\..\phantom\qt\StateMachineInspector.cpp">
      <Filter>src</Filter>
    </ClCompile>
    <ClCompile Include="GeneratedFiles\Debug\moc_StateMachineInspector.cpp">
      <Filter>Generated Files\Debug</Filter>
    </ClCompile>
    <ClCompile Include="GeneratedFiles\Release\moc_StateMachineInspector.cpp">
      <Filter>Generated Files\Release</Filter>
    </ClCompile>
    <ClCompile Include="..\..\..\phantom\qt\DataTreeView.cpp">
      <Filter>src</Filter>
    </ClCompile>
    <ClCompile Include="GeneratedFiles\Debug\moc_DataTreeView.cpp">
      <Filter>Generated Files\Debug</Filter>
    </ClCompile>
    <ClCompile Include="GeneratedFiles\Release\moc_DataTreeView.cpp">
      <Filter>Generated Files\Release</Filter>
    </ClCompile>
    <ClCompile Include="GeneratedFiles\Debug\moc_Action.cpp">
      <Filter>Generated Files\Debug</Filter>
    </ClCompile>
    <ClCompile Include="GeneratedFiles\Release\moc_Action.cpp">
      <Filter>Generated Files\Release</Filter>
    </ClCompile>
    <ClCompile Include="..\..\..\phantom\qt\Action.cpp">
      <Filter>src</Filter>
    </ClCompile>
    <ClCompile Include="GeneratedFiles\Debug\moc_ModuleExplorer.cpp">
      <Filter>Generated Files\Debug</Filter>
    </ClCompile>
    <ClCompile Include="GeneratedFiles\Release\moc_ModuleExplorer.cpp">
      <Filter>Generated Files\Release</Filter>
    </ClCompile>
    <ClCompile Include="..\..\..\phantom\qt\ModuleExplorer.cpp">
      <Filter>src</Filter>
    </ClCompile>
    <ClCompile Include="..\..\..\phantom\qt\DataComboBox.cpp">
      <Filter>src</Filter>
    </ClCompile>
    <ClCompile Include="..\..\..\phantom\qt\DataComboBoxEditor.cpp">
      <Filter>src</Filter>
    </ClCompile>
    <ClCompile Include="GeneratedFiles\Debug\moc_VariableWidget.cpp">
      <Filter>Generated Files\Debug</Filter>
    </ClCompile>
    <ClCompile Include="GeneratedFiles\Release\moc_VariableWidget.cpp">
      <Filter>Generated Files\Release</Filter>
    </ClCompile>
    <ClCompile Include="GeneratedFiles\Debug\moc_DataComboBox.cpp">
      <Filter>Generated Files\Debug</Filter>
    </ClCompile>
    <ClCompile Include="GeneratedFiles\Release\moc_DataComboBox.cpp">
      <Filter>Generated Files\Release</Filter>
    </ClCompile>
    <ClCompile Include="GeneratedFiles\Debug\moc_ClassComboBox.cpp">
      <Filter>Generated Files\Debug</Filter>
    </ClCompile>
    <ClCompile Include="GeneratedFiles\Release\moc_ClassComboBox.cpp">
      <Filter>Generated Files\Release</Filter>
    </ClCompile>
    <ClCompile Include="..\..\..\phantom\qt\ClassComboBox.cpp">
      <Filter>src</Filter>
    </ClCompile>
    <ClCompile Include="..\..\..\phantom\qt\ComponentDataComboBoxEditor.cpp">
      <Filter>src</Filter>
    </ClCompile>
    <ClCompile Include="..\..\..\phantom\qt\ComponentDataComboBox.cpp">
      <Filter>src</Filter>
    </ClCompile>
    <ClCompile Include="GeneratedFiles\Debug\moc_ComponentDataComboBox.cpp">
      <Filter>Generated Files\Debug</Filter>
    </ClCompile>
    <ClCompile Include="GeneratedFiles\Release\moc_ComponentDataComboBox.cpp">
      <Filter>Generated Files\Release</Filter>
    </ClCompile>
    <ClCompile Include="..\..\..\phantom\qt\VariableModel.cpp">
      <Filter>src</Filter>
    </ClCompile>
    <ClCompile Include="..\..\..\phantom\qt\VariableNode.cpp">
      <Filter>src</Filter>
    </ClCompile>
    <ClCompile Include="..\..\..\phantom\qt\CollectionElementVariable.cpp">
      <Filter>src</Filter>
    </ClCompile>
    <ClCompile Include="..\..\..\phantom\qt\ComponentVariable.cpp">
      <Filter>src</Filter>
    </ClCompile>
    <ClCompile Include="..\..\..\phantom\qt\CompositionAddVariable.cpp">
      <Filter>src</Filter>
    </ClCompile>
    <ClCompile Include="..\..\..\phantom\qt\ContainerInsertVariable.cpp">
      <Filter>src</Filter>
    </ClCompile>
    <ClCompile Include="..\..\..\phantom\qt\MapInsertPairVariable.cpp">
      <Filter>src</Filter>
    </ClCompile>
    <ClCompile Include="..\..\..\phantom\qt\SequentialContainerPushBackVariable.cpp">
      <Filter>src</Filter>
    </ClCompile>
    <ClCompile Include="..\..\..\phantom\qt\SetContainerInsertVariable.cpp">
      <Filter>src</Filter>
    </ClCompile>
    <ClCompile Include="..\..\..\phantom\qt\ArrayElementVariable.cpp">
      <Filter>src</Filter>
    </ClCompile>
    <ClCompile Include="..\..\..\phantom\qt\CollectionAddVariable.cpp">
      <Filter>src</Filter>
    </ClCompile>
    <ClCompile Include="..\..\..\phantom\qt\DataBaseAttributeVariable.cpp">
      <Filter>src</Filter>
    </ClCompile>
    <ClCompile Include="..\..\..\phantom\qt\ClassTypeVariableNodeFactory.cpp">
      <Filter>src</Filter>
    </ClCompile>
    <ClCompile Include="..\..\..\phantom\qt\ClassVariableNodeFactory.cpp">
      <Filter>src</Filter>
    </ClCompile>
    <ClCompile Include="..\..\..\phantom\qt\SequentialContainerClassVariableNodeFactory.cpp">
      <Filter>src</Filter>
    </ClCompile>
    <ClCompile Include="..\..\..\phantom\qt\VariableNodeFactory.cpp">
      <Filter>src</Filter>
    </ClCompile>
    <ClCompile Include="..\..\..\phantom\qt\SetContainerClassVariableNodeFactory.cpp">
      <Filter>src</Filter>
    </ClCompile>
    <ClCompile Include="..\..\..\phantom\qt\MapContainerClassVariableNodeFactory.cpp">
      <Filter>src</Filter>
    </ClCompile>
    <ClCompile Include="..\..\..\phantom\qt\CompositionClassVariableNodeFactory.cpp">
      <Filter>src</Filter>
    </ClCompile>
    <ClCompile Include="..\..\..\phantom\qt\ArrayTypeVariableNodeFactory.cpp">
      <Filter>src</Filter>
    </ClCompile>
    <ClCompile Include="..\..\..\phantom\qt\UndoCommand.cpp">
      <Filter>src</Filter>
    </ClCompile>
    <ClCompile Include="..\..\..\phantom\qt\VariableSetCommand.cpp">
      <Filter>src</Filter>
    </ClCompile>
  </ItemGroup>
  <ItemGroup>
    <ClInclude Include="..\..\..\phantom\qt\qt.h">
      <Filter>src</Filter>
    </ClInclude>
    <ClInclude Include="..\..\..\phantom\qt\CharLineEditor.h">
      <Filter>src</Filter>
    </ClInclude>
    <ClInclude Include="..\..\..\phantom\qt\StringLineEditor.hxx">
      <Filter>src</Filter>
    </ClInclude>
    <ClInclude Include="..\..\..\phantom\qt\VariableWidgetEditor.hxx">
      <Filter>src</Filter>
    </ClInclude>
    <ClInclude Include="..\..\..\phantom\qt\Action.hxx">
      <Filter>src</Filter>
    </ClInclude>
    <ClInclude Include="..\..\..\phantom\qt\BitFieldEditor.hxx">
      <Filter>src</Filter>
    </ClInclude>
    <ClInclude Include="..\..\..\phantom\qt\BoolCheckBoxEditor.hxx">
      <Filter>src</Filter>
    </ClInclude>
    <ClInclude Include="..\..\..\phantom\qt\CharLineEditor.hxx">
      <Filter>src</Filter>
    </ClInclude>
    <ClInclude Include="..\..\..\phantom\qt\DataTreeView.hxx">
      <Filter>src</Filter>
    </ClInclude>
    <ClInclude Include="..\..\..\phantom\qt\EnumComboBoxEditor.hxx">
      <Filter>src</Filter>
    </ClInclude>
    <ClInclude Include="..\..\..\phantom\qt\MessageDisplay.hxx">
      <Filter>src</Filter>
    </ClInclude>
    <ClInclude Include="..\..\..\phantom\qt\ModuleExplorer.hxx">
      <Filter>src</Filter>
    </ClInclude>
    <ClInclude Include="..\..\..\phantom\qt\NumberLineEditor.hxx">
      <Filter>src</Filter>
    </ClInclude>
    <ClInclude Include="..\..\..\phantom\qt\StateMachineInspector.hxx">
      <Filter>src</Filter>
    </ClInclude>
    <ClInclude Include="..\..\..\phantom\qt\VariableEditor.hxx">
      <Filter>src</Filter>
    </ClInclude>
    <ClInclude Include="..\..\..\phantom\qt\VariableAction.hxx">
      <Filter>src</Filter>
    </ClInclude>
    <ClInclude Include="..\..\..\phantom\qt\DataComboBoxEditor.hxx">
      <Filter>src</Filter>
    </ClInclude>
    <ClInclude Include="..\..\..\phantom\qt\ComponentDataComboBoxEditor.h">
      <Filter>src</Filter>
    </ClInclude>
    <ClInclude Include="..\..\..\phantom\qt\ComponentDataComboBoxEditor.hxx">
      <Filter>src</Filter>
    </ClInclude>
    <ClInclude Include="..\..\..\phantom\qt\VariableModel.hxx">
      <Filter>src</Filter>
    </ClInclude>
    <ClInclude Include="..\..\..\phantom\qt\VariableNode.hxx">
      <Filter>src</Filter>
    </ClInclude>
    <ClInclude Include="..\..\..\phantom\qt\CollectionAddVariable.hxx">
      <Filter>src</Filter>
    </ClInclude>
    <ClInclude Include="..\..\..\phantom\qt\CollectionElementVariable.h">
      <Filter>src</Filter>
    </ClInclude>
    <ClInclude Include="..\..\..\phantom\qt\CollectionElementVariable.hxx">
      <Filter>src</Filter>
    </ClInclude>
    <ClInclude Include="..\..\..\phantom\qt\ComponentVariable.h">
      <Filter>src</Filter>
    </ClInclude>
    <ClInclude Include="..\..\..\phantom\qt\ComponentVariable.hxx">
      <Filter>src</Filter>
    </ClInclude>
    <ClInclude Include="..\..\..\phantom\qt\CompositionAddVariable.h">
      <Filter>src</Filter>
    </ClInclude>
    <ClInclude Include="..\..\..\phantom\qt\CompositionAddVariable.hxx">
      <Filter>src</Filter>
    </ClInclude>
    <ClInclude Include="..\..\..\phantom\qt\ContainerInsertVariable.h">
      <Filter>src</Filter>
    </ClInclude>
    <ClInclude Include="..\..\..\phantom\qt\ContainerInsertVariable.hxx">
      <Filter>src</Filter>
    </ClInclude>
    <ClInclude Include="..\..\..\phantom\qt\MapInsertPairVariable.h">
      <Filter>src</Filter>
    </ClInclude>
    <ClInclude Include="..\..\..\phantom\qt\MapInsertPairVariable.hxx">
      <Filter>src</Filter>
    </ClInclude>
    <ClInclude Include="..\..\..\phantom\qt\SequentialContainerPushBackVariable.h">
      <Filter>src</Filter>
    </ClInclude>
    <ClInclude Include="..\..\..\phantom\qt\SequentialContainerPushBackVariable.hxx">
      <Filter>src</Filter>
    </ClInclude>
    <ClInclude Include="..\..\..\phantom\qt\SetContainerInsertVariable.h">
      <Filter>src</Filter>
    </ClInclude>
    <ClInclude Include="..\..\..\phantom\qt\SetContainerInsertVariable.hxx">
      <Filter>src</Filter>
    </ClInclude>
    <ClInclude Include="..\..\..\phantom\qt\ArrayElementVariable.h">
      <Filter>src</Filter>
    </ClInclude>
    <ClInclude Include="..\..\..\phantom\qt\ArrayElementVariable.hxx">
      <Filter>src</Filter>
    </ClInclude>
    <ClInclude Include="..\..\..\phantom\qt\CollectionAddVariable.h">
      <Filter>src</Filter>
    </ClInclude>
    <ClInclude Include="..\..\..\phantom\qt\DataBaseAttributeVariable.hxx">
      <Filter>src</Filter>
    </ClInclude>
    <ClInclude Include="..\..\..\phantom\qt\ClassTypeVariableNodeFactory.hxx">
      <Filter>src</Filter>
    </ClInclude>
    <ClInclude Include="..\..\..\phantom\qt\ClassTypeVariableNodeFactory.h">
      <Filter>src</Filter>
    </ClInclude>
    <ClInclude Include="..\..\..\phantom\qt\ClassVariableNodeFactory.h">
      <Filter>src</Filter>
    </ClInclude>
    <ClInclude Include="..\..\..\phantom\qt\ClassVariableNodeFactory.hxx">
      <Filter>src</Filter>
    </ClInclude>
    <ClInclude Include="..\..\..\phantom\qt\SequentialContainerClassVariableNodeFactory.h">
      <Filter>src</Filter>
    </ClInclude>
    <ClInclude Include="..\..\..\phantom\qt\SequentialContainerClassVariableNodeFactory.hxx">
      <Filter>src</Filter>
    </ClInclude>
    <ClInclude Include="..\..\..\phantom\qt\VariableNodeFactory.h">
      <Filter>src</Filter>
    </ClInclude>
    <ClInclude Include="..\..\..\phantom\qt\VariableNodeFactory.hxx">
      <Filter>src</Filter>
    </ClInclude>
    <ClInclude Include="..\..\..\phantom\qt\SetContainerClassVariableNodeFactory.h">
      <Filter>src</Filter>
    </ClInclude>
    <ClInclude Include="..\..\..\phantom\qt\SetContainerClassVariableNodeFactory.hxx">
      <Filter>src</Filter>
    </ClInclude>
    <ClInclude Include="..\..\..\phantom\qt\MapContainerClassVariableNodeFactory.h">
      <Filter>src</Filter>
    </ClInclude>
    <ClInclude Include="..\..\..\phantom\qt\MapContainerClassVariableNodeFactory.hxx">
      <Filter>src</Filter>
    </ClInclude>
    <ClInclude Include="..\..\..\phantom\qt\CompositionClassVariableNodeFactory.h">
      <Filter>src</Filter>
    </ClInclude>
    <ClInclude Include="..\..\..\phantom\qt\CompositionClassVariableNodeFactory.hxx">
      <Filter>src</Filter>
    </ClInclude>
    <ClInclude Include="..\..\..\phantom\qt\ArrayTypeVariableNodeFactory.hxx">
      <Filter>src</Filter>
    </ClInclude>
    <ClInclude Include="..\..\..\phantom\qt\ArrayTypeVariableNodeFactory.h">
      <Filter>src</Filter>
    </ClInclude>
    <ClInclude Include="..\..\..\phantom\qt\UndoCommand.h">
      <Filter>src</Filter>
    </ClInclude>
    <ClInclude Include="..\..\..\phantom\qt\UndoCommand.hxx">
      <Filter>src</Filter>
    </ClInclude>
    <ClInclude Include="..\..\..\phantom\qt\VariableSetCommand.hxx">
      <Filter>src</Filter>
    </ClInclude>
    <ClInclude Include="..\..\..\phantom\qt\VariableSetCommand.h">
      <Filter>src</Filter>
    </ClInclude>
  </ItemGroup>
</Project>