<?xml version="1.0" encoding="utf-8"?>
<Project ToolsVersion="4.0" xmlns="http://schemas.microsoft.com/developer/msbuild/2003">
  <ItemGroup>
    <Filter Include="Generated Files">
      <UniqueIdentifier>{71ED8ED8-ACB9-4CE9-BBE1-E00B30144E11}</UniqueIdentifier>
      <Extensions>moc;h;cpp</Extensions>
      <ParseFiles>true</ParseFiles>
    </Filter>
    <Filter Include="Generated Files\Debug">
      <UniqueIdentifier>{f7ba9103-8d5a-44cc-88fd-1ce737555dbb}</UniqueIdentifier>
      <Extensions>cpp;moc</Extensions>
      <SourceControlFiles>False</SourceControlFiles>
    </Filter>
    <Filter Include="Generated Files\Release">
      <UniqueIdentifier>{d91ff0a0-b10f-4c35-93e2-b3012c04c027}</UniqueIdentifier>
      <Extensions>cpp;moc</Extensions>
      <SourceControlFiles>False</SourceControlFiles>
    </Filter>
    <Filter Include="src">
      <UniqueIdentifier>{fa33a7d3-a0b9-4bf1-9623-cc993096aa81}</UniqueIdentifier>
    </Filter>
  </ItemGroup>
  <ItemGroup>
    <CustomBuild Include="..\..\..\phantom\qt\VariableEditor.h">
      <Filter>src</Filter>
    </CustomBuild>
    <CustomBuild Include="..\..\..\phantom\qt\BitFieldEditor.h">
      <Filter>src</Filter>
    </CustomBuild>
    <CustomBuild Include="..\..\..\phantom\qt\StringLineEditor.h">
      <Filter>src</Filter>
    </CustomBuild>
    <CustomBuild Include="..\..\..\phantom\qt\NumberLineEditor.h">
      <Filter>src</Filter>
    </CustomBuild>
    <CustomBuild Include="..\..\..\phantom\qt\EnumComboBoxEditor.h">
      <Filter>src</Filter>
    </CustomBuild>
    <CustomBuild Include="..\..\..\phantom\qt\BoolCheckBoxEditor.h">
      <Filter>src</Filter>
    </CustomBuild>
    <CustomBuild Include="..\..\..\phantom\qt\qt.qrc">
      <Filter>src</Filter>
    </CustomBuild>
    <CustomBuild Include="..\..\..\phantom\qt\VariableWidget.h">
      <Filter>src</Filter>
    </CustomBuild>
    <CustomBuild Include="..\..\..\phantom\qt\VariableWidgetEditor.h">
      <Filter>src</Filter>
    </CustomBuild>
    <CustomBuild Include="..\..\..\phantom\qt\MessageDisplay.h">
      <Filter>src</Filter>
    </CustomBuild>
    <CustomBuild Include="..\..\..\phantom\qt\StateMachineInspector.h">
      <Filter>src</Filter>
    </CustomBuild>
    <CustomBuild Include="..\..\..\phantom\qt\DataTreeView.h">
      <Filter>src</Filter>
    </CustomBuild>
    <CustomBuild Include="..\..\..\phantom\qt\Action.h">
      <Filter>src</Filter>
    </CustomBuild>
    <CustomBuild Include="..\..\..\phantom\qt\ModuleExplorer.h">
      <Filter>src</Filter>
    </CustomBuild>
    <CustomBuild Include="..\..\..\phantom\qt\DataComboBox.h">
      <Filter>src</Filter>
    </CustomBuild>
    <CustomBuild Include="..\..\..\phantom\qt\DataComboBoxEditor.h">
      <Filter>src</Filter>
    </CustomBuild>
    <CustomBuild Include="..\..\..\phantom\qt\ClassComboBox.h">
      <Filter>src</Filter>
    </CustomBuild>
    <CustomBuild Include="..\..\..\phantom\qt\ComponentDataComboBox.h">
      <Filter>src</Filter>
    </CustomBuild>
    <CustomBuild Include="..\..\..\phantom\qt\VariableModel.h">
      <Filter>src</Filter>
    </CustomBuild>
    <CustomBuild Include="..\..\..\phantom\qt\VariableNode.h">
      <Filter>src</Filter>
    </CustomBuild>
    <CustomBuild Include="..\..\..\phantom\qt\UndoStackView.h">
      <Filter>src</Filter>
    </CustomBuild>
    <CustomBuild Include="..\..\..\phantom\qt\Menu.h">
      <Filter>src</Filter>
    </CustomBuild>
    <CustomBuild Include="..\..\..\phantom\qt\UndoCommandAction.h">
      <Filter>src</Filter>
    </CustomBuild>
    <CustomBuild Include="..\..\..\phantom\qt\VariableNodeDelegate.h">
      <Filter>src</Filter>
    </CustomBuild>
    <CustomBuild Include="..\..\..\phantom\qt\VariableActionWidget.h">
      <Filter>src</Filter>
    </CustomBuild>
    <CustomBuild Include="..\..\..\phantom\qt\CompositionVariableNodeDelegate.h">
      <Filter>src</Filter>
    </CustomBuild>
    <CustomBuild Include="..\..\..\phantom\qt\CompositionComponentVariableNodeDelegate.h">
      <Filter>src</Filter>
    </CustomBuild>
  </ItemGroup>
  <ItemGroup>
    <ClCompile Include="GeneratedFiles\Debug\moc_VariableEditor.cpp">
      <Filter>Generated Files\Debug</Filter>
    </ClCompile>
    <ClCompile Include="GeneratedFiles\Release\moc_VariableEditor.cpp">
      <Filter>Generated Files\Release</Filter>
    </ClCompile>
    <ClCompile Include="..\..\..\phantom\qt\VariableEditor.cpp">
      <Filter>src</Filter>
    </ClCompile>
    <ClCompile Include="GeneratedFiles\Debug\moc_BitFieldEditor.cpp">
      <Filter>Generated Files\Debug</Filter>
    </ClCompile>
    <ClCompile Include="GeneratedFiles\Release\moc_BitFieldEditor.cpp">
      <Filter>Generated Files\Release</Filter>
    </ClCompile>
    <ClCompile Include="..\..\..\phantom\qt\BitFieldEditor.cpp">
      <Filter>src</Filter>
    </ClCompile>
    <ClCompile Include="..\..\..\phantom\qt\StringLineEditor.cpp">
      <Filter>src</Filter>
    </ClCompile>
    <ClCompile Include="..\..\..\phantom\qt\NumberLineEditor.cpp">
      <Filter>src</Filter>
    </ClCompile>
    <ClCompile Include="GeneratedFiles\Debug\moc_EnumComboBoxEditor.cpp">
      <Filter>Generated Files\Debug</Filter>
    </ClCompile>
    <ClCompile Include="GeneratedFiles\Release\moc_EnumComboBoxEditor.cpp">
      <Filter>Generated Files\Release</Filter>
    </ClCompile>
    <ClCompile Include="..\..\..\phantom\qt\qt.cpp">
      <Filter>src</Filter>
    </ClCompile>
    <ClCompile Include="..\..\..\phantom\qt\EnumComboBoxEditor.cpp">
      <Filter>src</Filter>
    </ClCompile>
    <ClCompile Include="..\..\..\phantom\qt\pch.cpp">
      <Filter>src</Filter>
    </ClCompile>
    <ClCompile Include="..\..\..\phantom\qt\BoolCheckBoxEditor.cpp">
      <Filter>src</Filter>
    </ClCompile>
    <ClCompile Include="..\..\..\phantom\qt\CharLineEditor.cpp">
      <Filter>src</Filter>
    </ClCompile>
    <ClCompile Include="GeneratedFiles\qrc_qt.cpp">
      <Filter>Generated Files</Filter>
    </ClCompile>
    <ClCompile Include="..\..\..\phantom\qt\VariableWidget.cpp">
      <Filter>src</Filter>
    </ClCompile>
    <ClCompile Include="GeneratedFiles\Debug\moc_VariableWidgetEditor.cpp">
      <Filter>Generated Files\Debug</Filter>
    </ClCompile>
    <ClCompile Include="GeneratedFiles\Release\moc_VariableWidgetEditor.cpp">
      <Filter>Generated Files\Release</Filter>
    </ClCompile>
    <ClCompile Include="..\..\..\phantom\qt\VariableWidgetEditor.cpp">
      <Filter>src</Filter>
    </ClCompile>
    <ClCompile Include="GeneratedFiles\Debug\moc_BoolCheckBoxEditor.cpp">
      <Filter>Generated Files\Debug</Filter>
    </ClCompile>
    <ClCompile Include="GeneratedFiles\Release\moc_BoolCheckBoxEditor.cpp">
      <Filter>Generated Files\Release</Filter>
    </ClCompile>
    <ClCompile Include="..\..\..\phantom\qt\MessageDisplay.cpp">
      <Filter>src</Filter>
    </ClCompile>
    <ClCompile Include="GeneratedFiles\Debug\moc_MessageDisplay.cpp">
      <Filter>Generated Files\Debug</Filter>
    </ClCompile>
    <ClCompile Include="GeneratedFiles\Release\moc_MessageDisplay.cpp">
      <Filter>Generated Files\Release</Filter>
    </ClCompile>
    <ClCompile Include="..\..\..\phantom\qt\StateMachineInspector.cpp">
      <Filter>src</Filter>
    </ClCompile>
    <ClCompile Include="GeneratedFiles\Debug\moc_StateMachineInspector.cpp">
      <Filter>Generated Files\Debug</Filter>
    </ClCompile>
    <ClCompile Include="GeneratedFiles\Release\moc_StateMachineInspector.cpp">
      <Filter>Generated Files\Release</Filter>
    </ClCompile>
    <ClCompile Include="..\..\..\phantom\qt\DataTreeView.cpp">
      <Filter>src</Filter>
    </ClCompile>
    <ClCompile Include="GeneratedFiles\Debug\moc_DataTreeView.cpp">
      <Filter>Generated Files\Debug</Filter>
    </ClCompile>
    <ClCompile Include="GeneratedFiles\Release\moc_DataTreeView.cpp">
      <Filter>Generated Files\Release</Filter>
    </ClCompile>
    <ClCompile Include="GeneratedFiles\Debug\moc_Action.cpp">
      <Filter>Generated Files\Debug</Filter>
    </ClCompile>
    <ClCompile Include="GeneratedFiles\Release\moc_Action.cpp">
      <Filter>Generated Files\Release</Filter>
    </ClCompile>
    <ClCompile Include="..\..\..\phantom\qt\Action.cpp">
      <Filter>src</Filter>
    </ClCompile>
    <ClCompile Include="GeneratedFiles\Debug\moc_ModuleExplorer.cpp">
      <Filter>Generated Files\Debug</Filter>
    </ClCompile>
    <ClCompile Include="GeneratedFiles\Release\moc_ModuleExplorer.cpp">
      <Filter>Generated Files\Release</Filter>
    </ClCompile>
    <ClCompile Include="..\..\..\phantom\qt\ModuleExplorer.cpp">
      <Filter>src</Filter>
    </ClCompile>
    <ClCompile Include="..\..\..\phantom\qt\DataComboBox.cpp">
      <Filter>src</Filter>
    </ClCompile>
    <ClCompile Include="..\..\..\phantom\qt\DataComboBoxEditor.cpp">
      <Filter>src</Filter>
    </ClCompile>
    <ClCompile Include="GeneratedFiles\Debug\moc_VariableWidget.cpp">
      <Filter>Generated Files\Debug</Filter>
    </ClCompile>
    <ClCompile Include="GeneratedFiles\Release\moc_VariableWidget.cpp">
      <Filter>Generated Files\Release</Filter>
    </ClCompile>
    <ClCompile Include="GeneratedFiles\Debug\moc_DataComboBox.cpp">
      <Filter>Generated Files\Debug</Filter>
    </ClCompile>
    <ClCompile Include="GeneratedFiles\Release\moc_DataComboBox.cpp">
      <Filter>Generated Files\Release</Filter>
    </ClCompile>
    <ClCompile Include="GeneratedFiles\Debug\moc_ClassComboBox.cpp">
      <Filter>Generated Files\Debug</Filter>
    </ClCompile>
    <ClCompile Include="GeneratedFiles\Release\moc_ClassComboBox.cpp">
      <Filter>Generated Files\Release</Filter>
    </ClCompile>
    <ClCompile Include="..\..\..\phantom\qt\ClassComboBox.cpp">
      <Filter>src</Filter>
    </ClCompile>
    <ClCompile Include="..\..\..\phantom\qt\ComponentDataComboBoxEditor.cpp">
      <Filter>src</Filter>
    </ClCompile>
    <ClCompile Include="..\..\..\phantom\qt\ComponentDataComboBox.cpp">
      <Filter>src</Filter>
    </ClCompile>
    <ClCompile Include="GeneratedFiles\Debug\moc_ComponentDataComboBox.cpp">
      <Filter>Generated Files\Debug</Filter>
    </ClCompile>
    <ClCompile Include="GeneratedFiles\Release\moc_ComponentDataComboBox.cpp">
      <Filter>Generated Files\Release</Filter>
    </ClCompile>
    <ClCompile Include="..\..\..\phantom\qt\VariableModel.cpp">
      <Filter>src</Filter>
    </ClCompile>
    <ClCompile Include="..\..\..\phantom\qt\VariableNode.cpp">
      <Filter>src</Filter>
    </ClCompile>
    <ClCompile Include="..\..\..\phantom\qt\UndoCommand.cpp">
      <Filter>src</Filter>
    </ClCompile>
    <ClCompile Include="..\..\..\phantom\qt\TypeVisualizer.cpp">
      <Filter>src</Filter>
    </ClCompile>
    <ClCompile Include="..\..\..\phantom\qt\TypeVisualizerNode.cpp">
      <Filter>src</Filter>
    </ClCompile>
    <ClCompile Include="..\..\..\phantom\qt\ClassTypeVisualizerNode.cpp">
      <Filter>src</Filter>
    </ClCompile>
    <ClCompile Include="..\..\..\phantom\qt\ClassVisualizerNode.cpp">
      <Filter>src</Filter>
    </ClCompile>
    <ClCompile Include="..\..\..\phantom\qt\MapVisualizerNode.cpp">
      <Filter>src</Filter>
    </ClCompile>
    <ClCompile Include="..\..\..\phantom\qt\SequentialContainerVisualizerNode.cpp">
      <Filter>src</Filter>
    </ClCompile>
    <ClCompile Include="..\..\..\phantom\qt\SetContainerVisualizerNode.cpp">
      <Filter>src</Filter>
    </ClCompile>
    <ClCompile Include="..\..\..\phantom\qt\CompositionVisualizerNode.cpp">
      <Filter>src</Filter>
    </ClCompile>
    <ClCompile Include="..\..\..\phantom\qt\ExpressionCommand.cpp">
      <Filter>Generated Files\Debug</Filter>
    </ClCompile>
    <ClCompile Include="..\..\..\phantom\qt\ArrayTypeVisualizerNode.cpp">
      <Filter>src</Filter>
    </ClCompile>
    <ClCompile Include="..\..\..\phantom\qt\ExpressionCommand.cpp">
      <Filter>Generated Files\Debug</Filter>
    </ClCompile>
    <ClCompile Include="..\..\..\phantom\qt\UndoStackView.cpp">
      <Filter>src</Filter>
    </ClCompile>
    <ClCompile Include="..\..\..\phantom\qt\UndoStack.cpp">
      <Filter>src</Filter>
    </ClCompile>
    <ClCompile Include="..\..\..\phantom\qt\ExpressionCommand.cpp">
      <Filter>src</Filter>
    </ClCompile>
    <ClCompile Include="..\..\..\phantom\qt\ExpressionCommand.cpp">
      <Filter>src</Filter>
    </ClCompile>
    <ClCompile Include="GeneratedFiles\Debug\moc_UndoStackView.cpp">
      <Filter>Generated Files\Debug</Filter>
    </ClCompile>
    <ClCompile Include="GeneratedFiles\Release\moc_UndoStackView.cpp">
      <Filter>Generated Files\Release</Filter>
    </ClCompile>
    <ClCompile Include="..\..\..\phantom\qt\AddNodeCommand.cpp">
      <Filter>src</Filter>
    </ClCompile>
    <ClCompile Include="..\..\..\phantom\qt\AddDataCommand.cpp">
      <Filter>src</Filter>
    </ClCompile>
    <ClCompile Include="..\..\..\phantom\qt\LoadNodeCommand.cpp">
      <Filter>src</Filter>
    </ClCompile>
    <ClCompile Include="..\..\..\phantom\qt\UnloadNodeCommand.cpp">
      <Filter>src</Filter>
    </ClCompile>
    <ClCompile Include="..\..\..\phantom\qt\UnloadLibraryCommand.cpp">
      <Filter>src</Filter>
    </ClCompile>
    <ClCompile Include="..\..\..\phantom\qt\LoadLibraryCommand.cpp">
      <Filter>src</Filter>
    </ClCompile>
    <ClCompile Include="..\..\..\phantom\qt\MoveToTrashbinCommand.cpp">
      <Filter>src</Filter>
    </ClCompile>
    <ClCompile Include="..\..\..\phantom\qt\SaveDataCommand.cpp">
      <Filter>src</Filter>
    </ClCompile>
    <ClCompile Include="..\..\..\phantom\qt\DataAttributeChangeCommand.cpp">
      <Filter>src</Filter>
    </ClCompile>
    <ClCompile Include="..\..\..\phantom\qt\SaveDataAttributeCommand.cpp">
      <Filter>src</Filter>
    </ClCompile>
    <ClCompile Include="..\..\..\phantom\qt\SaveNodeAttributeCommand.cpp">
      <Filter>src</Filter>
    </ClCompile>
    <ClCompile Include="..\..\..\phantom\qt\NodeAttributeChangeCommand.cpp">
      <Filter>src</Filter>
    </ClCompile>
    <ClCompile Include="..\..\..\phantom\qt\AddComponentDataCommand.cpp">
      <Filter>src</Filter>
    </ClCompile>
    <ClCompile Include="..\..\..\phantom\qt\ClassComboBoxEditor.cpp">
      <Filter>src</Filter>
    </ClCompile>
    <ClCompile Include="..\..\..\phantom\qt\UpdateComponentDataCommand.cpp">
      <Filter>src</Filter>
    </ClCompile>
    <ClCompile Include="GeneratedFiles\Debug\moc_Menu.cpp">
      <Filter>Generated Files\Debug</Filter>
    </ClCompile>
    <ClCompile Include="GeneratedFiles\Release\moc_Menu.cpp">
      <Filter>Generated Files\Release</Filter>
    </ClCompile>
    <ClCompile Include="..\..\..\phantom\qt\Menu.cpp">
      <Filter>src</Filter>
    </ClCompile>
    <ClCompile Include="..\..\..\phantom\qt\UndoCommandAction.cpp">
      <Filter>src</Filter>
    </ClCompile>
    <ClCompile Include="..\..\..\phantom\qt\VariableNodeDelegate.cpp">
      <Filter>src</Filter>
    </ClCompile>
    <ClCompile Include="..\..\..\phantom\qt\CompositionVariableNodeDelegate.cpp">
      <Filter>src</Filter>
    </ClCompile>
    <ClCompile Include="..\..\..\phantom\qt\CompositionAddComponentDataCommand.cpp">
      <Filter>src</Filter>
    </ClCompile>
    <ClCompile Include="..\..\..\phantom\qt\VariableActionWidget.cpp">
      <Filter>src</Filter>
    </ClCompile>
    <ClCompile Include="GeneratedFiles\Debug\moc_VariableActionWidget.cpp">
      <Filter>Generated Files\Debug</Filter>
    </ClCompile>
    <ClCompile Include="GeneratedFiles\Release\moc_VariableActionWidget.cpp">
      <Filter>Generated Files\Release</Filter>
    </ClCompile>
    <ClCompile Include="GeneratedFiles\Debug\moc_CompositionVariableNodeDelegate.cpp">
      <Filter>Generated Files\Debug</Filter>
    </ClCompile>
    <ClCompile Include="GeneratedFiles\Release\moc_CompositionVariableNodeDelegate.cpp">
      <Filter>Generated Files\Release</Filter>
    </ClCompile>
    <ClCompile Include="GeneratedFiles\Debug\moc_VariableNodeDelegate.cpp">
      <Filter>Generated Files\Debug</Filter>
    </ClCompile>
    <ClCompile Include="GeneratedFiles\Release\moc_VariableNodeDelegate.cpp">
      <Filter>Generated Files\Release</Filter>
    </ClCompile>
    <ClCompile Include="GeneratedFiles\Debug\moc_CompositionComponentVariableNodeDelegate.cpp">
      <Filter>Generated Files\Debug</Filter>
    </ClCompile>
    <ClCompile Include="GeneratedFiles\Release\moc_CompositionComponentVariableNodeDelegate.cpp">
      <Filter>Generated Files\Release</Filter>
    </ClCompile>
    <ClCompile Include="..\..\..\phantom\qt\CompositionComponentVariableNodeDelegate.cpp">
      <Filter>src</Filter>
    </ClCompile>
    <ClCompile Include="..\..\..\phantom\qt\CompositionMoveComponentDataCommand.cpp">
      <Filter>src</Filter>
    </ClCompile>
    <ClCompile Include="..\..\..\phantom\qt\ComponentReferenceExpressionChangeCommand.cpp">
      <Filter>src</Filter>
    </ClCompile>
  </ItemGroup>
  <ItemGroup>
    <ClInclude Include="..\..\..\phantom\qt\qt.h">
      <Filter>src</Filter>
    </ClInclude>
    <ClInclude Include="..\..\..\phantom\qt\CharLineEditor.h">
      <Filter>src</Filter>
    </ClInclude>
    <ClInclude Include="..\..\..\phantom\qt\StringLineEditor.hxx">
      <Filter>src</Filter>
    </ClInclude>
    <ClInclude Include="..\..\..\phantom\qt\VariableWidgetEditor.hxx">
      <Filter>src</Filter>
    </ClInclude>
    <ClInclude Include="..\..\..\phantom\qt\Action.hxx">
      <Filter>src</Filter>
    </ClInclude>
    <ClInclude Include="..\..\..\phantom\qt\BitFieldEditor.hxx">
      <Filter>src</Filter>
    </ClInclude>
    <ClInclude Include="..\..\..\phantom\qt\BoolCheckBoxEditor.hxx">
      <Filter>src</Filter>
    </ClInclude>
    <ClInclude Include="..\..\..\phantom\qt\CharLineEditor.hxx">
      <Filter>src</Filter>
    </ClInclude>
    <ClInclude Include="..\..\..\phantom\qt\DataTreeView.hxx">
      <Filter>src</Filter>
    </ClInclude>
    <ClInclude Include="..\..\..\phantom\qt\EnumComboBoxEditor.hxx">
      <Filter>src</Filter>
    </ClInclude>
    <ClInclude Include="..\..\..\phantom\qt\MessageDisplay.hxx">
      <Filter>src</Filter>
    </ClInclude>
    <ClInclude Include="..\..\..\phantom\qt\ModuleExplorer.hxx">
      <Filter>src</Filter>
    </ClInclude>
    <ClInclude Include="..\..\..\phantom\qt\NumberLineEditor.hxx">
      <Filter>src</Filter>
    </ClInclude>
    <ClInclude Include="..\..\..\phantom\qt\StateMachineInspector.hxx">
      <Filter>src</Filter>
    </ClInclude>
    <ClInclude Include="..\..\..\phantom\qt\VariableEditor.hxx">
      <Filter>src</Filter>
    </ClInclude>
    <ClInclude Include="..\..\..\phantom\qt\DataComboBoxEditor.hxx">
      <Filter>src</Filter>
    </ClInclude>
    <ClInclude Include="..\..\..\phantom\qt\ComponentDataComboBoxEditor.h">
      <Filter>src</Filter>
    </ClInclude>
    <ClInclude Include="..\..\..\phantom\qt\ComponentDataComboBoxEditor.hxx">
      <Filter>src</Filter>
    </ClInclude>
    <ClInclude Include="..\..\..\phantom\qt\VariableModel.hxx">
      <Filter>src</Filter>
    </ClInclude>
    <ClInclude Include="..\..\..\phantom\qt\VariableNode.hxx">
      <Filter>src</Filter>
    </ClInclude>
    <ClInclude Include="..\..\..\phantom\qt\UndoCommand.h">
      <Filter>src</Filter>
    </ClInclude>
    <ClInclude Include="..\..\..\phantom\qt\UndoCommand.hxx">
      <Filter>src</Filter>
    </ClInclude>
    <ClInclude Include="..\..\..\phantom\qt\TypeVisualizer.h">
      <Filter>src</Filter>
    </ClInclude>
    <ClInclude Include="..\..\..\phantom\qt\TypeVisualizer.hxx">
      <Filter>src</Filter>
    </ClInclude>
    <ClInclude Include="..\..\..\phantom\qt\TypeVisualizerNode.h">
      <Filter>src</Filter>
    </ClInclude>
    <ClInclude Include="..\..\..\phantom\qt\TypeVisualizerNode.hxx">
      <Filter>src</Filter>
    </ClInclude>
    <ClInclude Include="..\..\..\phantom\qt\ClassTypeVisualizerNode.hxx">
      <Filter>src</Filter>
    </ClInclude>
    <ClInclude Include="..\..\..\phantom\qt\ClassTypeVisualizerNode.h">
      <Filter>src</Filter>
    </ClInclude>
    <ClInclude Include="..\..\..\phantom\qt\ClassVisualizerNode.h">
      <Filter>src</Filter>
    </ClInclude>
    <ClInclude Include="..\..\..\phantom\qt\ClassVisualizerNode.hxx">
      <Filter>src</Filter>
    </ClInclude>
    <ClInclude Include="..\..\..\phantom\qt\MapVisualizerNode.hxx">
      <Filter>src</Filter>
    </ClInclude>
    <ClInclude Include="..\..\..\phantom\qt\MapVisualizerNode.h">
      <Filter>src</Filter>
    </ClInclude>
    <ClInclude Include="..\..\..\phantom\qt\SequentialContainerVisualizerNode.hxx">
      <Filter>src</Filter>
    </ClInclude>
    <ClInclude Include="..\..\..\phantom\qt\SequentialContainerVisualizerNode.h">
      <Filter>src</Filter>
    </ClInclude>
    <ClInclude Include="..\..\..\phantom\qt\SetContainerVisualizerNode.h">
      <Filter>src</Filter>
    </ClInclude>
    <ClInclude Include="..\..\..\phantom\qt\SetContainerVisualizerNode.hxx">
      <Filter>src</Filter>
    </ClInclude>
    <ClInclude Include="..\..\..\phantom\qt\CompositionVisualizerNode.h">
      <Filter>src</Filter>
    </ClInclude>
    <ClInclude Include="..\..\..\phantom\qt\CompositionVisualizerNode.hxx">
      <Filter>src</Filter>
    </ClInclude>
    <ClInclude Include="..\..\..\phantom\qt\ExpressionCommand.h">
      <Filter>Generated Files</Filter>
    </ClInclude>
    <ClInclude Include="..\..\..\phantom\qt\ExpressionCommand.hxx" />
    <ClInclude Include="..\..\..\phantom\qt\ArrayTypeVisualizerNode.hxx">
      <Filter>src</Filter>
    </ClInclude>
    <ClInclude Include="..\..\..\phantom\qt\ArrayTypeVisualizerNode.h">
      <Filter>src</Filter>
    </ClInclude>
    <ClInclude Include="..\..\..\phantom\qt\ExpressionCommand.h">
      <Filter>Generated Files</Filter>
    </ClInclude>
    <ClInclude Include="..\..\..\phantom\qt\ExpressionCommand.hxx" />
    <ClInclude Include="..\..\..\phantom\qt\ExpressionCommand.hxx" />
    <ClInclude Include="..\..\..\phantom\qt\UndoStack.hxx">
      <Filter>src</Filter>
    </ClInclude>
    <ClInclude Include="..\..\..\phantom\qt\UndoStackView.hxx">
      <Filter>src</Filter>
    </ClInclude>
    <ClInclude Include="..\..\..\phantom\qt\UndoStack.h">
      <Filter>src</Filter>
    </ClInclude>
    <ClInclude Include="..\..\..\phantom\qt\ExpressionCommand.h">
      <Filter>src</Filter>
    </ClInclude>
    <ClInclude Include="..\..\..\phantom\qt\ExpressionCommand.hxx">
      <Filter>src</Filter>
    </ClInclude>
    <ClInclude Include="..\..\..\phantom\qt\ExpressionCommand.hxx">
      <Filter>src</Filter>
    </ClInclude>
    <ClInclude Include="..\..\..\phantom\qt\ExpressionCommand.h">
      <Filter>src</Filter>
    </ClInclude>
    <ClInclude Include="..\..\..\phantom\qt\AddNodeCommand.h">
      <Filter>src</Filter>
    </ClInclude>
    <ClInclude Include="..\..\..\phantom\qt\AddNodeCommand.hxx">
      <Filter>src</Filter>
    </ClInclude>
    <ClInclude Include="..\..\..\phantom\qt\AddDataCommand.h">
      <Filter>src</Filter>
    </ClInclude>
    <ClInclude Include="..\..\..\phantom\qt\AddDataCommand.hxx">
      <Filter>src</Filter>
    </ClInclude>
    <ClInclude Include="..\..\..\phantom\qt\LoadNodeCommand.h">
      <Filter>src</Filter>
    </ClInclude>
    <ClInclude Include="..\..\..\phantom\qt\LoadNodeCommand.hxx">
      <Filter>src</Filter>
    </ClInclude>
    <ClInclude Include="..\..\..\phantom\qt\UnloadNodeCommand.h">
      <Filter>src</Filter>
    </ClInclude>
    <ClInclude Include="..\..\..\phantom\qt\UnloadNodeCommand.hxx">
      <Filter>src</Filter>
    </ClInclude>
    <ClInclude Include="..\..\..\phantom\qt\UnloadLibraryCommand.h">
      <Filter>src</Filter>
    </ClInclude>
    <ClInclude Include="..\..\..\phantom\qt\UnloadLibraryCommand.hxx">
      <Filter>src</Filter>
    </ClInclude>
    <ClInclude Include="..\..\..\phantom\qt\LoadLibraryCommand.h">
      <Filter>src</Filter>
    </ClInclude>
    <ClInclude Include="..\..\..\phantom\qt\LoadLibraryCommand.hxx">
      <Filter>src</Filter>
    </ClInclude>
    <ClInclude Include="..\..\..\phantom\qt\MoveToTrashbinCommand.h">
      <Filter>src</Filter>
    </ClInclude>
    <ClInclude Include="..\..\..\phantom\qt\MoveToTrashbinCommand.hxx">
      <Filter>src</Filter>
    </ClInclude>
    <ClInclude Include="..\..\..\phantom\qt\SaveDataCommand.h">
      <Filter>src</Filter>
    </ClInclude>
    <ClInclude Include="..\..\..\phantom\qt\SaveDataCommand.hxx">
      <Filter>src</Filter>
    </ClInclude>
    <ClInclude Include="..\..\..\phantom\qt\DataAttributeChangeCommand.h">
      <Filter>src</Filter>
    </ClInclude>
    <ClInclude Include="..\..\..\phantom\qt\DataAttributeChangeCommand.hxx">
      <Filter>src</Filter>
    </ClInclude>
    <ClInclude Include="..\..\..\phantom\qt\SaveDataAttributeCommand.h">
      <Filter>src</Filter>
    </ClInclude>
    <ClInclude Include="..\..\..\phantom\qt\SaveDataAttributeCommand.hxx">
      <Filter>src</Filter>
    </ClInclude>
    <ClInclude Include="..\..\..\phantom\qt\SaveNodeAttributeCommand.h">
      <Filter>src</Filter>
    </ClInclude>
    <ClInclude Include="..\..\..\phantom\qt\SaveNodeAttributeCommand.hxx">
      <Filter>src</Filter>
    </ClInclude>
    <ClInclude Include="..\..\..\phantom\qt\NodeAttributeChangeCommand.hxx">
      <Filter>src</Filter>
    </ClInclude>
    <ClInclude Include="..\..\..\phantom\qt\NodeAttributeChangeCommand.h">
      <Filter>src</Filter>
    </ClInclude>
    <ClInclude Include="..\..\..\phantom\qt\AddComponentDataCommand.hxx">
      <Filter>src</Filter>
    </ClInclude>
    <ClInclude Include="..\..\..\phantom\qt\AddComponentDataCommand.h">
      <Filter>src</Filter>
    </ClInclude>
    <ClInclude Include="..\..\..\phantom\qt\ClassComboBoxEditor.h">
      <Filter>src</Filter>
    </ClInclude>
    <ClInclude Include="..\..\..\phantom\qt\ClassComboBoxEditor.hxx">
      <Filter>src</Filter>
    </ClInclude>
    <ClInclude Include="..\..\..\phantom\qt\UpdateComponentDataCommand.h">
      <Filter>src</Filter>
    </ClInclude>
    <ClInclude Include="..\..\..\phantom\qt\UpdateComponentDataCommand.hxx">
      <Filter>src</Filter>
    </ClInclude>
    <ClInclude Include="..\..\..\phantom\qt\Menu.hxx">
      <Filter>src</Filter>
    </ClInclude>
    <ClInclude Include="..\..\..\phantom\qt\UndoCommandAction.hxx">
      <Filter>src</Filter>
    </ClInclude>
    <ClInclude Include="..\..\..\phantom\qt\VariableNodeDelegate.hxx">
      <Filter>src</Filter>
    </ClInclude>
    <ClInclude Include="..\..\..\phantom\qt\CompositionVariableNodeDelegate.hxx">
      <Filter>src</Filter>
    </ClInclude>
    <ClInclude Include="..\..\..\phantom\qt\CompositionAddComponentDataCommand.hxx">
      <Filter>src</Filter>
    </ClInclude>
    <ClInclude Include="..\..\..\phantom\qt\CompositionAddComponentDataCommand.h">
      <Filter>src</Filter>
    </ClInclude>
    <ClInclude Include="..\..\..\phantom\qt\VariableActionWidget.hxx">
      <Filter>src</Filter>
    </ClInclude>
    <ClInclude Include="..\..\..\phantom\qt\CompositionComponentVariableNodeDelegate.hxx">
      <Filter>src</Filter>
    </ClInclude>
    <ClInclude Include="..\..\..\phantom\qt\CompositionMoveComponentDataCommand.h">
      <Filter>src</Filter>
    </ClInclude>
    <ClInclude Include="..\..\..\phantom\qt\CompositionMoveComponentDataCommand.hxx">
      <Filter>src</Filter>
    </ClInclude>
    <ClInclude Include="..\..\..\phantom\qt\ComponentReferenceExpressionChangeCommand.hxx">
      <Filter>src</Filter>
    </ClInclude>
    <ClInclude Include="..\..\..\phantom\qt\ComponentReferenceExpressionChangeCommand.h">
      <Filter>src</Filter>
    </ClInclude>
  </ItemGroup>
</Project>