<?xml version="1.0" encoding="utf-8"?>
<Project ToolsVersion="4.0" xmlns="http://schemas.microsoft.com/developer/msbuild/2003">
  <ItemGroup>
    <Filter Include="Generated Files">
      <UniqueIdentifier>{71ED8ED8-ACB9-4CE9-BBE1-E00B30144E11}</UniqueIdentifier>
      <Extensions>moc;h;cpp</Extensions>
      <ParseFiles>true</ParseFiles>
    </Filter>
    <Filter Include="Generated Files\Debug">
      <UniqueIdentifier>{f7ba9103-8d5a-44cc-88fd-1ce737555dbb}</UniqueIdentifier>
      <Extensions>cpp;moc</Extensions>
      <SourceControlFiles>False</SourceControlFiles>
    </Filter>
    <Filter Include="Generated Files\Release">
      <UniqueIdentifier>{d91ff0a0-b10f-4c35-93e2-b3012c04c027}</UniqueIdentifier>
      <Extensions>cpp;moc</Extensions>
      <SourceControlFiles>False</SourceControlFiles>
    </Filter>
    <Filter Include="src">
      <UniqueIdentifier>{fa33a7d3-a0b9-4bf1-9623-cc993096aa81}</UniqueIdentifier>
    </Filter>
  </ItemGroup>
  <ItemGroup>
    <ClCompile Include="..\..\..\phantom\qt\jit\LocalVariableManager.cpp">
      <Filter>src</Filter>
    </ClCompile>
    <ClCompile Include="..\..\..\phantom\qt\jit\LocalVariableEditor.cpp">
      <Filter>src</Filter>
    </ClCompile>
    <ClCompile Include="..\..\..\phantom\qt\jit\pch.cpp">
      <Filter>src</Filter>
    </ClCompile>
    <ClCompile Include="..\..\..\phantom\qt\jit\CallStackView.cpp">
      <Filter>src</Filter>
    </ClCompile>
    <ClCompile Include="..\..\..\phantom\qt\jit\qt_jit.cpp">
      <Filter>src</Filter>
    </ClCompile>
    <ClCompile Include="GeneratedFiles\Debug\moc_CallStackView.cpp">
      <Filter>Generated Files\Debug</Filter>
    </ClCompile>
    <ClCompile Include="GeneratedFiles\Release\moc_CallStackView.cpp">
      <Filter>Generated Files\Release</Filter>
    </ClCompile>
    <ClCompile Include="GeneratedFiles\Debug\moc_LocalVariableEditor.cpp">
      <Filter>Generated Files\Debug</Filter>
    </ClCompile>
    <ClCompile Include="GeneratedFiles\Release\moc_LocalVariableEditor.cpp">
      <Filter>Generated Files\Release</Filter>
    </ClCompile>
    <ClCompile Include="GeneratedFiles\Debug\moc_LocalVariableManager.cpp">
      <Filter>Generated Files\Debug</Filter>
    </ClCompile>
    <ClCompile Include="GeneratedFiles\Release\moc_LocalVariableManager.cpp">
      <Filter>Generated Files\Release</Filter>
    </ClCompile>
  </ItemGroup>
  <ItemGroup>
    <CustomBuild Include="..\..\..\phantom\qt\jit\LocalVariableManager.h">
      <Filter>src</Filter>
    </CustomBuild>
    <CustomBuild Include="..\..\..\phantom\qt\jit\LocalVariableEditor.h">
      <Filter>src</Filter>
    </CustomBuild>
    <CustomBuild Include="..\..\..\phantom\qt\jit\CallStackView.h">
      <Filter>src</Filter>
    </CustomBuild>
    <CustomBuild Include="..\..\..\phantom\qt\jit\LocalVariableManager.hxx">
      <Filter>src</Filter>
    </CustomBuild>
    <CustomBuild Include="..\..\..\phantom\qt\jit\CallStackView.hxx">
      <Filter>src</Filter>
    </CustomBuild>
    <CustomBuild Include="..\..\..\phantom\qt\jit\LocalVariableEditor.hxx">
      <Filter>src</Filter>
    </CustomBuild>
  </ItemGroup>
  <ItemGroup>
    <ClInclude Include="..\..\..\phantom\qt\jit\qt_jit.h">
      <Filter>src</Filter>
    </ClInclude>
  </ItemGroup>
</Project>